// !$*UTF8*$!
{
	archiveVersion = 1;
	classes = {
	};
	objectVersion = 46;
	objects = {

/* Begin PBXBuildFile section */
		1D03C5B0202306090007C46B /* LoginModel.m in Sources */ = {isa = PBXBuildFile; fileRef = 1D03C5AF202306090007C46B /* LoginModel.m */; };
		1D0A80BE2052988C0080600B /* WZKAnimation.m in Sources */ = {isa = PBXBuildFile; fileRef = 1D0A80BD2052988C0080600B /* WZKAnimation.m */; };
		1D1AA62B1F5924F300A591E8 /* BaseTableView.m in Sources */ = {isa = PBXBuildFile; fileRef = 1D1AA62A1F5924F300A591E8 /* BaseTableView.m */; };
		1D1AA62E1F59250400A591E8 /* BaseTableViewCell.m in Sources */ = {isa = PBXBuildFile; fileRef = 1D1AA62D1F59250400A591E8 /* BaseTableViewCell.m */; };
		1D2B818820734D5500AABEF2 /* RunLoopTime.m in Sources */ = {isa = PBXBuildFile; fileRef = 1D2B818720734D5500AABEF2 /* RunLoopTime.m */; };
		1D2DDC93200C46E8005E8F53 /* NSData+Base64.m in Sources */ = {isa = PBXBuildFile; fileRef = 1D2DDC8E200C46E8005E8F53 /* NSData+Base64.m */; };
		1D2DDC94200C46E8005E8F53 /* NSString+Base64.m in Sources */ = {isa = PBXBuildFile; fileRef = 1D2DDC90200C46E8005E8F53 /* NSString+Base64.m */; };
		1D2DDC95200C46E8005E8F53 /* RSAEncryptor.m in Sources */ = {isa = PBXBuildFile; fileRef = 1D2DDC92200C46E8005E8F53 /* RSAEncryptor.m */; };
		1D2DDC99200C46ED005E8F53 /* CodeResourcesClass.m in Sources */ = {isa = PBXBuildFile; fileRef = 1D2DDC98200C46ED005E8F53 /* CodeResourcesClass.m */; };
		1D48BEC4204F8ED800F7A9DA /* StudyBlock.m in Sources */ = {isa = PBXBuildFile; fileRef = 1D48BEC3204F8ED800F7A9DA /* StudyBlock.m */; };
		1D48BEC7204F990200F7A9DA /* StudyRunTime.m in Sources */ = {isa = PBXBuildFile; fileRef = 1D48BEC6204F990200F7A9DA /* StudyRunTime.m */; };
		1D48BECA204FD83700F7A9DA /* StudyGCD.m in Sources */ = {isa = PBXBuildFile; fileRef = 1D48BEC9204FD83700F7A9DA /* StudyGCD.m */; };
		1D4ACCFC2061FDE100C2A92B /* StudyRACView.m in Sources */ = {isa = PBXBuildFile; fileRef = 1D4ACCFB2061FDE100C2A92B /* StudyRACView.m */; };
		1D4ACCFF2061FE0200C2A92B /* StudyRACViewModel.m in Sources */ = {isa = PBXBuildFile; fileRef = 1D4ACCFE2061FE0200C2A92B /* StudyRACViewModel.m */; };
		1D5DC4172016E9A300AA7A4E /* Presents.plist in Resources */ = {isa = PBXBuildFile; fileRef = 1D5DC4162016E9A300AA7A4E /* Presents.plist */; };
		1D5ECEF41F66257D00370606 /* ExcelRightView.m in Sources */ = {isa = PBXBuildFile; fileRef = 1D5ECEF31F66257D00370606 /* ExcelRightView.m */; };
		1D678CF4200DCBDF00200B29 /* ColorConfig.m in Sources */ = {isa = PBXBuildFile; fileRef = 1D678CF3200DCBDF00200B29 /* ColorConfig.m */; };
		1D678CF7200DCC0700200B29 /* FontConfig.m in Sources */ = {isa = PBXBuildFile; fileRef = 1D678CF6200DCC0700200B29 /* FontConfig.m */; };
		1D748E731F62484500F6E41E /* ScanQRCodeViewController.m in Sources */ = {isa = PBXBuildFile; fileRef = 1D748E711F62484500F6E41E /* ScanQRCodeViewController.m */; };
		1D748E741F62484500F6E41E /* ScanQRCodeViewController.xib in Resources */ = {isa = PBXBuildFile; fileRef = 1D748E721F62484500F6E41E /* ScanQRCodeViewController.xib */; };
		1D748E821F62788600F6E41E /* ExcelCell.m in Sources */ = {isa = PBXBuildFile; fileRef = 1D748E7B1F62788600F6E41E /* ExcelCell.m */; };
		1D748E831F62788600F6E41E /* ExcelLeftView.m in Sources */ = {isa = PBXBuildFile; fileRef = 1D748E7D1F62788600F6E41E /* ExcelLeftView.m */; };
		1D748E841F62788600F6E41E /* ExcelView.m in Sources */ = {isa = PBXBuildFile; fileRef = 1D748E7F1F62788600F6E41E /* ExcelView.m */; };
		1D748E851F62788600F6E41E /* SubtypeView.m in Sources */ = {isa = PBXBuildFile; fileRef = 1D748E811F62788600F6E41E /* SubtypeView.m */; };
		1D7E9B1C1EEE8D34008F18BF /* main.m in Sources */ = {isa = PBXBuildFile; fileRef = 1D7E9B1B1EEE8D34008F18BF /* main.m */; };
		1D7E9B1F1EEE8D34008F18BF /* AppDelegate.m in Sources */ = {isa = PBXBuildFile; fileRef = 1D7E9B1E1EEE8D34008F18BF /* AppDelegate.m */; };
		1D7E9B221EEE8D34008F18BF /* ViewController.m in Sources */ = {isa = PBXBuildFile; fileRef = 1D7E9B211EEE8D34008F18BF /* ViewController.m */; };
		1D7E9B251EEE8D34008F18BF /* Main.storyboard in Resources */ = {isa = PBXBuildFile; fileRef = 1D7E9B231EEE8D34008F18BF /* Main.storyboard */; };
		1D7E9B271EEE8D34008F18BF /* Assets.xcassets in Resources */ = {isa = PBXBuildFile; fileRef = 1D7E9B261EEE8D34008F18BF /* Assets.xcassets */; };
		1D7E9B2A1EEE8D34008F18BF /* LaunchScreen.storyboard in Resources */ = {isa = PBXBuildFile; fileRef = 1D7E9B281EEE8D34008F18BF /* LaunchScreen.storyboard */; };
		1D7E9B351EEE8D34008F18BF /* PodProductTests.m in Sources */ = {isa = PBXBuildFile; fileRef = 1D7E9B341EEE8D34008F18BF /* PodProductTests.m */; };
		1D7E9B401EEE8D34008F18BF /* PodProductUITests.m in Sources */ = {isa = PBXBuildFile; fileRef = 1D7E9B3F1EEE8D34008F18BF /* PodProductUITests.m */; };
		1D822623212A6499002D3EA0 /* AbstractFactoryPatternDemo.m in Sources */ = {isa = PBXBuildFile; fileRef = 1D822609212A6499002D3EA0 /* AbstractFactoryPatternDemo.m */; };
		1D822624212A6499002D3EA0 /* Blue.m in Sources */ = {isa = PBXBuildFile; fileRef = 1D82260C212A6499002D3EA0 /* Blue.m */; };
		1D822625212A6499002D3EA0 /* Green.m in Sources */ = {isa = PBXBuildFile; fileRef = 1D82260F212A6499002D3EA0 /* Green.m */; };
		1D822626212A6499002D3EA0 /* Red.m in Sources */ = {isa = PBXBuildFile; fileRef = 1D822611212A6499002D3EA0 /* Red.m */; };
		1D822627212A6499002D3EA0 /* AbstractFactory.m in Sources */ = {isa = PBXBuildFile; fileRef = 1D822614212A6499002D3EA0 /* AbstractFactory.m */; };
		1D822628212A6499002D3EA0 /* ColorFactory.m in Sources */ = {isa = PBXBuildFile; fileRef = 1D822616212A6499002D3EA0 /* ColorFactory.m */; };
		1D822629212A6499002D3EA0 /* ShapeFactory.m in Sources */ = {isa = PBXBuildFile; fileRef = 1D822618212A6499002D3EA0 /* ShapeFactory.m */; };
		1D82262A212A6499002D3EA0 /* FactoryProducer.m in Sources */ = {isa = PBXBuildFile; fileRef = 1D82261A212A6499002D3EA0 /* FactoryProducer.m */; };
		1D82262B212A6499002D3EA0 /* Circle.m in Sources */ = {isa = PBXBuildFile; fileRef = 1D82261D212A6499002D3EA0 /* Circle.m */; };
		1D82262C212A6499002D3EA0 /* Rectangle.m in Sources */ = {isa = PBXBuildFile; fileRef = 1D82261F212A6499002D3EA0 /* Rectangle.m */; };
		1D82262D212A6499002D3EA0 /* Square.m in Sources */ = {isa = PBXBuildFile; fileRef = 1D822622212A6499002D3EA0 /* Square.m */; };
		1D822630212A64BB002D3EA0 /* SingleObject.m in Sources */ = {isa = PBXBuildFile; fileRef = 1D82262F212A64BB002D3EA0 /* SingleObject.m */; };
		1D822631212A678D002D3EA0 /* SingleObject.m in Sources */ = {isa = PBXBuildFile; fileRef = 1D82262F212A64BB002D3EA0 /* SingleObject.m */; };
		1D822632212A678D002D3EA0 /* SingleObject.m in Sources */ = {isa = PBXBuildFile; fileRef = 1D82262F212A64BB002D3EA0 /* SingleObject.m */; };
		1D822640212A8661002D3EA0 /* Burger.m in Sources */ = {isa = PBXBuildFile; fileRef = 1D82263F212A8661002D3EA0 /* Burger.m */; };
		1D822643212A87D9002D3EA0 /* ColdDrink.m in Sources */ = {isa = PBXBuildFile; fileRef = 1D822642212A87D9002D3EA0 /* ColdDrink.m */; };
		1D822646212A8866002D3EA0 /* VegBurger.m in Sources */ = {isa = PBXBuildFile; fileRef = 1D822645212A8866002D3EA0 /* VegBurger.m */; };
		1D822649212A88C4002D3EA0 /* ChickenBurger.m in Sources */ = {isa = PBXBuildFile; fileRef = 1D822648212A88C4002D3EA0 /* ChickenBurger.m */; };
		1D82264C212A8B62002D3EA0 /* Coke.m in Sources */ = {isa = PBXBuildFile; fileRef = 1D82264B212A8B62002D3EA0 /* Coke.m */; };
		1D82264F212A8D06002D3EA0 /* Pepsi.m in Sources */ = {isa = PBXBuildFile; fileRef = 1D82264E212A8D06002D3EA0 /* Pepsi.m */; };
		1D822652212A8D33002D3EA0 /* Meal.m in Sources */ = {isa = PBXBuildFile; fileRef = 1D822651212A8D33002D3EA0 /* Meal.m */; };
		1D822655212A90DB002D3EA0 /* MealBuilder.m in Sources */ = {isa = PBXBuildFile; fileRef = 1D822654212A90DB002D3EA0 /* MealBuilder.m */; };
		1D822658212A936F002D3EA0 /* BuilderPatternDemo.m in Sources */ = {isa = PBXBuildFile; fileRef = 1D822657212A936F002D3EA0 /* BuilderPatternDemo.m */; };
		1D8E158520523A520031B19D /* ExcelViewController.m in Sources */ = {isa = PBXBuildFile; fileRef = 1D8E158420523A520031B19D /* ExcelViewController.m */; };
		1D8E158920523A9B0031B19D /* LoginVC.m in Sources */ = {isa = PBXBuildFile; fileRef = 1D8E158720523A9B0031B19D /* LoginVC.m */; };
		1D8E158A20523A9B0031B19D /* LoginVC.xib in Resources */ = {isa = PBXBuildFile; fileRef = 1D8E158820523A9B0031B19D /* LoginVC.xib */; };
		1D8E158D2052533A0031B19D /* LoginVM.m in Sources */ = {isa = PBXBuildFile; fileRef = 1D8E158C2052533A0031B19D /* LoginVM.m */; };
		1D9AC59A205B651B002ABE58 /* StudyRACModel.m in Sources */ = {isa = PBXBuildFile; fileRef = 1D9AC599205B651B002ABE58 /* StudyRACModel.m */; };
		1DA1D52A1FB02CD3003FEB38 /* NSNumber+Format.m in Sources */ = {isa = PBXBuildFile; fileRef = 1DA1D5211FB02CD3003FEB38 /* NSNumber+Format.m */; };
		1DA1D52B1FB02CD3003FEB38 /* NSString+Extension.m in Sources */ = {isa = PBXBuildFile; fileRef = 1DA1D5231FB02CD3003FEB38 /* NSString+Extension.m */; };
		1DA1D52C1FB02CD3003FEB38 /* UIColor+HexColor.m in Sources */ = {isa = PBXBuildFile; fileRef = 1DA1D5251FB02CD3003FEB38 /* UIColor+HexColor.m */; };
		1DA1D52D1FB02CD3003FEB38 /* UIImage+Extension.m in Sources */ = {isa = PBXBuildFile; fileRef = 1DA1D5271FB02CD3003FEB38 /* UIImage+Extension.m */; };
		1DA1D52E1FB02CD4003FEB38 /* UIView+Extension.m in Sources */ = {isa = PBXBuildFile; fileRef = 1DA1D5291FB02CD3003FEB38 /* UIView+Extension.m */; };
		1DA5063D1FD4FA2200C48CFE /* WZKTests.m in Sources */ = {isa = PBXBuildFile; fileRef = 1DA5063C1FD4FA2200C48CFE /* WZKTests.m */; };
		1DA672FC1EF0F5E0007C2348 /* BaseTextField.m in Sources */ = {isa = PBXBuildFile; fileRef = 1DA672FB1EF0F5E0007C2348 /* BaseTextField.m */; };
		1DA672FF1EF0F5F3007C2348 /* BaseTextView.m in Sources */ = {isa = PBXBuildFile; fileRef = 1DA672FE1EF0F5F3007C2348 /* BaseTextView.m */; };
		1DA673031EF11AAF007C2348 /* IconFontImageView.m in Sources */ = {isa = PBXBuildFile; fileRef = 1DA673021EF11AAF007C2348 /* IconFontImageView.m */; };
		1DB93ABB1EEFE09D00A6BAD7 /* HUDView.m in Sources */ = {isa = PBXBuildFile; fileRef = 1DB93ABA1EEFE09D00A6BAD7 /* HUDView.m */; };
		1DB93AC71EEFE12F00A6BAD7 /* NetworkManage.m in Sources */ = {isa = PBXBuildFile; fileRef = 1DB93AC61EEFE12F00A6BAD7 /* NetworkManage.m */; };
		1DB93ACA1EEFE14700A6BAD7 /* TimeStampToString.m in Sources */ = {isa = PBXBuildFile; fileRef = 1DB93AC91EEFE14700A6BAD7 /* TimeStampToString.m */; };
		1DB93ACE1EEFE5E400A6BAD7 /* BaseButton.m in Sources */ = {isa = PBXBuildFile; fileRef = 1DB93ACD1EEFE5E400A6BAD7 /* BaseButton.m */; };
		1DB93AD11EEFE5F600A6BAD7 /* BaseLabel.m in Sources */ = {isa = PBXBuildFile; fileRef = 1DB93AD01EEFE5F600A6BAD7 /* BaseLabel.m */; };
		1DB93AD41EEFE60800A6BAD7 /* BaseImageView.m in Sources */ = {isa = PBXBuildFile; fileRef = 1DB93AD31EEFE60800A6BAD7 /* BaseImageView.m */; };
		1DB93AD71EEFE61D00A6BAD7 /* BaseViewController.m in Sources */ = {isa = PBXBuildFile; fileRef = 1DB93AD61EEFE61D00A6BAD7 /* BaseViewController.m */; };
		1DB93ADA1EEFE64600A6BAD7 /* BaseNavigateController.m in Sources */ = {isa = PBXBuildFile; fileRef = 1DB93AD91EEFE64600A6BAD7 /* BaseNavigateController.m */; };
		1DB93ADD1EEFE74400A6BAD7 /* BaseTabBarController.m in Sources */ = {isa = PBXBuildFile; fileRef = 1DB93ADC1EEFE74400A6BAD7 /* BaseTabBarController.m */; };
		1DBA008C205A7C1D0019DB1A /* PathAndFiled.m in Sources */ = {isa = PBXBuildFile; fileRef = 1DBA0081205A7C1C0019DB1A /* PathAndFiled.m */; };
		1DBA008D205A7C1D0019DB1A /* PhotoImage.m in Sources */ = {isa = PBXBuildFile; fileRef = 1DBA0083205A7C1C0019DB1A /* PhotoImage.m */; };
		1DBA008E205A7C1D0019DB1A /* sound.plist in Resources */ = {isa = PBXBuildFile; fileRef = 1DBA0084205A7C1C0019DB1A /* sound.plist */; };
		1DBA008F205A7C1D0019DB1A /* CallSMS.m in Sources */ = {isa = PBXBuildFile; fileRef = 1DBA0085205A7C1C0019DB1A /* CallSMS.m */; };
		1DBA0090205A7C1D0019DB1A /* UIDevice+Hardware.m in Sources */ = {isa = PBXBuildFile; fileRef = 1DBA0086205A7C1D0019DB1A /* UIDevice+Hardware.m */; };
		1DBA0091205A7C1D0019DB1A /* AudioMethod.m in Sources */ = {isa = PBXBuildFile; fileRef = 1DBA0088205A7C1D0019DB1A /* AudioMethod.m */; };
		1DC9F5E11F6781410088275C /* ExcelContentView.m in Sources */ = {isa = PBXBuildFile; fileRef = 1DC9F5E01F6781410088275C /* ExcelContentView.m */; };
		1DF3C18A1F163AB900EC8155 /* demo.css in Resources */ = {isa = PBXBuildFile; fileRef = 1DF3C1801F163AB900EC8155 /* demo.css */; };
		1DF3C18B1F163AB900EC8155 /* demo_fontclass.html in Resources */ = {isa = PBXBuildFile; fileRef = 1DF3C1811F163AB900EC8155 /* demo_fontclass.html */; };
		1DF3C18C1F163AB900EC8155 /* demo_symbol.html in Resources */ = {isa = PBXBuildFile; fileRef = 1DF3C1821F163AB900EC8155 /* demo_symbol.html */; };
		1DF3C18D1F163AB900EC8155 /* demo_unicode.html in Resources */ = {isa = PBXBuildFile; fileRef = 1DF3C1831F163AB900EC8155 /* demo_unicode.html */; };
		1DF3C18E1F163AB900EC8155 /* iconfont.css in Resources */ = {isa = PBXBuildFile; fileRef = 1DF3C1841F163AB900EC8155 /* iconfont.css */; };
		1DF3C18F1F163AB900EC8155 /* iconfont.eot in Resources */ = {isa = PBXBuildFile; fileRef = 1DF3C1851F163AB900EC8155 /* iconfont.eot */; };
		1DF3C1901F163AB900EC8155 /* iconfont.js in Resources */ = {isa = PBXBuildFile; fileRef = 1DF3C1861F163AB900EC8155 /* iconfont.js */; };
		1DF3C1911F163AB900EC8155 /* iconfont.svg in Resources */ = {isa = PBXBuildFile; fileRef = 1DF3C1871F163AB900EC8155 /* iconfont.svg */; };
		1DF3C1921F163AB900EC8155 /* iconfont.ttf in Resources */ = {isa = PBXBuildFile; fileRef = 1DF3C1881F163AB900EC8155 /* iconfont.ttf */; };
		1DF3C1931F163AB900EC8155 /* iconfont.woff in Resources */ = {isa = PBXBuildFile; fileRef = 1DF3C1891F163AB900EC8155 /* iconfont.woff */; };
		1DF50209212AC9D6002C87BA /* Bottle.m in Sources */ = {isa = PBXBuildFile; fileRef = 1DF50205212AC9D6002C87BA /* Bottle.m */; };
		1DF5020A212AC9D6002C87BA /* Wrapper.m in Sources */ = {isa = PBXBuildFile; fileRef = 1DF50208212AC9D6002C87BA /* Wrapper.m */; };
		A95660C888921491DF5CA4C8 /* libPods-PodProduct.a in Frameworks */ = {isa = PBXBuildFile; fileRef = 82890BD67DF50D42652E4BCD /* libPods-PodProduct.a */; };
/* End PBXBuildFile section */

/* Begin PBXContainerItemProxy section */
		1D7E9B311EEE8D34008F18BF /* PBXContainerItemProxy */ = {
			isa = PBXContainerItemProxy;
			containerPortal = 1D7E9B0F1EEE8D34008F18BF /* Project object */;
			proxyType = 1;
			remoteGlobalIDString = 1D7E9B161EEE8D34008F18BF;
			remoteInfo = PodProduct;
		};
		1D7E9B3C1EEE8D34008F18BF /* PBXContainerItemProxy */ = {
			isa = PBXContainerItemProxy;
			containerPortal = 1D7E9B0F1EEE8D34008F18BF /* Project object */;
			proxyType = 1;
			remoteGlobalIDString = 1D7E9B161EEE8D34008F18BF;
			remoteInfo = PodProduct;
		};
/* End PBXContainerItemProxy section */

/* Begin PBXCopyFilesBuildPhase section */
		1D353C481F3AFA220021FE15 /* Embed App Extensions */ = {
			isa = PBXCopyFilesBuildPhase;
			buildActionMask = 2147483647;
			dstPath = "";
			dstSubfolderSpec = 13;
			files = (
			);
			name = "Embed App Extensions";
			runOnlyForDeploymentPostprocessing = 0;
		};
		1D8E15C0205257DC0031B19D /* Embed Frameworks */ = {
			isa = PBXCopyFilesBuildPhase;
			buildActionMask = 2147483647;
			dstPath = "";
			dstSubfolderSpec = 10;
			files = (
			);
			name = "Embed Frameworks";
			runOnlyForDeploymentPostprocessing = 0;
		};
/* End PBXCopyFilesBuildPhase section */

/* Begin PBXFileReference section */
		1D03C5AE202306090007C46B /* LoginModel.h */ = {isa = PBXFileReference; lastKnownFileType = sourcecode.c.h; path = LoginModel.h; sourceTree = "<group>"; };
		1D03C5AF202306090007C46B /* LoginModel.m */ = {isa = PBXFileReference; lastKnownFileType = sourcecode.c.objc; path = LoginModel.m; sourceTree = "<group>"; };
		1D0A80BC2052988C0080600B /* WZKAnimation.h */ = {isa = PBXFileReference; fileEncoding = 4; lastKnownFileType = sourcecode.c.h; path = WZKAnimation.h; sourceTree = "<group>"; };
		1D0A80BD2052988C0080600B /* WZKAnimation.m */ = {isa = PBXFileReference; fileEncoding = 4; lastKnownFileType = sourcecode.c.objc; path = WZKAnimation.m; sourceTree = "<group>"; };
		1D1AA6291F5924F300A591E8 /* BaseTableView.h */ = {isa = PBXFileReference; fileEncoding = 4; lastKnownFileType = sourcecode.c.h; path = BaseTableView.h; sourceTree = "<group>"; };
		1D1AA62A1F5924F300A591E8 /* BaseTableView.m */ = {isa = PBXFileReference; fileEncoding = 4; lastKnownFileType = sourcecode.c.objc; path = BaseTableView.m; sourceTree = "<group>"; };
		1D1AA62C1F59250300A591E8 /* BaseTableViewCell.h */ = {isa = PBXFileReference; fileEncoding = 4; lastKnownFileType = sourcecode.c.h; path = BaseTableViewCell.h; sourceTree = "<group>"; };
		1D1AA62D1F59250400A591E8 /* BaseTableViewCell.m */ = {isa = PBXFileReference; fileEncoding = 4; lastKnownFileType = sourcecode.c.objc; path = BaseTableViewCell.m; sourceTree = "<group>"; };
		1D1AA62F1F59274A00A591E8 /* BaseUIKit.h */ = {isa = PBXFileReference; lastKnownFileType = sourcecode.c.h; path = BaseUIKit.h; sourceTree = "<group>"; };
		1D1AA6301F5927BB00A591E8 /* PodLibraryHeader.h */ = {isa = PBXFileReference; lastKnownFileType = sourcecode.c.h; path = PodLibraryHeader.h; sourceTree = "<group>"; };
		1D2B818620734D5500AABEF2 /* RunLoopTime.h */ = {isa = PBXFileReference; lastKnownFileType = sourcecode.c.h; path = RunLoopTime.h; sourceTree = "<group>"; };
		1D2B818720734D5500AABEF2 /* RunLoopTime.m */ = {isa = PBXFileReference; lastKnownFileType = sourcecode.c.objc; path = RunLoopTime.m; sourceTree = "<group>"; };
		1D2DDC8D200C46E8005E8F53 /* NSData+Base64.h */ = {isa = PBXFileReference; fileEncoding = 4; lastKnownFileType = sourcecode.c.h; path = "NSData+Base64.h"; sourceTree = "<group>"; };
		1D2DDC8E200C46E8005E8F53 /* NSData+Base64.m */ = {isa = PBXFileReference; fileEncoding = 4; lastKnownFileType = sourcecode.c.objc; path = "NSData+Base64.m"; sourceTree = "<group>"; };
		1D2DDC8F200C46E8005E8F53 /* NSString+Base64.h */ = {isa = PBXFileReference; fileEncoding = 4; lastKnownFileType = sourcecode.c.h; path = "NSString+Base64.h"; sourceTree = "<group>"; };
		1D2DDC90200C46E8005E8F53 /* NSString+Base64.m */ = {isa = PBXFileReference; fileEncoding = 4; lastKnownFileType = sourcecode.c.objc; path = "NSString+Base64.m"; sourceTree = "<group>"; };
		1D2DDC91200C46E8005E8F53 /* RSAEncryptor.h */ = {isa = PBXFileReference; fileEncoding = 4; lastKnownFileType = sourcecode.c.h; path = RSAEncryptor.h; sourceTree = "<group>"; };
		1D2DDC92200C46E8005E8F53 /* RSAEncryptor.m */ = {isa = PBXFileReference; fileEncoding = 4; lastKnownFileType = sourcecode.c.objc; path = RSAEncryptor.m; sourceTree = "<group>"; };
		1D2DDC97200C46ED005E8F53 /* CodeResourcesClass.h */ = {isa = PBXFileReference; fileEncoding = 4; lastKnownFileType = sourcecode.c.h; path = CodeResourcesClass.h; sourceTree = "<group>"; };
		1D2DDC98200C46ED005E8F53 /* CodeResourcesClass.m */ = {isa = PBXFileReference; fileEncoding = 4; lastKnownFileType = sourcecode.c.objc; path = CodeResourcesClass.m; sourceTree = "<group>"; };
		1D353C381F3AFA220021FE15 /* NotificationCenter.framework */ = {isa = PBXFileReference; lastKnownFileType = wrapper.framework; name = NotificationCenter.framework; path = System/Library/Frameworks/NotificationCenter.framework; sourceTree = SDKROOT; };
		1D48BEC2204F8ED800F7A9DA /* StudyBlock.h */ = {isa = PBXFileReference; lastKnownFileType = sourcecode.c.h; path = StudyBlock.h; sourceTree = "<group>"; };
		1D48BEC3204F8ED800F7A9DA /* StudyBlock.m */ = {isa = PBXFileReference; lastKnownFileType = sourcecode.c.objc; path = StudyBlock.m; sourceTree = "<group>"; };
		1D48BEC5204F990200F7A9DA /* StudyRunTime.h */ = {isa = PBXFileReference; lastKnownFileType = sourcecode.c.h; path = StudyRunTime.h; sourceTree = "<group>"; };
		1D48BEC6204F990200F7A9DA /* StudyRunTime.m */ = {isa = PBXFileReference; lastKnownFileType = sourcecode.c.objc; path = StudyRunTime.m; sourceTree = "<group>"; };
		1D48BEC8204FD83700F7A9DA /* StudyGCD.h */ = {isa = PBXFileReference; lastKnownFileType = sourcecode.c.h; path = StudyGCD.h; sourceTree = "<group>"; };
		1D48BEC9204FD83700F7A9DA /* StudyGCD.m */ = {isa = PBXFileReference; lastKnownFileType = sourcecode.c.objc; path = StudyGCD.m; sourceTree = "<group>"; };
		1D4ACCFA2061FDE100C2A92B /* StudyRACView.h */ = {isa = PBXFileReference; lastKnownFileType = sourcecode.c.h; path = StudyRACView.h; sourceTree = "<group>"; };
		1D4ACCFB2061FDE100C2A92B /* StudyRACView.m */ = {isa = PBXFileReference; lastKnownFileType = sourcecode.c.objc; path = StudyRACView.m; sourceTree = "<group>"; };
		1D4ACCFD2061FE0200C2A92B /* StudyRACViewModel.h */ = {isa = PBXFileReference; lastKnownFileType = sourcecode.c.h; path = StudyRACViewModel.h; sourceTree = "<group>"; };
		1D4ACCFE2061FE0200C2A92B /* StudyRACViewModel.m */ = {isa = PBXFileReference; lastKnownFileType = sourcecode.c.objc; path = StudyRACViewModel.m; sourceTree = "<group>"; };
		1D55452E1EEFC90600180BA7 /* RequestHead.h */ = {isa = PBXFileReference; lastKnownFileType = sourcecode.c.h; path = RequestHead.h; sourceTree = "<group>"; };
		1D5DC3DC2016E19E00AA7A4E /* PrefixHeader.pch */ = {isa = PBXFileReference; lastKnownFileType = sourcecode.c.h; path = PrefixHeader.pch; sourceTree = "<group>"; };
		1D5DC4162016E9A300AA7A4E /* Presents.plist */ = {isa = PBXFileReference; fileEncoding = 4; lastKnownFileType = text.plist.xml; path = Presents.plist; sourceTree = "<group>"; };
		1D5ECEF21F66257D00370606 /* ExcelRightView.h */ = {isa = PBXFileReference; fileEncoding = 4; lastKnownFileType = sourcecode.c.h; path = ExcelRightView.h; sourceTree = "<group>"; };
		1D5ECEF31F66257D00370606 /* ExcelRightView.m */ = {isa = PBXFileReference; fileEncoding = 4; lastKnownFileType = sourcecode.c.objc; path = ExcelRightView.m; sourceTree = "<group>"; };
		1D678CF2200DCBDF00200B29 /* ColorConfig.h */ = {isa = PBXFileReference; lastKnownFileType = sourcecode.c.h; path = ColorConfig.h; sourceTree = "<group>"; };
		1D678CF3200DCBDF00200B29 /* ColorConfig.m */ = {isa = PBXFileReference; lastKnownFileType = sourcecode.c.objc; path = ColorConfig.m; sourceTree = "<group>"; };
		1D678CF5200DCC0700200B29 /* FontConfig.h */ = {isa = PBXFileReference; lastKnownFileType = sourcecode.c.h; path = FontConfig.h; sourceTree = "<group>"; };
		1D678CF6200DCC0700200B29 /* FontConfig.m */ = {isa = PBXFileReference; lastKnownFileType = sourcecode.c.objc; path = FontConfig.m; sourceTree = "<group>"; };
		1D748E701F62484500F6E41E /* ScanQRCodeViewController.h */ = {isa = PBXFileReference; fileEncoding = 4; lastKnownFileType = sourcecode.c.h; path = ScanQRCodeViewController.h; sourceTree = "<group>"; };
		1D748E711F62484500F6E41E /* ScanQRCodeViewController.m */ = {isa = PBXFileReference; fileEncoding = 4; lastKnownFileType = sourcecode.c.objc; path = ScanQRCodeViewController.m; sourceTree = "<group>"; };
		1D748E721F62484500F6E41E /* ScanQRCodeViewController.xib */ = {isa = PBXFileReference; fileEncoding = 4; lastKnownFileType = file.xib; path = ScanQRCodeViewController.xib; sourceTree = "<group>"; };
		1D748E791F62788600F6E41E /* Constant.h */ = {isa = PBXFileReference; fileEncoding = 4; lastKnownFileType = sourcecode.c.h; path = Constant.h; sourceTree = "<group>"; };
		1D748E7A1F62788600F6E41E /* ExcelCell.h */ = {isa = PBXFileReference; fileEncoding = 4; lastKnownFileType = sourcecode.c.h; path = ExcelCell.h; sourceTree = "<group>"; };
		1D748E7B1F62788600F6E41E /* ExcelCell.m */ = {isa = PBXFileReference; fileEncoding = 4; lastKnownFileType = sourcecode.c.objc; path = ExcelCell.m; sourceTree = "<group>"; };
		1D748E7C1F62788600F6E41E /* ExcelLeftView.h */ = {isa = PBXFileReference; fileEncoding = 4; lastKnownFileType = sourcecode.c.h; path = ExcelLeftView.h; sourceTree = "<group>"; };
		1D748E7D1F62788600F6E41E /* ExcelLeftView.m */ = {isa = PBXFileReference; fileEncoding = 4; lastKnownFileType = sourcecode.c.objc; path = ExcelLeftView.m; sourceTree = "<group>"; };
		1D748E7E1F62788600F6E41E /* ExcelView.h */ = {isa = PBXFileReference; fileEncoding = 4; lastKnownFileType = sourcecode.c.h; path = ExcelView.h; sourceTree = "<group>"; };
		1D748E7F1F62788600F6E41E /* ExcelView.m */ = {isa = PBXFileReference; fileEncoding = 4; lastKnownFileType = sourcecode.c.objc; path = ExcelView.m; sourceTree = "<group>"; };
		1D748E801F62788600F6E41E /* SubtypeView.h */ = {isa = PBXFileReference; fileEncoding = 4; lastKnownFileType = sourcecode.c.h; path = SubtypeView.h; sourceTree = "<group>"; };
		1D748E811F62788600F6E41E /* SubtypeView.m */ = {isa = PBXFileReference; fileEncoding = 4; lastKnownFileType = sourcecode.c.objc; path = SubtypeView.m; sourceTree = "<group>"; };
		1D7E9B171EEE8D34008F18BF /* PodProduct.app */ = {isa = PBXFileReference; explicitFileType = wrapper.application; includeInIndex = 0; path = PodProduct.app; sourceTree = BUILT_PRODUCTS_DIR; };
		1D7E9B1B1EEE8D34008F18BF /* main.m */ = {isa = PBXFileReference; lastKnownFileType = sourcecode.c.objc; path = main.m; sourceTree = "<group>"; };
		1D7E9B1D1EEE8D34008F18BF /* AppDelegate.h */ = {isa = PBXFileReference; lastKnownFileType = sourcecode.c.h; path = AppDelegate.h; sourceTree = "<group>"; };
		1D7E9B1E1EEE8D34008F18BF /* AppDelegate.m */ = {isa = PBXFileReference; lastKnownFileType = sourcecode.c.objc; path = AppDelegate.m; sourceTree = "<group>"; };
		1D7E9B201EEE8D34008F18BF /* ViewController.h */ = {isa = PBXFileReference; lastKnownFileType = sourcecode.c.h; path = ViewController.h; sourceTree = "<group>"; };
		1D7E9B211EEE8D34008F18BF /* ViewController.m */ = {isa = PBXFileReference; lastKnownFileType = sourcecode.c.objc; path = ViewController.m; sourceTree = "<group>"; };
		1D7E9B241EEE8D34008F18BF /* Base */ = {isa = PBXFileReference; lastKnownFileType = file.storyboard; name = Base; path = Base.lproj/Main.storyboard; sourceTree = "<group>"; };
		1D7E9B261EEE8D34008F18BF /* Assets.xcassets */ = {isa = PBXFileReference; lastKnownFileType = folder.assetcatalog; path = Assets.xcassets; sourceTree = "<group>"; };
		1D7E9B291EEE8D34008F18BF /* Base */ = {isa = PBXFileReference; lastKnownFileType = file.storyboard; name = Base; path = Base.lproj/LaunchScreen.storyboard; sourceTree = "<group>"; };
		1D7E9B2B1EEE8D34008F18BF /* Info.plist */ = {isa = PBXFileReference; lastKnownFileType = text.plist.xml; path = Info.plist; sourceTree = "<group>"; };
		1D7E9B301EEE8D34008F18BF /* PodProductTests.xctest */ = {isa = PBXFileReference; explicitFileType = wrapper.cfbundle; includeInIndex = 0; path = PodProductTests.xctest; sourceTree = BUILT_PRODUCTS_DIR; };
		1D7E9B341EEE8D34008F18BF /* PodProductTests.m */ = {isa = PBXFileReference; lastKnownFileType = sourcecode.c.objc; path = PodProductTests.m; sourceTree = "<group>"; };
		1D7E9B361EEE8D34008F18BF /* Info.plist */ = {isa = PBXFileReference; lastKnownFileType = text.plist.xml; path = Info.plist; sourceTree = "<group>"; };
		1D7E9B3B1EEE8D34008F18BF /* PodProductUITests.xctest */ = {isa = PBXFileReference; explicitFileType = wrapper.cfbundle; includeInIndex = 0; path = PodProductUITests.xctest; sourceTree = BUILT_PRODUCTS_DIR; };
		1D7E9B3F1EEE8D34008F18BF /* PodProductUITests.m */ = {isa = PBXFileReference; lastKnownFileType = sourcecode.c.objc; path = PodProductUITests.m; sourceTree = "<group>"; };
		1D7E9B411EEE8D34008F18BF /* Info.plist */ = {isa = PBXFileReference; lastKnownFileType = text.plist.xml; path = Info.plist; sourceTree = "<group>"; };
		1D822608212A6499002D3EA0 /* AbstractFactoryPatternDemo.h */ = {isa = PBXFileReference; fileEncoding = 4; lastKnownFileType = sourcecode.c.h; path = AbstractFactoryPatternDemo.h; sourceTree = "<group>"; };
		1D822609212A6499002D3EA0 /* AbstractFactoryPatternDemo.m */ = {isa = PBXFileReference; fileEncoding = 4; lastKnownFileType = sourcecode.c.objc; path = AbstractFactoryPatternDemo.m; sourceTree = "<group>"; };
		1D82260B212A6499002D3EA0 /* Blue.h */ = {isa = PBXFileReference; fileEncoding = 4; lastKnownFileType = sourcecode.c.h; path = Blue.h; sourceTree = "<group>"; };
		1D82260C212A6499002D3EA0 /* Blue.m */ = {isa = PBXFileReference; fileEncoding = 4; lastKnownFileType = sourcecode.c.objc; path = Blue.m; sourceTree = "<group>"; };
		1D82260D212A6499002D3EA0 /* Color.h */ = {isa = PBXFileReference; fileEncoding = 4; lastKnownFileType = sourcecode.c.h; path = Color.h; sourceTree = "<group>"; };
		1D82260E212A6499002D3EA0 /* Green.h */ = {isa = PBXFileReference; fileEncoding = 4; lastKnownFileType = sourcecode.c.h; path = Green.h; sourceTree = "<group>"; };
		1D82260F212A6499002D3EA0 /* Green.m */ = {isa = PBXFileReference; fileEncoding = 4; lastKnownFileType = sourcecode.c.objc; path = Green.m; sourceTree = "<group>"; };
		1D822610212A6499002D3EA0 /* Red.h */ = {isa = PBXFileReference; fileEncoding = 4; lastKnownFileType = sourcecode.c.h; path = Red.h; sourceTree = "<group>"; };
		1D822611212A6499002D3EA0 /* Red.m */ = {isa = PBXFileReference; fileEncoding = 4; lastKnownFileType = sourcecode.c.objc; path = Red.m; sourceTree = "<group>"; };
		1D822613212A6499002D3EA0 /* AbstractFactory.h */ = {isa = PBXFileReference; fileEncoding = 4; lastKnownFileType = sourcecode.c.h; path = AbstractFactory.h; sourceTree = "<group>"; };
		1D822614212A6499002D3EA0 /* AbstractFactory.m */ = {isa = PBXFileReference; fileEncoding = 4; lastKnownFileType = sourcecode.c.objc; path = AbstractFactory.m; sourceTree = "<group>"; };
		1D822615212A6499002D3EA0 /* ColorFactory.h */ = {isa = PBXFileReference; fileEncoding = 4; lastKnownFileType = sourcecode.c.h; path = ColorFactory.h; sourceTree = "<group>"; };
		1D822616212A6499002D3EA0 /* ColorFactory.m */ = {isa = PBXFileReference; fileEncoding = 4; lastKnownFileType = sourcecode.c.objc; path = ColorFactory.m; sourceTree = "<group>"; };
		1D822617212A6499002D3EA0 /* ShapeFactory.h */ = {isa = PBXFileReference; fileEncoding = 4; lastKnownFileType = sourcecode.c.h; path = ShapeFactory.h; sourceTree = "<group>"; };
		1D822618212A6499002D3EA0 /* ShapeFactory.m */ = {isa = PBXFileReference; fileEncoding = 4; lastKnownFileType = sourcecode.c.objc; path = ShapeFactory.m; sourceTree = "<group>"; };
		1D822619212A6499002D3EA0 /* FactoryProducer.h */ = {isa = PBXFileReference; fileEncoding = 4; lastKnownFileType = sourcecode.c.h; path = FactoryProducer.h; sourceTree = "<group>"; };
		1D82261A212A6499002D3EA0 /* FactoryProducer.m */ = {isa = PBXFileReference; fileEncoding = 4; lastKnownFileType = sourcecode.c.objc; path = FactoryProducer.m; sourceTree = "<group>"; };
		1D82261C212A6499002D3EA0 /* Circle.h */ = {isa = PBXFileReference; fileEncoding = 4; lastKnownFileType = sourcecode.c.h; path = Circle.h; sourceTree = "<group>"; };
		1D82261D212A6499002D3EA0 /* Circle.m */ = {isa = PBXFileReference; fileEncoding = 4; lastKnownFileType = sourcecode.c.objc; path = Circle.m; sourceTree = "<group>"; };
		1D82261E212A6499002D3EA0 /* Rectangle.h */ = {isa = PBXFileReference; fileEncoding = 4; lastKnownFileType = sourcecode.c.h; path = Rectangle.h; sourceTree = "<group>"; };
		1D82261F212A6499002D3EA0 /* Rectangle.m */ = {isa = PBXFileReference; fileEncoding = 4; lastKnownFileType = sourcecode.c.objc; path = Rectangle.m; sourceTree = "<group>"; };
		1D822620212A6499002D3EA0 /* Shape.h */ = {isa = PBXFileReference; fileEncoding = 4; lastKnownFileType = sourcecode.c.h; path = Shape.h; sourceTree = "<group>"; };
		1D822621212A6499002D3EA0 /* Square.h */ = {isa = PBXFileReference; fileEncoding = 4; lastKnownFileType = sourcecode.c.h; path = Square.h; sourceTree = "<group>"; };
		1D822622212A6499002D3EA0 /* Square.m */ = {isa = PBXFileReference; fileEncoding = 4; lastKnownFileType = sourcecode.c.objc; path = Square.m; sourceTree = "<group>"; };
		1D82262E212A64BB002D3EA0 /* SingleObject.h */ = {isa = PBXFileReference; lastKnownFileType = sourcecode.c.h; path = SingleObject.h; sourceTree = "<group>"; };
		1D82262F212A64BB002D3EA0 /* SingleObject.m */ = {isa = PBXFileReference; lastKnownFileType = sourcecode.c.objc; path = SingleObject.m; sourceTree = "<group>"; };
		1D822636212A83AD002D3EA0 /* Item.h */ = {isa = PBXFileReference; lastKnownFileType = sourcecode.c.h; path = Item.h; sourceTree = "<group>"; };
		1D82263E212A8661002D3EA0 /* Burger.h */ = {isa = PBXFileReference; lastKnownFileType = sourcecode.c.h; path = Burger.h; sourceTree = "<group>"; };
		1D82263F212A8661002D3EA0 /* Burger.m */ = {isa = PBXFileReference; lastKnownFileType = sourcecode.c.objc; path = Burger.m; sourceTree = "<group>"; };
		1D822641212A87D9002D3EA0 /* ColdDrink.h */ = {isa = PBXFileReference; lastKnownFileType = sourcecode.c.h; path = ColdDrink.h; sourceTree = "<group>"; };
		1D822642212A87D9002D3EA0 /* ColdDrink.m */ = {isa = PBXFileReference; lastKnownFileType = sourcecode.c.objc; path = ColdDrink.m; sourceTree = "<group>"; };
		1D822644212A8866002D3EA0 /* VegBurger.h */ = {isa = PBXFileReference; lastKnownFileType = sourcecode.c.h; path = VegBurger.h; sourceTree = "<group>"; };
		1D822645212A8866002D3EA0 /* VegBurger.m */ = {isa = PBXFileReference; lastKnownFileType = sourcecode.c.objc; path = VegBurger.m; sourceTree = "<group>"; };
		1D822647212A88C4002D3EA0 /* ChickenBurger.h */ = {isa = PBXFileReference; lastKnownFileType = sourcecode.c.h; path = ChickenBurger.h; sourceTree = "<group>"; };
		1D822648212A88C4002D3EA0 /* ChickenBurger.m */ = {isa = PBXFileReference; lastKnownFileType = sourcecode.c.objc; path = ChickenBurger.m; sourceTree = "<group>"; };
		1D82264A212A8B62002D3EA0 /* Coke.h */ = {isa = PBXFileReference; lastKnownFileType = sourcecode.c.h; path = Coke.h; sourceTree = "<group>"; };
		1D82264B212A8B62002D3EA0 /* Coke.m */ = {isa = PBXFileReference; lastKnownFileType = sourcecode.c.objc; path = Coke.m; sourceTree = "<group>"; };
		1D82264D212A8D06002D3EA0 /* Pepsi.h */ = {isa = PBXFileReference; lastKnownFileType = sourcecode.c.h; path = Pepsi.h; sourceTree = "<group>"; };
		1D82264E212A8D06002D3EA0 /* Pepsi.m */ = {isa = PBXFileReference; lastKnownFileType = sourcecode.c.objc; path = Pepsi.m; sourceTree = "<group>"; };
		1D822650212A8D33002D3EA0 /* Meal.h */ = {isa = PBXFileReference; lastKnownFileType = sourcecode.c.h; path = Meal.h; sourceTree = "<group>"; };
		1D822651212A8D33002D3EA0 /* Meal.m */ = {isa = PBXFileReference; lastKnownFileType = sourcecode.c.objc; path = Meal.m; sourceTree = "<group>"; };
		1D822653212A90DB002D3EA0 /* MealBuilder.h */ = {isa = PBXFileReference; lastKnownFileType = sourcecode.c.h; path = MealBuilder.h; sourceTree = "<group>"; };
		1D822654212A90DB002D3EA0 /* MealBuilder.m */ = {isa = PBXFileReference; lastKnownFileType = sourcecode.c.objc; path = MealBuilder.m; sourceTree = "<group>"; };
		1D822656212A936F002D3EA0 /* BuilderPatternDemo.h */ = {isa = PBXFileReference; lastKnownFileType = sourcecode.c.h; path = BuilderPatternDemo.h; sourceTree = "<group>"; };
		1D822657212A936F002D3EA0 /* BuilderPatternDemo.m */ = {isa = PBXFileReference; lastKnownFileType = sourcecode.c.objc; path = BuilderPatternDemo.m; sourceTree = "<group>"; };
		1D8E158320523A520031B19D /* ExcelViewController.h */ = {isa = PBXFileReference; fileEncoding = 4; lastKnownFileType = sourcecode.c.h; path = ExcelViewController.h; sourceTree = "<group>"; };
		1D8E158420523A520031B19D /* ExcelViewController.m */ = {isa = PBXFileReference; fileEncoding = 4; lastKnownFileType = sourcecode.c.objc; path = ExcelViewController.m; sourceTree = "<group>"; };
		1D8E158620523A9B0031B19D /* LoginVC.h */ = {isa = PBXFileReference; lastKnownFileType = sourcecode.c.h; path = LoginVC.h; sourceTree = "<group>"; };
		1D8E158720523A9B0031B19D /* LoginVC.m */ = {isa = PBXFileReference; lastKnownFileType = sourcecode.c.objc; path = LoginVC.m; sourceTree = "<group>"; };
		1D8E158820523A9B0031B19D /* LoginVC.xib */ = {isa = PBXFileReference; lastKnownFileType = file.xib; path = LoginVC.xib; sourceTree = "<group>"; };
		1D8E158B2052533A0031B19D /* LoginVM.h */ = {isa = PBXFileReference; lastKnownFileType = sourcecode.c.h; path = LoginVM.h; sourceTree = "<group>"; };
		1D8E158C2052533A0031B19D /* LoginVM.m */ = {isa = PBXFileReference; lastKnownFileType = sourcecode.c.objc; path = LoginVM.m; sourceTree = "<group>"; };
		1D9AC598205B651B002ABE58 /* StudyRACModel.h */ = {isa = PBXFileReference; lastKnownFileType = sourcecode.c.h; path = StudyRACModel.h; sourceTree = "<group>"; };
		1D9AC599205B651B002ABE58 /* StudyRACModel.m */ = {isa = PBXFileReference; lastKnownFileType = sourcecode.c.objc; path = StudyRACModel.m; sourceTree = "<group>"; };
		1DA1D51E1FB00212003FEB38 /* download.plist */ = {isa = PBXFileReference; lastKnownFileType = text.plist.xml; path = download.plist; sourceTree = "<group>"; };
		1DA1D5201FB02CD3003FEB38 /* NSNumber+Format.h */ = {isa = PBXFileReference; fileEncoding = 4; lastKnownFileType = sourcecode.c.h; path = "NSNumber+Format.h"; sourceTree = "<group>"; };
		1DA1D5211FB02CD3003FEB38 /* NSNumber+Format.m */ = {isa = PBXFileReference; fileEncoding = 4; lastKnownFileType = sourcecode.c.objc; path = "NSNumber+Format.m"; sourceTree = "<group>"; };
		1DA1D5221FB02CD3003FEB38 /* NSString+Extension.h */ = {isa = PBXFileReference; fileEncoding = 4; lastKnownFileType = sourcecode.c.h; path = "NSString+Extension.h"; sourceTree = "<group>"; };
		1DA1D5231FB02CD3003FEB38 /* NSString+Extension.m */ = {isa = PBXFileReference; fileEncoding = 4; lastKnownFileType = sourcecode.c.objc; path = "NSString+Extension.m"; sourceTree = "<group>"; };
		1DA1D5241FB02CD3003FEB38 /* UIColor+HexColor.h */ = {isa = PBXFileReference; fileEncoding = 4; lastKnownFileType = sourcecode.c.h; path = "UIColor+HexColor.h"; sourceTree = "<group>"; };
		1DA1D5251FB02CD3003FEB38 /* UIColor+HexColor.m */ = {isa = PBXFileReference; fileEncoding = 4; lastKnownFileType = sourcecode.c.objc; path = "UIColor+HexColor.m"; sourceTree = "<group>"; };
		1DA1D5261FB02CD3003FEB38 /* UIImage+Extension.h */ = {isa = PBXFileReference; fileEncoding = 4; lastKnownFileType = sourcecode.c.h; path = "UIImage+Extension.h"; sourceTree = "<group>"; };
		1DA1D5271FB02CD3003FEB38 /* UIImage+Extension.m */ = {isa = PBXFileReference; fileEncoding = 4; lastKnownFileType = sourcecode.c.objc; path = "UIImage+Extension.m"; sourceTree = "<group>"; };
		1DA1D5281FB02CD3003FEB38 /* UIView+Extension.h */ = {isa = PBXFileReference; fileEncoding = 4; lastKnownFileType = sourcecode.c.h; path = "UIView+Extension.h"; sourceTree = "<group>"; };
		1DA1D5291FB02CD3003FEB38 /* UIView+Extension.m */ = {isa = PBXFileReference; fileEncoding = 4; lastKnownFileType = sourcecode.c.objc; path = "UIView+Extension.m"; sourceTree = "<group>"; };
		1DA5063C1FD4FA2200C48CFE /* WZKTests.m */ = {isa = PBXFileReference; lastKnownFileType = sourcecode.c.objc; path = WZKTests.m; sourceTree = "<group>"; };
		1DA672FA1EF0F5E0007C2348 /* BaseTextField.h */ = {isa = PBXFileReference; fileEncoding = 4; lastKnownFileType = sourcecode.c.h; path = BaseTextField.h; sourceTree = "<group>"; };
		1DA672FB1EF0F5E0007C2348 /* BaseTextField.m */ = {isa = PBXFileReference; fileEncoding = 4; lastKnownFileType = sourcecode.c.objc; path = BaseTextField.m; sourceTree = "<group>"; };
		1DA672FD1EF0F5F3007C2348 /* BaseTextView.h */ = {isa = PBXFileReference; fileEncoding = 4; lastKnownFileType = sourcecode.c.h; path = BaseTextView.h; sourceTree = "<group>"; };
		1DA672FE1EF0F5F3007C2348 /* BaseTextView.m */ = {isa = PBXFileReference; fileEncoding = 4; lastKnownFileType = sourcecode.c.objc; path = BaseTextView.m; sourceTree = "<group>"; };
		1DA673011EF11AAF007C2348 /* IconFontImageView.h */ = {isa = PBXFileReference; fileEncoding = 4; lastKnownFileType = sourcecode.c.h; path = IconFontImageView.h; sourceTree = "<group>"; };
		1DA673021EF11AAF007C2348 /* IconFontImageView.m */ = {isa = PBXFileReference; fileEncoding = 4; lastKnownFileType = sourcecode.c.objc; path = IconFontImageView.m; sourceTree = "<group>"; };
		1DB93AAD1EEFDD9600A6BAD7 /* SizeConst.h */ = {isa = PBXFileReference; fileEncoding = 4; lastKnownFileType = sourcecode.c.h; path = SizeConst.h; sourceTree = "<group>"; };
		1DB93AAE1EEFDDA600A6BAD7 /* CustomConst.h */ = {isa = PBXFileReference; lastKnownFileType = sourcecode.c.h; path = CustomConst.h; sourceTree = "<group>"; };
		1DB93AB01EEFDE3600A6BAD7 /* AppKeyConst.h */ = {isa = PBXFileReference; lastKnownFileType = sourcecode.c.h; path = AppKeyConst.h; sourceTree = "<group>"; };
		1DB93AB91EEFE09D00A6BAD7 /* HUDView.h */ = {isa = PBXFileReference; fileEncoding = 4; lastKnownFileType = sourcecode.c.h; path = HUDView.h; sourceTree = "<group>"; };
		1DB93ABA1EEFE09D00A6BAD7 /* HUDView.m */ = {isa = PBXFileReference; fileEncoding = 4; lastKnownFileType = sourcecode.c.objc; path = HUDView.m; sourceTree = "<group>"; };
		1DB93AC51EEFE12F00A6BAD7 /* NetworkManage.h */ = {isa = PBXFileReference; fileEncoding = 4; lastKnownFileType = sourcecode.c.h; path = NetworkManage.h; sourceTree = "<group>"; };
		1DB93AC61EEFE12F00A6BAD7 /* NetworkManage.m */ = {isa = PBXFileReference; fileEncoding = 4; lastKnownFileType = sourcecode.c.objc; path = NetworkManage.m; sourceTree = "<group>"; };
		1DB93AC81EEFE14700A6BAD7 /* TimeStampToString.h */ = {isa = PBXFileReference; fileEncoding = 4; lastKnownFileType = sourcecode.c.h; path = TimeStampToString.h; sourceTree = "<group>"; };
		1DB93AC91EEFE14700A6BAD7 /* TimeStampToString.m */ = {isa = PBXFileReference; fileEncoding = 4; lastKnownFileType = sourcecode.c.objc; path = TimeStampToString.m; sourceTree = "<group>"; };
		1DB93ACB1EEFE45100A6BAD7 /* ConfigHead.h */ = {isa = PBXFileReference; lastKnownFileType = sourcecode.c.h; path = ConfigHead.h; sourceTree = "<group>"; };
		1DB93ACC1EEFE5E400A6BAD7 /* BaseButton.h */ = {isa = PBXFileReference; fileEncoding = 4; lastKnownFileType = sourcecode.c.h; path = BaseButton.h; sourceTree = "<group>"; };
		1DB93ACD1EEFE5E400A6BAD7 /* BaseButton.m */ = {isa = PBXFileReference; fileEncoding = 4; lastKnownFileType = sourcecode.c.objc; path = BaseButton.m; sourceTree = "<group>"; };
		1DB93ACF1EEFE5F600A6BAD7 /* BaseLabel.h */ = {isa = PBXFileReference; fileEncoding = 4; lastKnownFileType = sourcecode.c.h; path = BaseLabel.h; sourceTree = "<group>"; };
		1DB93AD01EEFE5F600A6BAD7 /* BaseLabel.m */ = {isa = PBXFileReference; fileEncoding = 4; lastKnownFileType = sourcecode.c.objc; path = BaseLabel.m; sourceTree = "<group>"; };
		1DB93AD21EEFE60800A6BAD7 /* BaseImageView.h */ = {isa = PBXFileReference; fileEncoding = 4; lastKnownFileType = sourcecode.c.h; path = BaseImageView.h; sourceTree = "<group>"; };
		1DB93AD31EEFE60800A6BAD7 /* BaseImageView.m */ = {isa = PBXFileReference; fileEncoding = 4; lastKnownFileType = sourcecode.c.objc; path = BaseImageView.m; sourceTree = "<group>"; };
		1DB93AD51EEFE61D00A6BAD7 /* BaseViewController.h */ = {isa = PBXFileReference; fileEncoding = 4; lastKnownFileType = sourcecode.c.h; path = BaseViewController.h; sourceTree = "<group>"; };
		1DB93AD61EEFE61D00A6BAD7 /* BaseViewController.m */ = {isa = PBXFileReference; fileEncoding = 4; lastKnownFileType = sourcecode.c.objc; path = BaseViewController.m; sourceTree = "<group>"; };
		1DB93AD81EEFE64600A6BAD7 /* BaseNavigateController.h */ = {isa = PBXFileReference; fileEncoding = 4; lastKnownFileType = sourcecode.c.h; path = BaseNavigateController.h; sourceTree = "<group>"; };
		1DB93AD91EEFE64600A6BAD7 /* BaseNavigateController.m */ = {isa = PBXFileReference; fileEncoding = 4; lastKnownFileType = sourcecode.c.objc; path = BaseNavigateController.m; sourceTree = "<group>"; };
		1DB93ADB1EEFE74400A6BAD7 /* BaseTabBarController.h */ = {isa = PBXFileReference; fileEncoding = 4; lastKnownFileType = sourcecode.c.h; path = BaseTabBarController.h; sourceTree = "<group>"; };
		1DB93ADC1EEFE74400A6BAD7 /* BaseTabBarController.m */ = {isa = PBXFileReference; fileEncoding = 4; lastKnownFileType = sourcecode.c.objc; path = BaseTabBarController.m; sourceTree = "<group>"; };
		1DBA0081205A7C1C0019DB1A /* PathAndFiled.m */ = {isa = PBXFileReference; fileEncoding = 4; lastKnownFileType = sourcecode.c.objc; path = PathAndFiled.m; sourceTree = "<group>"; };
		1DBA0082205A7C1C0019DB1A /* PhotoImage.h */ = {isa = PBXFileReference; fileEncoding = 4; lastKnownFileType = sourcecode.c.h; path = PhotoImage.h; sourceTree = "<group>"; };
		1DBA0083205A7C1C0019DB1A /* PhotoImage.m */ = {isa = PBXFileReference; fileEncoding = 4; lastKnownFileType = sourcecode.c.objc; path = PhotoImage.m; sourceTree = "<group>"; };
		1DBA0084205A7C1C0019DB1A /* sound.plist */ = {isa = PBXFileReference; fileEncoding = 4; lastKnownFileType = text.plist.xml; path = sound.plist; sourceTree = "<group>"; };
		1DBA0085205A7C1C0019DB1A /* CallSMS.m */ = {isa = PBXFileReference; fileEncoding = 4; lastKnownFileType = sourcecode.c.objc; path = CallSMS.m; sourceTree = "<group>"; };
		1DBA0086205A7C1D0019DB1A /* UIDevice+Hardware.m */ = {isa = PBXFileReference; fileEncoding = 4; lastKnownFileType = sourcecode.c.objc; path = "UIDevice+Hardware.m"; sourceTree = "<group>"; };
		1DBA0087205A7C1D0019DB1A /* CallSMS.h */ = {isa = PBXFileReference; fileEncoding = 4; lastKnownFileType = sourcecode.c.h; path = CallSMS.h; sourceTree = "<group>"; };
		1DBA0088205A7C1D0019DB1A /* AudioMethod.m */ = {isa = PBXFileReference; fileEncoding = 4; lastKnownFileType = sourcecode.c.objc; path = AudioMethod.m; sourceTree = "<group>"; };
		1DBA0089205A7C1D0019DB1A /* PathAndFiled.h */ = {isa = PBXFileReference; fileEncoding = 4; lastKnownFileType = sourcecode.c.h; path = PathAndFiled.h; sourceTree = "<group>"; };
		1DBA008A205A7C1D0019DB1A /* AudioMethod.h */ = {isa = PBXFileReference; fileEncoding = 4; lastKnownFileType = sourcecode.c.h; path = AudioMethod.h; sourceTree = "<group>"; };
		1DBA008B205A7C1D0019DB1A /* UIDevice+Hardware.h */ = {isa = PBXFileReference; fileEncoding = 4; lastKnownFileType = sourcecode.c.h; path = "UIDevice+Hardware.h"; sourceTree = "<group>"; };
		1DC9F5DF1F6781410088275C /* ExcelContentView.h */ = {isa = PBXFileReference; fileEncoding = 4; lastKnownFileType = sourcecode.c.h; path = ExcelContentView.h; sourceTree = "<group>"; };
		1DC9F5E01F6781410088275C /* ExcelContentView.m */ = {isa = PBXFileReference; fileEncoding = 4; lastKnownFileType = sourcecode.c.objc; path = ExcelContentView.m; sourceTree = "<group>"; };
		1DF3C1801F163AB900EC8155 /* demo.css */ = {isa = PBXFileReference; fileEncoding = 4; lastKnownFileType = text.css; path = demo.css; sourceTree = "<group>"; };
		1DF3C1811F163AB900EC8155 /* demo_fontclass.html */ = {isa = PBXFileReference; fileEncoding = 4; lastKnownFileType = text.html; path = demo_fontclass.html; sourceTree = "<group>"; };
		1DF3C1821F163AB900EC8155 /* demo_symbol.html */ = {isa = PBXFileReference; fileEncoding = 4; lastKnownFileType = text.html; path = demo_symbol.html; sourceTree = "<group>"; };
		1DF3C1831F163AB900EC8155 /* demo_unicode.html */ = {isa = PBXFileReference; fileEncoding = 4; lastKnownFileType = text.html; path = demo_unicode.html; sourceTree = "<group>"; };
		1DF3C1841F163AB900EC8155 /* iconfont.css */ = {isa = PBXFileReference; fileEncoding = 4; lastKnownFileType = text.css; path = iconfont.css; sourceTree = "<group>"; };
		1DF3C1851F163AB900EC8155 /* iconfont.eot */ = {isa = PBXFileReference; lastKnownFileType = file; path = iconfont.eot; sourceTree = "<group>"; };
		1DF3C1861F163AB900EC8155 /* iconfont.js */ = {isa = PBXFileReference; fileEncoding = 4; lastKnownFileType = sourcecode.javascript; path = iconfont.js; sourceTree = "<group>"; };
		1DF3C1871F163AB900EC8155 /* iconfont.svg */ = {isa = PBXFileReference; fileEncoding = 4; lastKnownFileType = text.xml; path = iconfont.svg; sourceTree = "<group>"; };
		1DF3C1881F163AB900EC8155 /* iconfont.ttf */ = {isa = PBXFileReference; lastKnownFileType = file; path = iconfont.ttf; sourceTree = "<group>"; };
		1DF3C1891F163AB900EC8155 /* iconfont.woff */ = {isa = PBXFileReference; lastKnownFileType = file; path = iconfont.woff; sourceTree = "<group>"; };
		1DF50204212AC9D6002C87BA /* Bottle.h */ = {isa = PBXFileReference; fileEncoding = 4; lastKnownFileType = sourcecode.c.h; path = Bottle.h; sourceTree = "<group>"; };
		1DF50205212AC9D6002C87BA /* Bottle.m */ = {isa = PBXFileReference; fileEncoding = 4; lastKnownFileType = sourcecode.c.objc; path = Bottle.m; sourceTree = "<group>"; };
		1DF50206212AC9D6002C87BA /* Packing.h */ = {isa = PBXFileReference; fileEncoding = 4; lastKnownFileType = sourcecode.c.h; path = Packing.h; sourceTree = "<group>"; };
		1DF50207212AC9D6002C87BA /* Wrapper.h */ = {isa = PBXFileReference; fileEncoding = 4; lastKnownFileType = sourcecode.c.h; path = Wrapper.h; sourceTree = "<group>"; };
		1DF50208212AC9D6002C87BA /* Wrapper.m */ = {isa = PBXFileReference; fileEncoding = 4; lastKnownFileType = sourcecode.c.objc; path = Wrapper.m; sourceTree = "<group>"; };
		26C6B9F64F74D38DB6598374 /* Pods-PodProduct.debug.xcconfig */ = {isa = PBXFileReference; includeInIndex = 1; lastKnownFileType = text.xcconfig; name = "Pods-PodProduct.debug.xcconfig"; path = "Pods/Target Support Files/Pods-PodProduct/Pods-PodProduct.debug.xcconfig"; sourceTree = "<group>"; };
		53661698CC4DFE175F61A405 /* Pods-PodProduct.release.xcconfig */ = {isa = PBXFileReference; includeInIndex = 1; lastKnownFileType = text.xcconfig; name = "Pods-PodProduct.release.xcconfig"; path = "Pods/Target Support Files/Pods-PodProduct/Pods-PodProduct.release.xcconfig"; sourceTree = "<group>"; };
		82890BD67DF50D42652E4BCD /* libPods-PodProduct.a */ = {isa = PBXFileReference; explicitFileType = archive.ar; includeInIndex = 0; path = "libPods-PodProduct.a"; sourceTree = BUILT_PRODUCTS_DIR; };
/* End PBXFileReference section */

/* Begin PBXFrameworksBuildPhase section */
		1D7E9B141EEE8D34008F18BF /* Frameworks */ = {
			isa = PBXFrameworksBuildPhase;
			buildActionMask = 2147483647;
			files = (
				A95660C888921491DF5CA4C8 /* libPods-PodProduct.a in Frameworks */,
			);
			runOnlyForDeploymentPostprocessing = 0;
		};
		1D7E9B2D1EEE8D34008F18BF /* Frameworks */ = {
			isa = PBXFrameworksBuildPhase;
			buildActionMask = 2147483647;
			files = (
			);
			runOnlyForDeploymentPostprocessing = 0;
		};
		1D7E9B381EEE8D34008F18BF /* Frameworks */ = {
			isa = PBXFrameworksBuildPhase;
			buildActionMask = 2147483647;
			files = (
			);
			runOnlyForDeploymentPostprocessing = 0;
		};
/* End PBXFrameworksBuildPhase section */

/* Begin PBXGroup section */
		1D2DDC8C200C46E8005E8F53 /* RSA */ = {
			isa = PBXGroup;
			children = (
				1D2DDC8D200C46E8005E8F53 /* NSData+Base64.h */,
				1D2DDC8E200C46E8005E8F53 /* NSData+Base64.m */,
				1D2DDC8F200C46E8005E8F53 /* NSString+Base64.h */,
				1D2DDC90200C46E8005E8F53 /* NSString+Base64.m */,
				1D2DDC91200C46E8005E8F53 /* RSAEncryptor.h */,
				1D2DDC92200C46E8005E8F53 /* RSAEncryptor.m */,
			);
			path = RSA;
			sourceTree = "<group>";
		};
		1D2DDC96200C46ED005E8F53 /* CodeResourcesClass */ = {
			isa = PBXGroup;
			children = (
				1D2DDC97200C46ED005E8F53 /* CodeResourcesClass.h */,
				1D2DDC98200C46ED005E8F53 /* CodeResourcesClass.m */,
			);
			path = CodeResourcesClass;
			sourceTree = "<group>";
		};
		1D48BEC1204F8EC000F7A9DA /* Study */ = {
			isa = PBXGroup;
			children = (
				1D822605212A6499002D3EA0 /* 设计模式 */,
				1DDC9AF32126A33700F53074 /* System */,
				1DDC9AF42126A35E00F53074 /* Block */,
				1DDC9AF52126A36600F53074 /* Runtime */,
				1DDC9AF62126A36F00F53074 /* GCD */,
				1DDC9AF72126A37900F53074 /* RAC */,
				1DDC9AF82126A38200F53074 /* RunLoop */,
			);
			path = Study;
			sourceTree = "<group>";
		};
		1D5545251EEF8DD500180BA7 /* BaseUI */ = {
			isa = PBXGroup;
			children = (
				1D1AA62F1F59274A00A591E8 /* BaseUIKit.h */,
				1DB93ACC1EEFE5E400A6BAD7 /* BaseButton.h */,
				1DB93ACD1EEFE5E400A6BAD7 /* BaseButton.m */,
				1DB93ACF1EEFE5F600A6BAD7 /* BaseLabel.h */,
				1DB93AD01EEFE5F600A6BAD7 /* BaseLabel.m */,
				1DB93AD21EEFE60800A6BAD7 /* BaseImageView.h */,
				1DB93AD31EEFE60800A6BAD7 /* BaseImageView.m */,
				1DB93AD51EEFE61D00A6BAD7 /* BaseViewController.h */,
				1DB93AD61EEFE61D00A6BAD7 /* BaseViewController.m */,
				1DB93AD81EEFE64600A6BAD7 /* BaseNavigateController.h */,
				1DB93AD91EEFE64600A6BAD7 /* BaseNavigateController.m */,
				1DB93ADB1EEFE74400A6BAD7 /* BaseTabBarController.h */,
				1DB93ADC1EEFE74400A6BAD7 /* BaseTabBarController.m */,
				1DA672FA1EF0F5E0007C2348 /* BaseTextField.h */,
				1DA672FB1EF0F5E0007C2348 /* BaseTextField.m */,
				1DA672FD1EF0F5F3007C2348 /* BaseTextView.h */,
				1DA672FE1EF0F5F3007C2348 /* BaseTextView.m */,
				1D1AA6291F5924F300A591E8 /* BaseTableView.h */,
				1D1AA62A1F5924F300A591E8 /* BaseTableView.m */,
				1D1AA62C1F59250300A591E8 /* BaseTableViewCell.h */,
				1D1AA62D1F59250400A591E8 /* BaseTableViewCell.m */,
			);
			path = BaseUI;
			sourceTree = "<group>";
		};
		1D5545291EEFC7E200180BA7 /* Modules */ = {
			isa = PBXGroup;
			children = (
				1D8E158220523A520031B19D /* ExcelVC */,
				1D48BEC1204F8EC000F7A9DA /* Study */,
				1D55452A1EEFC7E200180BA7 /* Login */,
			);
			path = Modules;
			sourceTree = "<group>";
		};
		1D55452A1EEFC7E200180BA7 /* Login */ = {
			isa = PBXGroup;
			children = (
				1D55452B1EEFC7E200180BA7 /* Model */,
				1D55452C1EEFC7E200180BA7 /* ViewController */,
				1D55452D1EEFC7E200180BA7 /* ViewModel */,
			);
			path = Login;
			sourceTree = "<group>";
		};
		1D55452B1EEFC7E200180BA7 /* Model */ = {
			isa = PBXGroup;
			children = (
				1D03C5AE202306090007C46B /* LoginModel.h */,
				1D03C5AF202306090007C46B /* LoginModel.m */,
			);
			path = Model;
			sourceTree = "<group>";
		};
		1D55452C1EEFC7E200180BA7 /* ViewController */ = {
			isa = PBXGroup;
			children = (
				1D8E158620523A9B0031B19D /* LoginVC.h */,
				1D8E158720523A9B0031B19D /* LoginVC.m */,
				1D8E158820523A9B0031B19D /* LoginVC.xib */,
			);
			path = ViewController;
			sourceTree = "<group>";
		};
		1D55452D1EEFC7E200180BA7 /* ViewModel */ = {
			isa = PBXGroup;
			children = (
				1D8E158B2052533A0031B19D /* LoginVM.h */,
				1D8E158C2052533A0031B19D /* LoginVM.m */,
			);
			path = ViewModel;
			sourceTree = "<group>";
		};
		1D748E6E1F62452200F6E41E /* ErCodeVC */ = {
			isa = PBXGroup;
			children = (
				1D748E6F1F62484500F6E41E /* ScanQRCode */,
			);
			path = ErCodeVC;
			sourceTree = "<group>";
		};
		1D748E6F1F62484500F6E41E /* ScanQRCode */ = {
			isa = PBXGroup;
			children = (
				1D748E701F62484500F6E41E /* ScanQRCodeViewController.h */,
				1D748E711F62484500F6E41E /* ScanQRCodeViewController.m */,
				1D748E721F62484500F6E41E /* ScanQRCodeViewController.xib */,
			);
			path = ScanQRCode;
			sourceTree = "<group>";
		};
		1D748E781F62788600F6E41E /* ExcelView */ = {
			isa = PBXGroup;
			children = (
				1D748E791F62788600F6E41E /* Constant.h */,
				1D748E801F62788600F6E41E /* SubtypeView.h */,
				1D748E811F62788600F6E41E /* SubtypeView.m */,
				1D748E7A1F62788600F6E41E /* ExcelCell.h */,
				1D748E7B1F62788600F6E41E /* ExcelCell.m */,
				1D748E7C1F62788600F6E41E /* ExcelLeftView.h */,
				1D748E7D1F62788600F6E41E /* ExcelLeftView.m */,
				1D5ECEF21F66257D00370606 /* ExcelRightView.h */,
				1D5ECEF31F66257D00370606 /* ExcelRightView.m */,
				1DC9F5DF1F6781410088275C /* ExcelContentView.h */,
				1DC9F5E01F6781410088275C /* ExcelContentView.m */,
				1D748E7E1F62788600F6E41E /* ExcelView.h */,
				1D748E7F1F62788600F6E41E /* ExcelView.m */,
			);
			path = ExcelView;
			sourceTree = "<group>";
		};
		1D77CFB5209C6C530048B7CF /* Library */ = {
			isa = PBXGroup;
			children = (
			);
			path = Library;
			sourceTree = "<group>";
		};
		1D77CFB6209C6C530048B7CF /* Extension */ = {
			isa = PBXGroup;
			children = (
			);
			path = Extension;
			sourceTree = "<group>";
		};
		1D77CFB7209C6C530048B7CF /* Resource */ = {
			isa = PBXGroup;
			children = (
			);
			path = Resource;
			sourceTree = "<group>";
		};
		1D7E9B0E1EEE8D34008F18BF = {
			isa = PBXGroup;
			children = (
				1D7E9B191EEE8D34008F18BF /* PodProduct */,
				1D7E9B331EEE8D34008F18BF /* PodProductTests */,
				1D7E9B3E1EEE8D34008F18BF /* PodProductUITests */,
				1D7E9B181EEE8D34008F18BF /* Products */,
				6DC707D5A025ECE1EA8FD010 /* Pods */,
				F41C781773D326753B251DE4 /* Frameworks */,
			);
			sourceTree = "<group>";
		};
		1D7E9B181EEE8D34008F18BF /* Products */ = {
			isa = PBXGroup;
			children = (
				1D7E9B171EEE8D34008F18BF /* PodProduct.app */,
				1D7E9B301EEE8D34008F18BF /* PodProductTests.xctest */,
				1D7E9B3B1EEE8D34008F18BF /* PodProductUITests.xctest */,
			);
			name = Products;
			sourceTree = "<group>";
		};
		1D7E9B191EEE8D34008F18BF /* PodProduct */ = {
			isa = PBXGroup;
			children = (
				1D77CFB6209C6C530048B7CF /* Extension */,
				1D77CFB5209C6C530048B7CF /* Library */,
				1D77CFB7209C6C530048B7CF /* Resource */,
				1D5545251EEF8DD500180BA7 /* BaseUI */,
				1D7E9B5F1EEE9309008F18BF /* Config */,
				1D7E9B631EEE9309008F18BF /* NetWorkRequest */,
				1D7E9B651EEE9309008F18BF /* Tools */,
				1D5545291EEFC7E200180BA7 /* Modules */,
				1D7E9B1D1EEE8D34008F18BF /* AppDelegate.h */,
				1D7E9B1E1EEE8D34008F18BF /* AppDelegate.m */,
				1D7E9B201EEE8D34008F18BF /* ViewController.h */,
				1D7E9B211EEE8D34008F18BF /* ViewController.m */,
				1D7E9B231EEE8D34008F18BF /* Main.storyboard */,
				1D7E9B261EEE8D34008F18BF /* Assets.xcassets */,
				1D7E9B281EEE8D34008F18BF /* LaunchScreen.storyboard */,
				1D7E9B2B1EEE8D34008F18BF /* Info.plist */,
				1D7E9B1A1EEE8D34008F18BF /* Supporting Files */,
				1D5DC3DC2016E19E00AA7A4E /* PrefixHeader.pch */,
				1D5DC4162016E9A300AA7A4E /* Presents.plist */,
			);
			path = PodProduct;
			sourceTree = "<group>";
		};
		1D7E9B1A1EEE8D34008F18BF /* Supporting Files */ = {
			isa = PBXGroup;
			children = (
				1D7E9B1B1EEE8D34008F18BF /* main.m */,
			);
			name = "Supporting Files";
			sourceTree = "<group>";
		};
		1D7E9B331EEE8D34008F18BF /* PodProductTests */ = {
			isa = PBXGroup;
			children = (
				1D7E9B341EEE8D34008F18BF /* PodProductTests.m */,
				1D7E9B361EEE8D34008F18BF /* Info.plist */,
				1DA5063C1FD4FA2200C48CFE /* WZKTests.m */,
			);
			path = PodProductTests;
			sourceTree = "<group>";
		};
		1D7E9B3E1EEE8D34008F18BF /* PodProductUITests */ = {
			isa = PBXGroup;
			children = (
				1D7E9B3F1EEE8D34008F18BF /* PodProductUITests.m */,
				1D7E9B411EEE8D34008F18BF /* Info.plist */,
			);
			path = PodProductUITests;
			sourceTree = "<group>";
		};
		1D7E9B5F1EEE9309008F18BF /* Config */ = {
			isa = PBXGroup;
			children = (
				1DB93ACB1EEFE45100A6BAD7 /* ConfigHead.h */,
				1D55452E1EEFC90600180BA7 /* RequestHead.h */,
				1DB93AAD1EEFDD9600A6BAD7 /* SizeConst.h */,
				1DB93AAE1EEFDDA600A6BAD7 /* CustomConst.h */,
				1DB93AB01EEFDE3600A6BAD7 /* AppKeyConst.h */,
				1D1AA6301F5927BB00A591E8 /* PodLibraryHeader.h */,
				1D678CF2200DCBDF00200B29 /* ColorConfig.h */,
				1D678CF3200DCBDF00200B29 /* ColorConfig.m */,
				1D678CF5200DCC0700200B29 /* FontConfig.h */,
				1D678CF6200DCC0700200B29 /* FontConfig.m */,
			);
			path = Config;
			sourceTree = "<group>";
		};
		1D7E9B631EEE9309008F18BF /* NetWorkRequest */ = {
			isa = PBXGroup;
			children = (
				1DB93AC51EEFE12F00A6BAD7 /* NetworkManage.h */,
				1DB93AC61EEFE12F00A6BAD7 /* NetworkManage.m */,
			);
			path = NetWorkRequest;
			sourceTree = "<group>";
		};
		1D7E9B651EEE9309008F18BF /* Tools */ = {
			isa = PBXGroup;
			children = (
				1D2DDC96200C46ED005E8F53 /* CodeResourcesClass */,
				1D2DDC8C200C46E8005E8F53 /* RSA */,
				1DA1D51F1FB02CD3003FEB38 /* extension */,
				1DA1D51E1FB00212003FEB38 /* download.plist */,
				1D748E781F62788600F6E41E /* ExcelView */,
				1D748E6E1F62452200F6E41E /* ErCodeVC */,
				1DF3C17F1F163AB900EC8155 /* font_zf8js534raf6flxr */,
				1DA673001EF11AAF007C2348 /* IconFontImageView */,
				1DB93AB91EEFE09D00A6BAD7 /* HUDView.h */,
				1DB93ABA1EEFE09D00A6BAD7 /* HUDView.m */,
				1DB93AC81EEFE14700A6BAD7 /* TimeStampToString.h */,
				1DB93AC91EEFE14700A6BAD7 /* TimeStampToString.m */,
			);
			path = Tools;
			sourceTree = "<group>";
		};
		1D822605212A6499002D3EA0 /* 设计模式 */ = {
			isa = PBXGroup;
			children = (
				1D822634212A6818002D3EA0 /* 建造者模式 */,
				1D822635212A6818002D3EA0 /* 适配器模式 */,
				1D822633212A6818002D3EA0 /* 原型模式 */,
				1D822606212A6499002D3EA0 /* 单例模式 */,
				1D822607212A6499002D3EA0 /* 工厂模式 */,
			);
			path = "设计模式";
			sourceTree = "<group>";
		};
		1D822606212A6499002D3EA0 /* 单例模式 */ = {
			isa = PBXGroup;
			children = (
				1D82262E212A64BB002D3EA0 /* SingleObject.h */,
				1D82262F212A64BB002D3EA0 /* SingleObject.m */,
			);
			path = "单例模式";
			sourceTree = "<group>";
		};
		1D822607212A6499002D3EA0 /* 工厂模式 */ = {
			isa = PBXGroup;
			children = (
				1D822608212A6499002D3EA0 /* AbstractFactoryPatternDemo.h */,
				1D822609212A6499002D3EA0 /* AbstractFactoryPatternDemo.m */,
				1D82260A212A6499002D3EA0 /* Color */,
				1D822612212A6499002D3EA0 /* Factory */,
				1D822619212A6499002D3EA0 /* FactoryProducer.h */,
				1D82261A212A6499002D3EA0 /* FactoryProducer.m */,
				1D82261B212A6499002D3EA0 /* Shape */,
			);
			path = "工厂模式";
			sourceTree = "<group>";
		};
		1D82260A212A6499002D3EA0 /* Color */ = {
			isa = PBXGroup;
			children = (
				1D82260B212A6499002D3EA0 /* Blue.h */,
				1D82260C212A6499002D3EA0 /* Blue.m */,
				1D82260D212A6499002D3EA0 /* Color.h */,
				1D82260E212A6499002D3EA0 /* Green.h */,
				1D82260F212A6499002D3EA0 /* Green.m */,
				1D822610212A6499002D3EA0 /* Red.h */,
				1D822611212A6499002D3EA0 /* Red.m */,
			);
			path = Color;
			sourceTree = "<group>";
		};
		1D822612212A6499002D3EA0 /* Factory */ = {
			isa = PBXGroup;
			children = (
				1D822613212A6499002D3EA0 /* AbstractFactory.h */,
				1D822614212A6499002D3EA0 /* AbstractFactory.m */,
				1D822615212A6499002D3EA0 /* ColorFactory.h */,
				1D822616212A6499002D3EA0 /* ColorFactory.m */,
				1D822617212A6499002D3EA0 /* ShapeFactory.h */,
				1D822618212A6499002D3EA0 /* ShapeFactory.m */,
			);
			path = Factory;
			sourceTree = "<group>";
		};
		1D82261B212A6499002D3EA0 /* Shape */ = {
			isa = PBXGroup;
			children = (
				1D82261C212A6499002D3EA0 /* Circle.h */,
				1D82261D212A6499002D3EA0 /* Circle.m */,
				1D82261E212A6499002D3EA0 /* Rectangle.h */,
				1D82261F212A6499002D3EA0 /* Rectangle.m */,
				1D822620212A6499002D3EA0 /* Shape.h */,
				1D822621212A6499002D3EA0 /* Square.h */,
				1D822622212A6499002D3EA0 /* Square.m */,
			);
			path = Shape;
			sourceTree = "<group>";
		};
		1D822633212A6818002D3EA0 /* 原型模式 */ = {
			isa = PBXGroup;
			children = (
			);
			path = "原型模式";
			sourceTree = "<group>";
		};
		1D822634212A6818002D3EA0 /* 建造者模式 */ = {
			isa = PBXGroup;
			children = (
				1DF50203212AC9D6002C87BA /* 包装 */,
				1D82265A212A9DDE002D3EA0 /* 素材 */,
				1D822650212A8D33002D3EA0 /* Meal.h */,
				1D822651212A8D33002D3EA0 /* Meal.m */,
				1D822653212A90DB002D3EA0 /* MealBuilder.h */,
				1D822654212A90DB002D3EA0 /* MealBuilder.m */,
				1D822656212A936F002D3EA0 /* BuilderPatternDemo.h */,
				1D822657212A936F002D3EA0 /* BuilderPatternDemo.m */,
			);
			path = "建造者模式";
			sourceTree = "<group>";
		};
		1D822635212A6818002D3EA0 /* 适配器模式 */ = {
			isa = PBXGroup;
			children = (
			);
			path = "适配器模式";
			sourceTree = "<group>";
		};
		1D82265A212A9DDE002D3EA0 /* 素材 */ = {
			isa = PBXGroup;
			children = (
				1D822636212A83AD002D3EA0 /* Item.h */,
				1D82265B212A9E04002D3EA0 /* 汉堡 */,
				1D82265C212A9E18002D3EA0 /* 可乐 */,
			);
			path = "素材";
			sourceTree = "<group>";
		};
		1D82265B212A9E04002D3EA0 /* 汉堡 */ = {
			isa = PBXGroup;
			children = (
				1D82263E212A8661002D3EA0 /* Burger.h */,
				1D82263F212A8661002D3EA0 /* Burger.m */,
				1D822644212A8866002D3EA0 /* VegBurger.h */,
				1D822645212A8866002D3EA0 /* VegBurger.m */,
				1D822647212A88C4002D3EA0 /* ChickenBurger.h */,
				1D822648212A88C4002D3EA0 /* ChickenBurger.m */,
			);
			path = "汉堡";
			sourceTree = "<group>";
		};
		1D82265C212A9E18002D3EA0 /* 可乐 */ = {
			isa = PBXGroup;
			children = (
				1D822641212A87D9002D3EA0 /* ColdDrink.h */,
				1D822642212A87D9002D3EA0 /* ColdDrink.m */,
				1D82264A212A8B62002D3EA0 /* Coke.h */,
				1D82264B212A8B62002D3EA0 /* Coke.m */,
				1D82264D212A8D06002D3EA0 /* Pepsi.h */,
				1D82264E212A8D06002D3EA0 /* Pepsi.m */,
			);
			path = "可乐";
			sourceTree = "<group>";
		};
		1D8E158220523A520031B19D /* ExcelVC */ = {
			isa = PBXGroup;
			children = (
				1D8E158320523A520031B19D /* ExcelViewController.h */,
				1D8E158420523A520031B19D /* ExcelViewController.m */,
			);
			path = ExcelVC;
			sourceTree = "<group>";
		};
		1DA1D51F1FB02CD3003FEB38 /* extension */ = {
			isa = PBXGroup;
			children = (
				1DA1D5201FB02CD3003FEB38 /* NSNumber+Format.h */,
				1DA1D5211FB02CD3003FEB38 /* NSNumber+Format.m */,
				1DA1D5221FB02CD3003FEB38 /* NSString+Extension.h */,
				1DA1D5231FB02CD3003FEB38 /* NSString+Extension.m */,
				1DA1D5241FB02CD3003FEB38 /* UIColor+HexColor.h */,
				1DA1D5251FB02CD3003FEB38 /* UIColor+HexColor.m */,
				1DA1D5261FB02CD3003FEB38 /* UIImage+Extension.h */,
				1DA1D5271FB02CD3003FEB38 /* UIImage+Extension.m */,
				1DA1D5281FB02CD3003FEB38 /* UIView+Extension.h */,
				1DA1D5291FB02CD3003FEB38 /* UIView+Extension.m */,
			);
			path = extension;
			sourceTree = "<group>";
		};
		1DA673001EF11AAF007C2348 /* IconFontImageView */ = {
			isa = PBXGroup;
			children = (
				1DA673011EF11AAF007C2348 /* IconFontImageView.h */,
				1DA673021EF11AAF007C2348 /* IconFontImageView.m */,
			);
			path = IconFontImageView;
			sourceTree = "<group>";
		};
		1DDC9AF32126A33700F53074 /* System */ = {
			isa = PBXGroup;
			children = (
				1DBA008A205A7C1D0019DB1A /* AudioMethod.h */,
				1DBA0088205A7C1D0019DB1A /* AudioMethod.m */,
				1DBA0087205A7C1D0019DB1A /* CallSMS.h */,
				1DBA0085205A7C1C0019DB1A /* CallSMS.m */,
				1DBA0089205A7C1D0019DB1A /* PathAndFiled.h */,
				1DBA0081205A7C1C0019DB1A /* PathAndFiled.m */,
				1DBA0082205A7C1C0019DB1A /* PhotoImage.h */,
				1DBA0083205A7C1C0019DB1A /* PhotoImage.m */,
				1DBA0084205A7C1C0019DB1A /* sound.plist */,
				1DBA008B205A7C1D0019DB1A /* UIDevice+Hardware.h */,
				1DBA0086205A7C1D0019DB1A /* UIDevice+Hardware.m */,
				1D0A80BC2052988C0080600B /* WZKAnimation.h */,
				1D0A80BD2052988C0080600B /* WZKAnimation.m */,
			);
			path = System;
			sourceTree = "<group>";
		};
		1DDC9AF42126A35E00F53074 /* Block */ = {
			isa = PBXGroup;
			children = (
				1D48BEC2204F8ED800F7A9DA /* StudyBlock.h */,
				1D48BEC3204F8ED800F7A9DA /* StudyBlock.m */,
			);
			path = Block;
			sourceTree = "<group>";
		};
		1DDC9AF52126A36600F53074 /* Runtime */ = {
			isa = PBXGroup;
			children = (
				1D48BEC5204F990200F7A9DA /* StudyRunTime.h */,
				1D48BEC6204F990200F7A9DA /* StudyRunTime.m */,
			);
			path = Runtime;
			sourceTree = "<group>";
		};
		1DDC9AF62126A36F00F53074 /* GCD */ = {
			isa = PBXGroup;
			children = (
				1D48BEC8204FD83700F7A9DA /* StudyGCD.h */,
				1D48BEC9204FD83700F7A9DA /* StudyGCD.m */,
			);
			path = GCD;
			sourceTree = "<group>";
		};
		1DDC9AF72126A37900F53074 /* RAC */ = {
			isa = PBXGroup;
			children = (
				1D9AC598205B651B002ABE58 /* StudyRACModel.h */,
				1D9AC599205B651B002ABE58 /* StudyRACModel.m */,
				1D4ACCFA2061FDE100C2A92B /* StudyRACView.h */,
				1D4ACCFB2061FDE100C2A92B /* StudyRACView.m */,
				1D4ACCFD2061FE0200C2A92B /* StudyRACViewModel.h */,
				1D4ACCFE2061FE0200C2A92B /* StudyRACViewModel.m */,
			);
			path = RAC;
			sourceTree = "<group>";
		};
		1DDC9AF82126A38200F53074 /* RunLoop */ = {
			isa = PBXGroup;
			children = (
				1D2B818620734D5500AABEF2 /* RunLoopTime.h */,
				1D2B818720734D5500AABEF2 /* RunLoopTime.m */,
			);
			path = RunLoop;
			sourceTree = "<group>";
		};
		1DF3C17F1F163AB900EC8155 /* font_zf8js534raf6flxr */ = {
			isa = PBXGroup;
			children = (
				1DF3C1801F163AB900EC8155 /* demo.css */,
				1DF3C1811F163AB900EC8155 /* demo_fontclass.html */,
				1DF3C1821F163AB900EC8155 /* demo_symbol.html */,
				1DF3C1831F163AB900EC8155 /* demo_unicode.html */,
				1DF3C1841F163AB900EC8155 /* iconfont.css */,
				1DF3C1851F163AB900EC8155 /* iconfont.eot */,
				1DF3C1861F163AB900EC8155 /* iconfont.js */,
				1DF3C1871F163AB900EC8155 /* iconfont.svg */,
				1DF3C1881F163AB900EC8155 /* iconfont.ttf */,
				1DF3C1891F163AB900EC8155 /* iconfont.woff */,
			);
			path = font_zf8js534raf6flxr;
			sourceTree = "<group>";
		};
		1DF50203212AC9D6002C87BA /* 包装 */ = {
			isa = PBXGroup;
			children = (
				1DF50204212AC9D6002C87BA /* Bottle.h */,
				1DF50205212AC9D6002C87BA /* Bottle.m */,
				1DF50206212AC9D6002C87BA /* Packing.h */,
				1DF50207212AC9D6002C87BA /* Wrapper.h */,
				1DF50208212AC9D6002C87BA /* Wrapper.m */,
			);
			path = "包装";
			sourceTree = "<group>";
		};
		6DC707D5A025ECE1EA8FD010 /* Pods */ = {
			isa = PBXGroup;
			children = (
				26C6B9F64F74D38DB6598374 /* Pods-PodProduct.debug.xcconfig */,
				53661698CC4DFE175F61A405 /* Pods-PodProduct.release.xcconfig */,
			);
			name = Pods;
			sourceTree = "<group>";
		};
		F41C781773D326753B251DE4 /* Frameworks */ = {
			isa = PBXGroup;
			children = (
				82890BD67DF50D42652E4BCD /* libPods-PodProduct.a */,
				1D353C381F3AFA220021FE15 /* NotificationCenter.framework */,
			);
			name = Frameworks;
			sourceTree = "<group>";
		};
/* End PBXGroup section */

/* Begin PBXNativeTarget section */
		1D7E9B161EEE8D34008F18BF /* PodProduct */ = {
			isa = PBXNativeTarget;
			buildConfigurationList = 1D7E9B441EEE8D34008F18BF /* Build configuration list for PBXNativeTarget "PodProduct" */;
			buildPhases = (
				721A5EDB1E994AFA3B15B285 /* [CP] Check Pods Manifest.lock */,
				1D7E9B131EEE8D34008F18BF /* Sources */,
				1D7E9B141EEE8D34008F18BF /* Frameworks */,
				1D7E9B151EEE8D34008F18BF /* Resources */,
				1953A5B51ADAA3B90B2430B1 /* [CP] Embed Pods Frameworks */,
				224B8D997878111E9F5B835E /* [CP] Copy Pods Resources */,
				1D353C481F3AFA220021FE15 /* Embed App Extensions */,
				1D8E15C0205257DC0031B19D /* Embed Frameworks */,
			);
			buildRules = (
			);
			dependencies = (
			);
			name = PodProduct;
			productName = PodProduct;
			productReference = 1D7E9B171EEE8D34008F18BF /* PodProduct.app */;
			productType = "com.apple.product-type.application";
		};
		1D7E9B2F1EEE8D34008F18BF /* PodProductTests */ = {
			isa = PBXNativeTarget;
			buildConfigurationList = 1D7E9B471EEE8D34008F18BF /* Build configuration list for PBXNativeTarget "PodProductTests" */;
			buildPhases = (
				1D7E9B2C1EEE8D34008F18BF /* Sources */,
				1D7E9B2D1EEE8D34008F18BF /* Frameworks */,
				1D7E9B2E1EEE8D34008F18BF /* Resources */,
			);
			buildRules = (
			);
			dependencies = (
				1D7E9B321EEE8D34008F18BF /* PBXTargetDependency */,
			);
			name = PodProductTests;
			productName = PodProductTests;
			productReference = 1D7E9B301EEE8D34008F18BF /* PodProductTests.xctest */;
			productType = "com.apple.product-type.bundle.unit-test";
		};
		1D7E9B3A1EEE8D34008F18BF /* PodProductUITests */ = {
			isa = PBXNativeTarget;
			buildConfigurationList = 1D7E9B4A1EEE8D34008F18BF /* Build configuration list for PBXNativeTarget "PodProductUITests" */;
			buildPhases = (
				1D7E9B371EEE8D34008F18BF /* Sources */,
				1D7E9B381EEE8D34008F18BF /* Frameworks */,
				1D7E9B391EEE8D34008F18BF /* Resources */,
			);
			buildRules = (
			);
			dependencies = (
				1D7E9B3D1EEE8D34008F18BF /* PBXTargetDependency */,
			);
			name = PodProductUITests;
			productName = PodProductUITests;
			productReference = 1D7E9B3B1EEE8D34008F18BF /* PodProductUITests.xctest */;
			productType = "com.apple.product-type.bundle.ui-testing";
		};
/* End PBXNativeTarget section */

/* Begin PBXProject section */
		1D7E9B0F1EEE8D34008F18BF /* Project object */ = {
			isa = PBXProject;
			attributes = {
				LastUpgradeCheck = 0830;
				ORGANIZATIONNAME = wzk;
				TargetAttributes = {
					1D7E9B161EEE8D34008F18BF = {
						CreatedOnToolsVersion = 8.3.3;
						DevelopmentTeam = 65ZPEUXB9L;
						ProvisioningStyle = Automatic;
						SystemCapabilities = {
							com.apple.BackgroundModes = {
								enabled = 1;
							};
						};
					};
					1D7E9B2F1EEE8D34008F18BF = {
						CreatedOnToolsVersion = 8.3.3;
						DevelopmentTeam = 65ZPEUXB9L;
						ProvisioningStyle = Automatic;
						TestTargetID = 1D7E9B161EEE8D34008F18BF;
					};
					1D7E9B3A1EEE8D34008F18BF = {
						CreatedOnToolsVersion = 8.3.3;
						DevelopmentTeam = 65ZPEUXB9L;
						ProvisioningStyle = Automatic;
						TestTargetID = 1D7E9B161EEE8D34008F18BF;
					};
				};
			};
			buildConfigurationList = 1D7E9B121EEE8D34008F18BF /* Build configuration list for PBXProject "PodProduct" */;
			compatibilityVersion = "Xcode 3.2";
			developmentRegion = English;
			hasScannedForEncodings = 0;
			knownRegions = (
				en,
				Base,
			);
			mainGroup = 1D7E9B0E1EEE8D34008F18BF;
			productRefGroup = 1D7E9B181EEE8D34008F18BF /* Products */;
			projectDirPath = "";
			projectRoot = "";
			targets = (
				1D7E9B161EEE8D34008F18BF /* PodProduct */,
				1D7E9B2F1EEE8D34008F18BF /* PodProductTests */,
				1D7E9B3A1EEE8D34008F18BF /* PodProductUITests */,
			);
		};
/* End PBXProject section */

/* Begin PBXResourcesBuildPhase section */
		1D7E9B151EEE8D34008F18BF /* Resources */ = {
			isa = PBXResourcesBuildPhase;
			buildActionMask = 2147483647;
			files = (
				1DF3C18A1F163AB900EC8155 /* demo.css in Resources */,
				1D7E9B2A1EEE8D34008F18BF /* LaunchScreen.storyboard in Resources */,
				1D7E9B271EEE8D34008F18BF /* Assets.xcassets in Resources */,
				1DF3C1931F163AB900EC8155 /* iconfont.woff in Resources */,
				1DF3C18E1F163AB900EC8155 /* iconfont.css in Resources */,
				1DF3C18F1F163AB900EC8155 /* iconfont.eot in Resources */,
				1DF3C1911F163AB900EC8155 /* iconfont.svg in Resources */,
				1D748E741F62484500F6E41E /* ScanQRCodeViewController.xib in Resources */,
				1DBA008E205A7C1D0019DB1A /* sound.plist in Resources */,
				1DF3C18D1F163AB900EC8155 /* demo_unicode.html in Resources */,
				1DF3C18C1F163AB900EC8155 /* demo_symbol.html in Resources */,
				1DF3C1921F163AB900EC8155 /* iconfont.ttf in Resources */,
				1DF3C18B1F163AB900EC8155 /* demo_fontclass.html in Resources */,
				1DF3C1901F163AB900EC8155 /* iconfont.js in Resources */,
				1D7E9B251EEE8D34008F18BF /* Main.storyboard in Resources */,
				1D8E158A20523A9B0031B19D /* LoginVC.xib in Resources */,
				1D5DC4172016E9A300AA7A4E /* Presents.plist in Resources */,
			);
			runOnlyForDeploymentPostprocessing = 0;
		};
		1D7E9B2E1EEE8D34008F18BF /* Resources */ = {
			isa = PBXResourcesBuildPhase;
			buildActionMask = 2147483647;
			files = (
			);
			runOnlyForDeploymentPostprocessing = 0;
		};
		1D7E9B391EEE8D34008F18BF /* Resources */ = {
			isa = PBXResourcesBuildPhase;
			buildActionMask = 2147483647;
			files = (
			);
			runOnlyForDeploymentPostprocessing = 0;
		};
/* End PBXResourcesBuildPhase section */

/* Begin PBXShellScriptBuildPhase section */
		1953A5B51ADAA3B90B2430B1 /* [CP] Embed Pods Frameworks */ = {
			isa = PBXShellScriptBuildPhase;
			buildActionMask = 2147483647;
			files = (
			);
			inputPaths = (
			);
			name = "[CP] Embed Pods Frameworks";
			outputPaths = (
			);
			runOnlyForDeploymentPostprocessing = 0;
			shellPath = /bin/sh;
			shellScript = "\"${SRCROOT}/Pods/Target Support Files/Pods-PodProduct/Pods-PodProduct-frameworks.sh\"\n";
			showEnvVarsInLog = 0;
		};
		224B8D997878111E9F5B835E /* [CP] Copy Pods Resources */ = {
			isa = PBXShellScriptBuildPhase;
			buildActionMask = 2147483647;
			files = (
			);
			inputPaths = (
			);
			name = "[CP] Copy Pods Resources";
			outputPaths = (
			);
			runOnlyForDeploymentPostprocessing = 0;
			shellPath = /bin/sh;
			shellScript = "\"${SRCROOT}/Pods/Target Support Files/Pods-PodProduct/Pods-PodProduct-resources.sh\"\n";
			showEnvVarsInLog = 0;
		};
		721A5EDB1E994AFA3B15B285 /* [CP] Check Pods Manifest.lock */ = {
			isa = PBXShellScriptBuildPhase;
			buildActionMask = 2147483647;
			files = (
			);
			inputPaths = (
			);
			name = "[CP] Check Pods Manifest.lock";
			outputPaths = (
			);
			runOnlyForDeploymentPostprocessing = 0;
			shellPath = /bin/sh;
			shellScript = "diff \"${PODS_PODFILE_DIR_PATH}/Podfile.lock\" \"${PODS_ROOT}/Manifest.lock\" > /dev/null\nif [ $? != 0 ] ; then\n    # print error to STDERR\n    echo \"error: The sandbox is not in sync with the Podfile.lock. Run 'pod install' or update your CocoaPods installation.\" >&2\n    exit 1\nfi\n";
			showEnvVarsInLog = 0;
		};
/* End PBXShellScriptBuildPhase section */

/* Begin PBXSourcesBuildPhase section */
		1D7E9B131EEE8D34008F18BF /* Sources */ = {
			isa = PBXSourcesBuildPhase;
			buildActionMask = 2147483647;
			files = (
				1D678CF7200DCC0700200B29 /* FontConfig.m in Sources */,
				1D678CF4200DCBDF00200B29 /* ColorConfig.m in Sources */,
				1D5ECEF41F66257D00370606 /* ExcelRightView.m in Sources */,
				1D82262C212A6499002D3EA0 /* Rectangle.m in Sources */,
				1DA1D52C1FB02CD3003FEB38 /* UIColor+HexColor.m in Sources */,
				1D822658212A936F002D3EA0 /* BuilderPatternDemo.m in Sources */,
				1D822640212A8661002D3EA0 /* Burger.m in Sources */,
				1DA672FF1EF0F5F3007C2348 /* BaseTextView.m in Sources */,
				1D748E851F62788600F6E41E /* SubtypeView.m in Sources */,
				1D82264C212A8B62002D3EA0 /* Coke.m in Sources */,
				1DB93ABB1EEFE09D00A6BAD7 /* HUDView.m in Sources */,
				1DA672FC1EF0F5E0007C2348 /* BaseTextField.m in Sources */,
				1D9AC59A205B651B002ABE58 /* StudyRACModel.m in Sources */,
				1D8E158D2052533A0031B19D /* LoginVM.m in Sources */,
				1D1AA62E1F59250400A591E8 /* BaseTableViewCell.m in Sources */,
				1D0A80BE2052988C0080600B /* WZKAnimation.m in Sources */,
				1D822623212A6499002D3EA0 /* AbstractFactoryPatternDemo.m in Sources */,
				1D822625212A6499002D3EA0 /* Green.m in Sources */,
				1DBA0091205A7C1D0019DB1A /* AudioMethod.m in Sources */,
				1D748E731F62484500F6E41E /* ScanQRCodeViewController.m in Sources */,
				1D748E821F62788600F6E41E /* ExcelCell.m in Sources */,
				1DBA008C205A7C1D0019DB1A /* PathAndFiled.m in Sources */,
				1D822629212A6499002D3EA0 /* ShapeFactory.m in Sources */,
				1D748E841F62788600F6E41E /* ExcelView.m in Sources */,
				1DBA008F205A7C1D0019DB1A /* CallSMS.m in Sources */,
				1D822643212A87D9002D3EA0 /* ColdDrink.m in Sources */,
				1D8E158920523A9B0031B19D /* LoginVC.m in Sources */,
				1D82264F212A8D06002D3EA0 /* Pepsi.m in Sources */,
				1D822655212A90DB002D3EA0 /* MealBuilder.m in Sources */,
				1D1AA62B1F5924F300A591E8 /* BaseTableView.m in Sources */,
				1D4ACCFF2061FE0200C2A92B /* StudyRACViewModel.m in Sources */,
				1D822627212A6499002D3EA0 /* AbstractFactory.m in Sources */,
				1DF5020A212AC9D6002C87BA /* Wrapper.m in Sources */,
				1DA1D52A1FB02CD3003FEB38 /* NSNumber+Format.m in Sources */,
				1DF50209212AC9D6002C87BA /* Bottle.m in Sources */,
				1DA673031EF11AAF007C2348 /* IconFontImageView.m in Sources */,
				1D7E9B221EEE8D34008F18BF /* ViewController.m in Sources */,
				1D822624212A6499002D3EA0 /* Blue.m in Sources */,
				1D8E158520523A520031B19D /* ExcelViewController.m in Sources */,
				1D2DDC93200C46E8005E8F53 /* NSData+Base64.m in Sources */,
				1DBA0090205A7C1D0019DB1A /* UIDevice+Hardware.m in Sources */,
				1DA1D52D1FB02CD3003FEB38 /* UIImage+Extension.m in Sources */,
				1D822630212A64BB002D3EA0 /* SingleObject.m in Sources */,
				1D822628212A6499002D3EA0 /* ColorFactory.m in Sources */,
				1DB93AD71EEFE61D00A6BAD7 /* BaseViewController.m in Sources */,
				1DB93ACE1EEFE5E400A6BAD7 /* BaseButton.m in Sources */,
				1D2DDC99200C46ED005E8F53 /* CodeResourcesClass.m in Sources */,
				1DB93AD41EEFE60800A6BAD7 /* BaseImageView.m in Sources */,
				1DA1D52E1FB02CD4003FEB38 /* UIView+Extension.m in Sources */,
				1DC9F5E11F6781410088275C /* ExcelContentView.m in Sources */,
				1D2DDC94200C46E8005E8F53 /* NSString+Base64.m in Sources */,
				1D7E9B1F1EEE8D34008F18BF /* AppDelegate.m in Sources */,
				1D82262B212A6499002D3EA0 /* Circle.m in Sources */,
				1D2DDC95200C46E8005E8F53 /* RSAEncryptor.m in Sources */,
				1D82262D212A6499002D3EA0 /* Square.m in Sources */,
				1D822649212A88C4002D3EA0 /* ChickenBurger.m in Sources */,
				1D822652212A8D33002D3EA0 /* Meal.m in Sources */,
				1DBA008D205A7C1D0019DB1A /* PhotoImage.m in Sources */,
				1DB93ACA1EEFE14700A6BAD7 /* TimeStampToString.m in Sources */,
				1DB93AC71EEFE12F00A6BAD7 /* NetworkManage.m in Sources */,
				1D822626212A6499002D3EA0 /* Red.m in Sources */,
				1D48BEC4204F8ED800F7A9DA /* StudyBlock.m in Sources */,
				1DB93AD11EEFE5F600A6BAD7 /* BaseLabel.m in Sources */,
				1DB93ADD1EEFE74400A6BAD7 /* BaseTabBarController.m in Sources */,
				1DB93ADA1EEFE64600A6BAD7 /* BaseNavigateController.m in Sources */,
				1D48BEC7204F990200F7A9DA /* StudyRunTime.m in Sources */,
				1D82262A212A6499002D3EA0 /* FactoryProducer.m in Sources */,
				1D7E9B1C1EEE8D34008F18BF /* main.m in Sources */,
				1D822646212A8866002D3EA0 /* VegBurger.m in Sources */,
				1D48BECA204FD83700F7A9DA /* StudyGCD.m in Sources */,
				1D03C5B0202306090007C46B /* LoginModel.m in Sources */,
				1D748E831F62788600F6E41E /* ExcelLeftView.m in Sources */,
				1DA1D52B1FB02CD3003FEB38 /* NSString+Extension.m in Sources */,
				1D2B818820734D5500AABEF2 /* RunLoopTime.m in Sources */,
				1D4ACCFC2061FDE100C2A92B /* StudyRACView.m in Sources */,
			);
			runOnlyForDeploymentPostprocessing = 0;
		};
		1D7E9B2C1EEE8D34008F18BF /* Sources */ = {
			isa = PBXSourcesBuildPhase;
			buildActionMask = 2147483647;
			files = (
				1DA5063D1FD4FA2200C48CFE /* WZKTests.m in Sources */,
				1D822631212A678D002D3EA0 /* SingleObject.m in Sources */,
				1D7E9B351EEE8D34008F18BF /* PodProductTests.m in Sources */,
			);
			runOnlyForDeploymentPostprocessing = 0;
		};
		1D7E9B371EEE8D34008F18BF /* Sources */ = {
			isa = PBXSourcesBuildPhase;
			buildActionMask = 2147483647;
			files = (
				1D822632212A678D002D3EA0 /* SingleObject.m in Sources */,
				1D7E9B401EEE8D34008F18BF /* PodProductUITests.m in Sources */,
			);
			runOnlyForDeploymentPostprocessing = 0;
		};
/* End PBXSourcesBuildPhase section */

/* Begin PBXTargetDependency section */
		1D7E9B321EEE8D34008F18BF /* PBXTargetDependency */ = {
			isa = PBXTargetDependency;
			target = 1D7E9B161EEE8D34008F18BF /* PodProduct */;
			targetProxy = 1D7E9B311EEE8D34008F18BF /* PBXContainerItemProxy */;
		};
		1D7E9B3D1EEE8D34008F18BF /* PBXTargetDependency */ = {
			isa = PBXTargetDependency;
			target = 1D7E9B161EEE8D34008F18BF /* PodProduct */;
			targetProxy = 1D7E9B3C1EEE8D34008F18BF /* PBXContainerItemProxy */;
		};
/* End PBXTargetDependency section */

/* Begin PBXVariantGroup section */
		1D7E9B231EEE8D34008F18BF /* Main.storyboard */ = {
			isa = PBXVariantGroup;
			children = (
				1D7E9B241EEE8D34008F18BF /* Base */,
			);
			name = Main.storyboard;
			sourceTree = "<group>";
		};
		1D7E9B281EEE8D34008F18BF /* LaunchScreen.storyboard */ = {
			isa = PBXVariantGroup;
			children = (
				1D7E9B291EEE8D34008F18BF /* Base */,
			);
			name = LaunchScreen.storyboard;
			sourceTree = "<group>";
		};
/* End PBXVariantGroup section */

/* Begin XCBuildConfiguration section */
		1D7E9B421EEE8D34008F18BF /* Debug */ = {
			isa = XCBuildConfiguration;
			buildSettings = {
				ALWAYS_SEARCH_USER_PATHS = NO;
				CLANG_ANALYZER_NONNULL = YES;
				CLANG_ANALYZER_NUMBER_OBJECT_CONVERSION = YES_AGGRESSIVE;
				CLANG_CXX_LANGUAGE_STANDARD = "gnu++0x";
				CLANG_CXX_LIBRARY = "libc++";
				CLANG_ENABLE_MODULES = YES;
				CLANG_ENABLE_OBJC_ARC = YES;
				CLANG_WARN_BOOL_CONVERSION = YES;
				CLANG_WARN_CONSTANT_CONVERSION = YES;
				CLANG_WARN_DIRECT_OBJC_ISA_USAGE = YES_ERROR;
				CLANG_WARN_DOCUMENTATION_COMMENTS = YES;
				CLANG_WARN_EMPTY_BODY = YES;
				CLANG_WARN_ENUM_CONVERSION = YES;
				CLANG_WARN_INFINITE_RECURSION = YES;
				CLANG_WARN_INT_CONVERSION = YES;
				CLANG_WARN_OBJC_ROOT_CLASS = YES_ERROR;
				CLANG_WARN_SUSPICIOUS_MOVE = YES;
				CLANG_WARN_UNREACHABLE_CODE = YES;
				CLANG_WARN__DUPLICATE_METHOD_MATCH = YES;
				"CODE_SIGN_IDENTITY[sdk=iphoneos*]" = "iPhone Developer";
				COPY_PHASE_STRIP = NO;
				DEBUG_INFORMATION_FORMAT = dwarf;
				ENABLE_STRICT_OBJC_MSGSEND = YES;
				ENABLE_TESTABILITY = YES;
				GCC_C_LANGUAGE_STANDARD = gnu99;
				GCC_DYNAMIC_NO_PIC = NO;
				GCC_NO_COMMON_BLOCKS = YES;
				GCC_OPTIMIZATION_LEVEL = 0;
				GCC_PREPROCESSOR_DEFINITIONS = (
					"DEBUG=1",
					"$(inherited)",
				);
				GCC_WARN_64_TO_32_BIT_CONVERSION = YES;
				GCC_WARN_ABOUT_RETURN_TYPE = YES_ERROR;
				GCC_WARN_UNDECLARED_SELECTOR = YES;
				GCC_WARN_UNINITIALIZED_AUTOS = YES_AGGRESSIVE;
				GCC_WARN_UNUSED_FUNCTION = YES;
				GCC_WARN_UNUSED_VARIABLE = YES;
				IPHONEOS_DEPLOYMENT_TARGET = 9.0;
				MTL_ENABLE_DEBUG_INFO = YES;
				ONLY_ACTIVE_ARCH = YES;
				SDKROOT = iphoneos;
				TARGETED_DEVICE_FAMILY = "1,2";
			};
			name = Debug;
		};
		1D7E9B431EEE8D34008F18BF /* Release */ = {
			isa = XCBuildConfiguration;
			buildSettings = {
				ALWAYS_SEARCH_USER_PATHS = NO;
				CLANG_ANALYZER_NONNULL = YES;
				CLANG_ANALYZER_NUMBER_OBJECT_CONVERSION = YES_AGGRESSIVE;
				CLANG_CXX_LANGUAGE_STANDARD = "gnu++0x";
				CLANG_CXX_LIBRARY = "libc++";
				CLANG_ENABLE_MODULES = YES;
				CLANG_ENABLE_OBJC_ARC = YES;
				CLANG_WARN_BOOL_CONVERSION = YES;
				CLANG_WARN_CONSTANT_CONVERSION = YES;
				CLANG_WARN_DIRECT_OBJC_ISA_USAGE = YES_ERROR;
				CLANG_WARN_DOCUMENTATION_COMMENTS = YES;
				CLANG_WARN_EMPTY_BODY = YES;
				CLANG_WARN_ENUM_CONVERSION = YES;
				CLANG_WARN_INFINITE_RECURSION = YES;
				CLANG_WARN_INT_CONVERSION = YES;
				CLANG_WARN_OBJC_ROOT_CLASS = YES_ERROR;
				CLANG_WARN_SUSPICIOUS_MOVE = YES;
				CLANG_WARN_UNREACHABLE_CODE = YES;
				CLANG_WARN__DUPLICATE_METHOD_MATCH = YES;
				"CODE_SIGN_IDENTITY[sdk=iphoneos*]" = "iPhone Developer";
				COPY_PHASE_STRIP = NO;
				DEBUG_INFORMATION_FORMAT = "dwarf-with-dsym";
				ENABLE_NS_ASSERTIONS = NO;
				ENABLE_STRICT_OBJC_MSGSEND = YES;
				GCC_C_LANGUAGE_STANDARD = gnu99;
				GCC_NO_COMMON_BLOCKS = YES;
				GCC_WARN_64_TO_32_BIT_CONVERSION = YES;
				GCC_WARN_ABOUT_RETURN_TYPE = YES_ERROR;
				GCC_WARN_UNDECLARED_SELECTOR = YES;
				GCC_WARN_UNINITIALIZED_AUTOS = YES_AGGRESSIVE;
				GCC_WARN_UNUSED_FUNCTION = YES;
				GCC_WARN_UNUSED_VARIABLE = YES;
				IPHONEOS_DEPLOYMENT_TARGET = 9.0;
				MTL_ENABLE_DEBUG_INFO = NO;
				SDKROOT = iphoneos;
				TARGETED_DEVICE_FAMILY = "1,2";
				VALIDATE_PRODUCT = YES;
			};
			name = Release;
		};
		1D7E9B451EEE8D34008F18BF /* Debug */ = {
			isa = XCBuildConfiguration;
			baseConfigurationReference = 26C6B9F64F74D38DB6598374 /* Pods-PodProduct.debug.xcconfig */;
			buildSettings = {
				ASSETCATALOG_COMPILER_APPICON_NAME = AppIcon;
				ASSETCATALOG_COMPILER_LAUNCHIMAGE_NAME = LaunchImage;
				CLANG_WARN_DOCUMENTATION_COMMENTS = NO;
				CODE_SIGN_IDENTITY = "iPhone Developer";
				"CODE_SIGN_IDENTITY[sdk=iphoneos*]" = "iPhone Developer";
				CODE_SIGN_STYLE = Automatic;
				DEVELOPMENT_TEAM = 65ZPEUXB9L;
				FRAMEWORK_SEARCH_PATHS = (
					"$(inherited)",
					"$(PROJECT_DIR)/PodProduct/Modules/ZhiBo/Classes/Vendors/NIMSDK/NIMAVChat",
					"$(PROJECT_DIR)/PodProduct/Modules/ZhiBo/Classes/Vendors/NIMSDK/NIMSDK",
					"$(PROJECT_DIR)/PodProduct/Tools/Vendors/NIMSDK/NIMAVChat",
					"$(PROJECT_DIR)/PodProduct/Tools/Vendors/NIMSDK/NIMSDK",
				);
				GCC_PRECOMPILE_PREFIX_HEADER = YES;
				GCC_PREFIX_HEADER = "$(PROJECT_DIR)/PodProduct/PrefixHeader.pch";
				INFOPLIST_FILE = PodProduct/Info.plist;
				IPHONEOS_DEPLOYMENT_TARGET = 9.0;
				LD_RUNPATH_SEARCH_PATHS = "$(inherited) @executable_path/Frameworks";
				LIBRARY_SEARCH_PATHS = (
					"$(inherited)",
					"$(PROJECT_DIR)/PodProduct/Modules/ZhiBo/Classes/Vendors/NIMLivePlayer/libs",
					"$(PROJECT_DIR)/PodProduct/Modules/ZhiBo/Classes/Vendors/NIMSDK/NIMAVChat/Libs",
					"$(PROJECT_DIR)/PodProduct/Modules/ZhiBo/Classes/Vendors/NIMSDK/NIMSDK/Libs",
					"$(PROJECT_DIR)/PodProduct/Tools/Vendors/NIMLivePlayer/libs",
					"$(PROJECT_DIR)/PodProduct/Tools/Vendors/NIMSDK/NIMAVChat/Libs",
					"$(PROJECT_DIR)/PodProduct/Tools/Vendors/NIMSDK/NIMSDK/Libs",
				);
				PRODUCT_BUNDLE_IDENTIFIER = com.wzk.testApp.test001;
				PRODUCT_NAME = "$(TARGET_NAME)";
				PROVISIONING_PROFILE = "";
				PROVISIONING_PROFILE_SPECIFIER = "";
			};
			name = Debug;
		};
		1D7E9B461EEE8D34008F18BF /* Release */ = {
			isa = XCBuildConfiguration;
			baseConfigurationReference = 53661698CC4DFE175F61A405 /* Pods-PodProduct.release.xcconfig */;
			buildSettings = {
				ASSETCATALOG_COMPILER_APPICON_NAME = AppIcon;
				ASSETCATALOG_COMPILER_LAUNCHIMAGE_NAME = LaunchImage;
				CLANG_WARN_DOCUMENTATION_COMMENTS = NO;
				CODE_SIGN_IDENTITY = "iPhone Developer";
				"CODE_SIGN_IDENTITY[sdk=iphoneos*]" = "iPhone Developer";
				CODE_SIGN_STYLE = Automatic;
				DEVELOPMENT_TEAM = 65ZPEUXB9L;
				FRAMEWORK_SEARCH_PATHS = (
					"$(inherited)",
					"$(PROJECT_DIR)/PodProduct/Modules/ZhiBo/Classes/Vendors/NIMSDK/NIMAVChat",
					"$(PROJECT_DIR)/PodProduct/Modules/ZhiBo/Classes/Vendors/NIMSDK/NIMSDK",
					"$(PROJECT_DIR)/PodProduct/Tools/Vendors/NIMSDK/NIMAVChat",
					"$(PROJECT_DIR)/PodProduct/Tools/Vendors/NIMSDK/NIMSDK",
				);
				GCC_PRECOMPILE_PREFIX_HEADER = YES;
				GCC_PREFIX_HEADER = "$(PROJECT_DIR)/PodProduct/PrefixHeader.pch";
				INFOPLIST_FILE = PodProduct/Info.plist;
				IPHONEOS_DEPLOYMENT_TARGET = 9.0;
				LD_RUNPATH_SEARCH_PATHS = "$(inherited) @executable_path/Frameworks";
				LIBRARY_SEARCH_PATHS = (
					"$(inherited)",
					"$(PROJECT_DIR)/PodProduct/Modules/ZhiBo/Classes/Vendors/NIMLivePlayer/libs",
					"$(PROJECT_DIR)/PodProduct/Modules/ZhiBo/Classes/Vendors/NIMSDK/NIMAVChat/Libs",
					"$(PROJECT_DIR)/PodProduct/Modules/ZhiBo/Classes/Vendors/NIMSDK/NIMSDK/Libs",
					"$(PROJECT_DIR)/PodProduct/Tools/Vendors/NIMLivePlayer/libs",
					"$(PROJECT_DIR)/PodProduct/Tools/Vendors/NIMSDK/NIMAVChat/Libs",
					"$(PROJECT_DIR)/PodProduct/Tools/Vendors/NIMSDK/NIMSDK/Libs",
				);
				PRODUCT_BUNDLE_IDENTIFIER = com.wzk.testApp.test001;
				PRODUCT_NAME = "$(TARGET_NAME)";
				PROVISIONING_PROFILE = "";
				PROVISIONING_PROFILE_SPECIFIER = "";
			};
			name = Release;
		};
		1D7E9B481EEE8D34008F18BF /* Debug */ = {
			isa = XCBuildConfiguration;
			buildSettings = {
				BUNDLE_LOADER = "$(TEST_HOST)";
				DEVELOPMENT_TEAM = 65ZPEUXB9L;
				INFOPLIST_FILE = PodProductTests/Info.plist;
				LD_RUNPATH_SEARCH_PATHS = "$(inherited) @executable_path/Frameworks @loader_path/Frameworks";
				PRODUCT_BUNDLE_IDENTIFIER = PodProduct.PodProductTests;
				PRODUCT_NAME = "$(TARGET_NAME)";
				TEST_HOST = "$(BUILT_PRODUCTS_DIR)/PodProduct.app/PodProduct";
			};
			name = Debug;
		};
		1D7E9B491EEE8D34008F18BF /* Release */ = {
			isa = XCBuildConfiguration;
			buildSettings = {
				BUNDLE_LOADER = "$(TEST_HOST)";
				DEVELOPMENT_TEAM = 65ZPEUXB9L;
				INFOPLIST_FILE = PodProductTests/Info.plist;
				LD_RUNPATH_SEARCH_PATHS = "$(inherited) @executable_path/Frameworks @loader_path/Frameworks";
				PRODUCT_BUNDLE_IDENTIFIER = PodProduct.PodProductTests;
				PRODUCT_NAME = "$(TARGET_NAME)";
				TEST_HOST = "$(BUILT_PRODUCTS_DIR)/PodProduct.app/PodProduct";
			};
			name = Release;
		};
		1D7E9B4B1EEE8D34008F18BF /* Debug */ = {
			isa = XCBuildConfiguration;
			buildSettings = {
				DEVELOPMENT_TEAM = 65ZPEUXB9L;
				INFOPLIST_FILE = PodProductUITests/Info.plist;
				LD_RUNPATH_SEARCH_PATHS = "$(inherited) @executable_path/Frameworks @loader_path/Frameworks";
				PRODUCT_BUNDLE_IDENTIFIER = PodProduct.PodProductUITests;
				PRODUCT_NAME = "$(TARGET_NAME)";
				TEST_TARGET_NAME = PodProduct;
			};
			name = Debug;
		};
		1D7E9B4C1EEE8D34008F18BF /* Release */ = {
			isa = XCBuildConfiguration;
			buildSettings = {
				DEVELOPMENT_TEAM = 65ZPEUXB9L;
				INFOPLIST_FILE = PodProductUITests/Info.plist;
				LD_RUNPATH_SEARCH_PATHS = "$(inherited) @executable_path/Frameworks @loader_path/Frameworks";
				PRODUCT_BUNDLE_IDENTIFIER = PodProduct.PodProductUITests;
				PRODUCT_NAME = "$(TARGET_NAME)";
				TEST_TARGET_NAME = PodProduct;
			};
			name = Release;
		};
/* End XCBuildConfiguration section */

/* Begin XCConfigurationList section */
		1D7E9B121EEE8D34008F18BF /* Build configuration list for PBXProject "PodProduct" */ = {
			isa = XCConfigurationList;
			buildConfigurations = (
				1D7E9B421EEE8D34008F18BF /* Debug */,
				1D7E9B431EEE8D34008F18BF /* Release */,
			);
			defaultConfigurationIsVisible = 0;
			defaultConfigurationName = Release;
		};
		1D7E9B441EEE8D34008F18BF /* Build configuration list for PBXNativeTarget "PodProduct" */ = {
			isa = XCConfigurationList;
			buildConfigurations = (
				1D7E9B451EEE8D34008F18BF /* Debug */,
				1D7E9B461EEE8D34008F18BF /* Release */,
			);
			defaultConfigurationIsVisible = 0;
			defaultConfigurationName = Release;
		};
		1D7E9B471EEE8D34008F18BF /* Build configuration list for PBXNativeTarget "PodProductTests" */ = {
			isa = XCConfigurationList;
			buildConfigurations = (
				1D7E9B481EEE8D34008F18BF /* Debug */,
				1D7E9B491EEE8D34008F18BF /* Release */,
			);
			defaultConfigurationIsVisible = 0;
			defaultConfigurationName = Release;
		};
		1D7E9B4A1EEE8D34008F18BF /* Build configuration list for PBXNativeTarget "PodProductUITests" */ = {
			isa = XCConfigurationList;
			buildConfigurations = (
				1D7E9B4B1EEE8D34008F18BF /* Debug */,
				1D7E9B4C1EEE8D34008F18BF /* Release */,
			);
			defaultConfigurationIsVisible = 0;
			defaultConfigurationName = Release;
		};
/* End XCConfigurationList section */
	};
	rootObject = 1D7E9B0F1EEE8D34008F18BF /* Project object */;
}
