// !$*UTF8*$!
{
	archiveVersion = 1;
	classes = {
	};
	objectVersion = 46;
	objects = {

/* Begin PBXBuildFile section */
		1D1AA62B1F5924F300A591E8 /* BaseTableView.m in Sources */ = {isa = PBXBuildFile; fileRef = 1D1AA62A1F5924F300A591E8 /* BaseTableView.m */; };
		1D1AA62E1F59250400A591E8 /* BaseTableViewCell.m in Sources */ = {isa = PBXBuildFile; fileRef = 1D1AA62D1F59250400A591E8 /* BaseTableViewCell.m */; };
		1D353C391F3AFA220021FE15 /* NotificationCenter.framework in Frameworks */ = {isa = PBXBuildFile; fileRef = 1D353C381F3AFA220021FE15 /* NotificationCenter.framework */; };
		1D353C3D1F3AFA220021FE15 /* TodayViewController.m in Sources */ = {isa = PBXBuildFile; fileRef = 1D353C3C1F3AFA220021FE15 /* TodayViewController.m */; };
		1D353C401F3AFA220021FE15 /* MainInterface.storyboard in Resources */ = {isa = PBXBuildFile; fileRef = 1D353C3E1F3AFA220021FE15 /* MainInterface.storyboard */; };
		1D353C441F3AFA220021FE15 /* ProductToday.appex in Embed App Extensions */ = {isa = PBXBuildFile; fileRef = 1D353C371F3AFA220021FE15 /* ProductToday.appex */; settings = {ATTRIBUTES = (RemoveHeadersOnCopy, ); }; };
		1D353C511F3AFA3C0021FE15 /* ShareViewController.m in Sources */ = {isa = PBXBuildFile; fileRef = 1D353C501F3AFA3C0021FE15 /* ShareViewController.m */; };
		1D353C541F3AFA3C0021FE15 /* MainInterface.storyboard in Resources */ = {isa = PBXBuildFile; fileRef = 1D353C521F3AFA3C0021FE15 /* MainInterface.storyboard */; };
		1D353C581F3AFA3C0021FE15 /* ProductShare.appex in Embed App Extensions */ = {isa = PBXBuildFile; fileRef = 1D353C4D1F3AFA3C0021FE15 /* ProductShare.appex */; settings = {ATTRIBUTES = (RemoveHeadersOnCopy, ); }; };
		1D353C641F3AFC870021FE15 /* ProductAudioAudioUnit.m in Sources */ = {isa = PBXBuildFile; fileRef = 1D353C631F3AFC870021FE15 /* ProductAudioAudioUnit.m */; };
		1D353C671F3AFC870021FE15 /* AudioUnitViewController.m in Sources */ = {isa = PBXBuildFile; fileRef = 1D353C661F3AFC870021FE15 /* AudioUnitViewController.m */; };
		1D353C6A1F3AFC870021FE15 /* MainInterface.storyboard in Resources */ = {isa = PBXBuildFile; fileRef = 1D353C681F3AFC870021FE15 /* MainInterface.storyboard */; };
		1D353C6E1F3AFC870021FE15 /* ProductAudio.appex in Embed App Extensions */ = {isa = PBXBuildFile; fileRef = 1D353C601F3AFC870021FE15 /* ProductAudio.appex */; settings = {ATTRIBUTES = (RemoveHeadersOnCopy, ); }; };
		1D748E731F62484500F6E41E /* ScanQRCodeViewController.m in Sources */ = {isa = PBXBuildFile; fileRef = 1D748E711F62484500F6E41E /* ScanQRCodeViewController.m */; };
		1D748E741F62484500F6E41E /* ScanQRCodeViewController.xib in Resources */ = {isa = PBXBuildFile; fileRef = 1D748E721F62484500F6E41E /* ScanQRCodeViewController.xib */; };
		1D748E771F62787800F6E41E /* ExcelViewController.m in Sources */ = {isa = PBXBuildFile; fileRef = 1D748E761F62787800F6E41E /* ExcelViewController.m */; };
		1D748E821F62788600F6E41E /* ExcelCell.m in Sources */ = {isa = PBXBuildFile; fileRef = 1D748E7B1F62788600F6E41E /* ExcelCell.m */; };
		1D748E831F62788600F6E41E /* ExcelLeftView.m in Sources */ = {isa = PBXBuildFile; fileRef = 1D748E7D1F62788600F6E41E /* ExcelLeftView.m */; };
		1D748E841F62788600F6E41E /* ExcelView.m in Sources */ = {isa = PBXBuildFile; fileRef = 1D748E7F1F62788600F6E41E /* ExcelView.m */; };
		1D748E851F62788600F6E41E /* SubtypeView.m in Sources */ = {isa = PBXBuildFile; fileRef = 1D748E811F62788600F6E41E /* SubtypeView.m */; };
		1D7E9B1C1EEE8D34008F18BF /* main.m in Sources */ = {isa = PBXBuildFile; fileRef = 1D7E9B1B1EEE8D34008F18BF /* main.m */; };
		1D7E9B1F1EEE8D34008F18BF /* AppDelegate.m in Sources */ = {isa = PBXBuildFile; fileRef = 1D7E9B1E1EEE8D34008F18BF /* AppDelegate.m */; };
		1D7E9B221EEE8D34008F18BF /* ViewController.m in Sources */ = {isa = PBXBuildFile; fileRef = 1D7E9B211EEE8D34008F18BF /* ViewController.m */; };
		1D7E9B251EEE8D34008F18BF /* Main.storyboard in Resources */ = {isa = PBXBuildFile; fileRef = 1D7E9B231EEE8D34008F18BF /* Main.storyboard */; };
		1D7E9B271EEE8D34008F18BF /* Assets.xcassets in Resources */ = {isa = PBXBuildFile; fileRef = 1D7E9B261EEE8D34008F18BF /* Assets.xcassets */; };
		1D7E9B2A1EEE8D34008F18BF /* LaunchScreen.storyboard in Resources */ = {isa = PBXBuildFile; fileRef = 1D7E9B281EEE8D34008F18BF /* LaunchScreen.storyboard */; };
		1D7E9B351EEE8D34008F18BF /* PodProductTests.m in Sources */ = {isa = PBXBuildFile; fileRef = 1D7E9B341EEE8D34008F18BF /* PodProductTests.m */; };
		1D7E9B401EEE8D34008F18BF /* PodProductUITests.m in Sources */ = {isa = PBXBuildFile; fileRef = 1D7E9B3F1EEE8D34008F18BF /* PodProductUITests.m */; };
		1DA672FC1EF0F5E0007C2348 /* BaseTextField.m in Sources */ = {isa = PBXBuildFile; fileRef = 1DA672FB1EF0F5E0007C2348 /* BaseTextField.m */; };
		1DA672FF1EF0F5F3007C2348 /* BaseTextView.m in Sources */ = {isa = PBXBuildFile; fileRef = 1DA672FE1EF0F5F3007C2348 /* BaseTextView.m */; };
		1DA673031EF11AAF007C2348 /* IconFontImageView.m in Sources */ = {isa = PBXBuildFile; fileRef = 1DA673021EF11AAF007C2348 /* IconFontImageView.m */; };
		1DB93AB81EEFE09300A6BAD7 /* UIView+Extension.m in Sources */ = {isa = PBXBuildFile; fileRef = 1DB93AB71EEFE09300A6BAD7 /* UIView+Extension.m */; };
		1DB93ABB1EEFE09D00A6BAD7 /* HUDView.m in Sources */ = {isa = PBXBuildFile; fileRef = 1DB93ABA1EEFE09D00A6BAD7 /* HUDView.m */; };
		1DB93ABE1EEFE0D700A6BAD7 /* UIImage+Extension.m in Sources */ = {isa = PBXBuildFile; fileRef = 1DB93ABD1EEFE0D700A6BAD7 /* UIImage+Extension.m */; };
		1DB93AC11EEFE10B00A6BAD7 /* UIColor+HexColor.m in Sources */ = {isa = PBXBuildFile; fileRef = 1DB93AC01EEFE10B00A6BAD7 /* UIColor+HexColor.m */; };
		1DB93AC41EEFE11900A6BAD7 /* NSString+Extension.m in Sources */ = {isa = PBXBuildFile; fileRef = 1DB93AC31EEFE11900A6BAD7 /* NSString+Extension.m */; };
		1DB93AC71EEFE12F00A6BAD7 /* NetworkManage.m in Sources */ = {isa = PBXBuildFile; fileRef = 1DB93AC61EEFE12F00A6BAD7 /* NetworkManage.m */; };
		1DB93ACA1EEFE14700A6BAD7 /* TimeStampToString.m in Sources */ = {isa = PBXBuildFile; fileRef = 1DB93AC91EEFE14700A6BAD7 /* TimeStampToString.m */; };
		1DB93ACE1EEFE5E400A6BAD7 /* BaseButton.m in Sources */ = {isa = PBXBuildFile; fileRef = 1DB93ACD1EEFE5E400A6BAD7 /* BaseButton.m */; };
		1DB93AD11EEFE5F600A6BAD7 /* BaseLabel.m in Sources */ = {isa = PBXBuildFile; fileRef = 1DB93AD01EEFE5F600A6BAD7 /* BaseLabel.m */; };
		1DB93AD41EEFE60800A6BAD7 /* BaseImageView.m in Sources */ = {isa = PBXBuildFile; fileRef = 1DB93AD31EEFE60800A6BAD7 /* BaseImageView.m */; };
		1DB93AD71EEFE61D00A6BAD7 /* BaseViewController.m in Sources */ = {isa = PBXBuildFile; fileRef = 1DB93AD61EEFE61D00A6BAD7 /* BaseViewController.m */; };
		1DB93ADA1EEFE64600A6BAD7 /* BaseNavigateController.m in Sources */ = {isa = PBXBuildFile; fileRef = 1DB93AD91EEFE64600A6BAD7 /* BaseNavigateController.m */; };
		1DB93ADD1EEFE74400A6BAD7 /* BaseTabBarController.m in Sources */ = {isa = PBXBuildFile; fileRef = 1DB93ADC1EEFE74400A6BAD7 /* BaseTabBarController.m */; };
		1DF3C18A1F163AB900EC8155 /* demo.css in Resources */ = {isa = PBXBuildFile; fileRef = 1DF3C1801F163AB900EC8155 /* demo.css */; };
		1DF3C18B1F163AB900EC8155 /* demo_fontclass.html in Resources */ = {isa = PBXBuildFile; fileRef = 1DF3C1811F163AB900EC8155 /* demo_fontclass.html */; };
		1DF3C18C1F163AB900EC8155 /* demo_symbol.html in Resources */ = {isa = PBXBuildFile; fileRef = 1DF3C1821F163AB900EC8155 /* demo_symbol.html */; };
		1DF3C18D1F163AB900EC8155 /* demo_unicode.html in Resources */ = {isa = PBXBuildFile; fileRef = 1DF3C1831F163AB900EC8155 /* demo_unicode.html */; };
		1DF3C18E1F163AB900EC8155 /* iconfont.css in Resources */ = {isa = PBXBuildFile; fileRef = 1DF3C1841F163AB900EC8155 /* iconfont.css */; };
		1DF3C18F1F163AB900EC8155 /* iconfont.eot in Resources */ = {isa = PBXBuildFile; fileRef = 1DF3C1851F163AB900EC8155 /* iconfont.eot */; };
		1DF3C1901F163AB900EC8155 /* iconfont.js in Resources */ = {isa = PBXBuildFile; fileRef = 1DF3C1861F163AB900EC8155 /* iconfont.js */; };
		1DF3C1911F163AB900EC8155 /* iconfont.svg in Resources */ = {isa = PBXBuildFile; fileRef = 1DF3C1871F163AB900EC8155 /* iconfont.svg */; };
		1DF3C1921F163AB900EC8155 /* iconfont.ttf in Resources */ = {isa = PBXBuildFile; fileRef = 1DF3C1881F163AB900EC8155 /* iconfont.ttf */; };
		1DF3C1931F163AB900EC8155 /* iconfont.woff in Resources */ = {isa = PBXBuildFile; fileRef = 1DF3C1891F163AB900EC8155 /* iconfont.woff */; };
		A95660C888921491DF5CA4C8 /* libPods-PodProduct.a in Frameworks */ = {isa = PBXBuildFile; fileRef = 82890BD67DF50D42652E4BCD /* libPods-PodProduct.a */; };
/* End PBXBuildFile section */

/* Begin PBXContainerItemProxy section */
		1D353C421F3AFA220021FE15 /* PBXContainerItemProxy */ = {
			isa = PBXContainerItemProxy;
			containerPortal = 1D7E9B0F1EEE8D34008F18BF /* Project object */;
			proxyType = 1;
			remoteGlobalIDString = 1D353C361F3AFA220021FE15;
			remoteInfo = ProductToday;
		};
		1D353C561F3AFA3C0021FE15 /* PBXContainerItemProxy */ = {
			isa = PBXContainerItemProxy;
			containerPortal = 1D7E9B0F1EEE8D34008F18BF /* Project object */;
			proxyType = 1;
			remoteGlobalIDString = 1D353C4C1F3AFA3C0021FE15;
			remoteInfo = ProductShare;
		};
		1D353C6C1F3AFC870021FE15 /* PBXContainerItemProxy */ = {
			isa = PBXContainerItemProxy;
			containerPortal = 1D7E9B0F1EEE8D34008F18BF /* Project object */;
			proxyType = 1;
			remoteGlobalIDString = 1D353C5F1F3AFC870021FE15;
			remoteInfo = ProductAudio;
		};
		1D7E9B311EEE8D34008F18BF /* PBXContainerItemProxy */ = {
			isa = PBXContainerItemProxy;
			containerPortal = 1D7E9B0F1EEE8D34008F18BF /* Project object */;
			proxyType = 1;
			remoteGlobalIDString = 1D7E9B161EEE8D34008F18BF;
			remoteInfo = PodProduct;
		};
		1D7E9B3C1EEE8D34008F18BF /* PBXContainerItemProxy */ = {
			isa = PBXContainerItemProxy;
			containerPortal = 1D7E9B0F1EEE8D34008F18BF /* Project object */;
			proxyType = 1;
			remoteGlobalIDString = 1D7E9B161EEE8D34008F18BF;
			remoteInfo = PodProduct;
		};
/* End PBXContainerItemProxy section */

/* Begin PBXCopyFilesBuildPhase section */
		1D353C481F3AFA220021FE15 /* Embed App Extensions */ = {
			isa = PBXCopyFilesBuildPhase;
			buildActionMask = 2147483647;
			dstPath = "";
			dstSubfolderSpec = 13;
			files = (
				1D353C581F3AFA3C0021FE15 /* ProductShare.appex in Embed App Extensions */,
				1D353C441F3AFA220021FE15 /* ProductToday.appex in Embed App Extensions */,
				1D353C6E1F3AFC870021FE15 /* ProductAudio.appex in Embed App Extensions */,
			);
			name = "Embed App Extensions";
			runOnlyForDeploymentPostprocessing = 0;
		};
/* End PBXCopyFilesBuildPhase section */

/* Begin PBXFileReference section */
		1D1AA6291F5924F300A591E8 /* BaseTableView.h */ = {isa = PBXFileReference; fileEncoding = 4; lastKnownFileType = sourcecode.c.h; path = BaseTableView.h; sourceTree = "<group>"; };
		1D1AA62A1F5924F300A591E8 /* BaseTableView.m */ = {isa = PBXFileReference; fileEncoding = 4; lastKnownFileType = sourcecode.c.objc; path = BaseTableView.m; sourceTree = "<group>"; };
		1D1AA62C1F59250300A591E8 /* BaseTableViewCell.h */ = {isa = PBXFileReference; fileEncoding = 4; lastKnownFileType = sourcecode.c.h; path = BaseTableViewCell.h; sourceTree = "<group>"; };
		1D1AA62D1F59250400A591E8 /* BaseTableViewCell.m */ = {isa = PBXFileReference; fileEncoding = 4; lastKnownFileType = sourcecode.c.objc; path = BaseTableViewCell.m; sourceTree = "<group>"; };
		1D1AA62F1F59274A00A591E8 /* BaseUIKit.h */ = {isa = PBXFileReference; lastKnownFileType = sourcecode.c.h; path = BaseUIKit.h; sourceTree = "<group>"; };
		1D1AA6301F5927BB00A591E8 /* PodLibraryHeader.h */ = {isa = PBXFileReference; lastKnownFileType = sourcecode.c.h; path = PodLibraryHeader.h; sourceTree = "<group>"; };
		1D353C371F3AFA220021FE15 /* ProductToday.appex */ = {isa = PBXFileReference; explicitFileType = "wrapper.app-extension"; includeInIndex = 0; path = ProductToday.appex; sourceTree = BUILT_PRODUCTS_DIR; };
		1D353C381F3AFA220021FE15 /* NotificationCenter.framework */ = {isa = PBXFileReference; lastKnownFileType = wrapper.framework; name = NotificationCenter.framework; path = System/Library/Frameworks/NotificationCenter.framework; sourceTree = SDKROOT; };
		1D353C3B1F3AFA220021FE15 /* TodayViewController.h */ = {isa = PBXFileReference; lastKnownFileType = sourcecode.c.h; path = TodayViewController.h; sourceTree = "<group>"; };
		1D353C3C1F3AFA220021FE15 /* TodayViewController.m */ = {isa = PBXFileReference; lastKnownFileType = sourcecode.c.objc; path = TodayViewController.m; sourceTree = "<group>"; };
		1D353C3F1F3AFA220021FE15 /* Base */ = {isa = PBXFileReference; lastKnownFileType = file.storyboard; name = Base; path = Base.lproj/MainInterface.storyboard; sourceTree = "<group>"; };
		1D353C411F3AFA220021FE15 /* Info.plist */ = {isa = PBXFileReference; lastKnownFileType = text.plist.xml; path = Info.plist; sourceTree = "<group>"; };
		1D353C4D1F3AFA3C0021FE15 /* ProductShare.appex */ = {isa = PBXFileReference; explicitFileType = "wrapper.app-extension"; includeInIndex = 0; path = ProductShare.appex; sourceTree = BUILT_PRODUCTS_DIR; };
		1D353C4F1F3AFA3C0021FE15 /* ShareViewController.h */ = {isa = PBXFileReference; lastKnownFileType = sourcecode.c.h; path = ShareViewController.h; sourceTree = "<group>"; };
		1D353C501F3AFA3C0021FE15 /* ShareViewController.m */ = {isa = PBXFileReference; lastKnownFileType = sourcecode.c.objc; path = ShareViewController.m; sourceTree = "<group>"; };
		1D353C531F3AFA3C0021FE15 /* Base */ = {isa = PBXFileReference; lastKnownFileType = file.storyboard; name = Base; path = Base.lproj/MainInterface.storyboard; sourceTree = "<group>"; };
		1D353C551F3AFA3C0021FE15 /* Info.plist */ = {isa = PBXFileReference; lastKnownFileType = text.plist.xml; path = Info.plist; sourceTree = "<group>"; };
		1D353C601F3AFC870021FE15 /* ProductAudio.appex */ = {isa = PBXFileReference; explicitFileType = "wrapper.app-extension"; includeInIndex = 0; path = ProductAudio.appex; sourceTree = BUILT_PRODUCTS_DIR; };
		1D353C621F3AFC870021FE15 /* ProductAudioAudioUnit.h */ = {isa = PBXFileReference; lastKnownFileType = sourcecode.c.h; path = ProductAudioAudioUnit.h; sourceTree = "<group>"; };
		1D353C631F3AFC870021FE15 /* ProductAudioAudioUnit.m */ = {isa = PBXFileReference; lastKnownFileType = sourcecode.c.objc; path = ProductAudioAudioUnit.m; sourceTree = "<group>"; };
		1D353C651F3AFC870021FE15 /* AudioUnitViewController.h */ = {isa = PBXFileReference; lastKnownFileType = sourcecode.c.h; path = AudioUnitViewController.h; sourceTree = "<group>"; };
		1D353C661F3AFC870021FE15 /* AudioUnitViewController.m */ = {isa = PBXFileReference; lastKnownFileType = sourcecode.c.objc; path = AudioUnitViewController.m; sourceTree = "<group>"; };
		1D353C691F3AFC870021FE15 /* Base */ = {isa = PBXFileReference; lastKnownFileType = file.storyboard; name = Base; path = Base.lproj/MainInterface.storyboard; sourceTree = "<group>"; };
		1D353C6B1F3AFC870021FE15 /* Info.plist */ = {isa = PBXFileReference; lastKnownFileType = text.plist.xml; path = Info.plist; sourceTree = "<group>"; };
		1D55452E1EEFC90600180BA7 /* RequestHead.h */ = {isa = PBXFileReference; lastKnownFileType = sourcecode.c.h; path = RequestHead.h; sourceTree = "<group>"; };
		1D748E701F62484500F6E41E /* ScanQRCodeViewController.h */ = {isa = PBXFileReference; fileEncoding = 4; lastKnownFileType = sourcecode.c.h; path = ScanQRCodeViewController.h; sourceTree = "<group>"; };
		1D748E711F62484500F6E41E /* ScanQRCodeViewController.m */ = {isa = PBXFileReference; fileEncoding = 4; lastKnownFileType = sourcecode.c.objc; path = ScanQRCodeViewController.m; sourceTree = "<group>"; };
		1D748E721F62484500F6E41E /* ScanQRCodeViewController.xib */ = {isa = PBXFileReference; fileEncoding = 4; lastKnownFileType = file.xib; path = ScanQRCodeViewController.xib; sourceTree = "<group>"; };
		1D748E751F62787800F6E41E /* ExcelViewController.h */ = {isa = PBXFileReference; fileEncoding = 4; lastKnownFileType = sourcecode.c.h; path = ExcelViewController.h; sourceTree = "<group>"; };
		1D748E761F62787800F6E41E /* ExcelViewController.m */ = {isa = PBXFileReference; fileEncoding = 4; lastKnownFileType = sourcecode.c.objc; path = ExcelViewController.m; sourceTree = "<group>"; };
		1D748E791F62788600F6E41E /* Constant.h */ = {isa = PBXFileReference; fileEncoding = 4; lastKnownFileType = sourcecode.c.h; path = Constant.h; sourceTree = "<group>"; };
		1D748E7A1F62788600F6E41E /* ExcelCell.h */ = {isa = PBXFileReference; fileEncoding = 4; lastKnownFileType = sourcecode.c.h; path = ExcelCell.h; sourceTree = "<group>"; };
		1D748E7B1F62788600F6E41E /* ExcelCell.m */ = {isa = PBXFileReference; fileEncoding = 4; lastKnownFileType = sourcecode.c.objc; path = ExcelCell.m; sourceTree = "<group>"; };
		1D748E7C1F62788600F6E41E /* ExcelLeftView.h */ = {isa = PBXFileReference; fileEncoding = 4; lastKnownFileType = sourcecode.c.h; path = ExcelLeftView.h; sourceTree = "<group>"; };
		1D748E7D1F62788600F6E41E /* ExcelLeftView.m */ = {isa = PBXFileReference; fileEncoding = 4; lastKnownFileType = sourcecode.c.objc; path = ExcelLeftView.m; sourceTree = "<group>"; };
		1D748E7E1F62788600F6E41E /* ExcelView.h */ = {isa = PBXFileReference; fileEncoding = 4; lastKnownFileType = sourcecode.c.h; path = ExcelView.h; sourceTree = "<group>"; };
		1D748E7F1F62788600F6E41E /* ExcelView.m */ = {isa = PBXFileReference; fileEncoding = 4; lastKnownFileType = sourcecode.c.objc; path = ExcelView.m; sourceTree = "<group>"; };
		1D748E801F62788600F6E41E /* SubtypeView.h */ = {isa = PBXFileReference; fileEncoding = 4; lastKnownFileType = sourcecode.c.h; path = SubtypeView.h; sourceTree = "<group>"; };
		1D748E811F62788600F6E41E /* SubtypeView.m */ = {isa = PBXFileReference; fileEncoding = 4; lastKnownFileType = sourcecode.c.objc; path = SubtypeView.m; sourceTree = "<group>"; };
		1D7E9B171EEE8D34008F18BF /* PodProduct.app */ = {isa = PBXFileReference; explicitFileType = wrapper.application; includeInIndex = 0; path = PodProduct.app; sourceTree = BUILT_PRODUCTS_DIR; };
		1D7E9B1B1EEE8D34008F18BF /* main.m */ = {isa = PBXFileReference; lastKnownFileType = sourcecode.c.objc; path = main.m; sourceTree = "<group>"; };
		1D7E9B1D1EEE8D34008F18BF /* AppDelegate.h */ = {isa = PBXFileReference; lastKnownFileType = sourcecode.c.h; path = AppDelegate.h; sourceTree = "<group>"; };
		1D7E9B1E1EEE8D34008F18BF /* AppDelegate.m */ = {isa = PBXFileReference; lastKnownFileType = sourcecode.c.objc; path = AppDelegate.m; sourceTree = "<group>"; };
		1D7E9B201EEE8D34008F18BF /* ViewController.h */ = {isa = PBXFileReference; lastKnownFileType = sourcecode.c.h; path = ViewController.h; sourceTree = "<group>"; };
		1D7E9B211EEE8D34008F18BF /* ViewController.m */ = {isa = PBXFileReference; lastKnownFileType = sourcecode.c.objc; path = ViewController.m; sourceTree = "<group>"; };
		1D7E9B241EEE8D34008F18BF /* Base */ = {isa = PBXFileReference; lastKnownFileType = file.storyboard; name = Base; path = Base.lproj/Main.storyboard; sourceTree = "<group>"; };
		1D7E9B261EEE8D34008F18BF /* Assets.xcassets */ = {isa = PBXFileReference; lastKnownFileType = folder.assetcatalog; path = Assets.xcassets; sourceTree = "<group>"; };
		1D7E9B291EEE8D34008F18BF /* Base */ = {isa = PBXFileReference; lastKnownFileType = file.storyboard; name = Base; path = Base.lproj/LaunchScreen.storyboard; sourceTree = "<group>"; };
		1D7E9B2B1EEE8D34008F18BF /* Info.plist */ = {isa = PBXFileReference; lastKnownFileType = text.plist.xml; path = Info.plist; sourceTree = "<group>"; };
		1D7E9B301EEE8D34008F18BF /* PodProductTests.xctest */ = {isa = PBXFileReference; explicitFileType = wrapper.cfbundle; includeInIndex = 0; path = PodProductTests.xctest; sourceTree = BUILT_PRODUCTS_DIR; };
		1D7E9B341EEE8D34008F18BF /* PodProductTests.m */ = {isa = PBXFileReference; lastKnownFileType = sourcecode.c.objc; path = PodProductTests.m; sourceTree = "<group>"; };
		1D7E9B361EEE8D34008F18BF /* Info.plist */ = {isa = PBXFileReference; lastKnownFileType = text.plist.xml; path = Info.plist; sourceTree = "<group>"; };
		1D7E9B3B1EEE8D34008F18BF /* PodProductUITests.xctest */ = {isa = PBXFileReference; explicitFileType = wrapper.cfbundle; includeInIndex = 0; path = PodProductUITests.xctest; sourceTree = BUILT_PRODUCTS_DIR; };
		1D7E9B3F1EEE8D34008F18BF /* PodProductUITests.m */ = {isa = PBXFileReference; lastKnownFileType = sourcecode.c.objc; path = PodProductUITests.m; sourceTree = "<group>"; };
		1D7E9B411EEE8D34008F18BF /* Info.plist */ = {isa = PBXFileReference; lastKnownFileType = text.plist.xml; path = Info.plist; sourceTree = "<group>"; };
		1DA672FA1EF0F5E0007C2348 /* BaseTextField.h */ = {isa = PBXFileReference; fileEncoding = 4; lastKnownFileType = sourcecode.c.h; path = BaseTextField.h; sourceTree = "<group>"; };
		1DA672FB1EF0F5E0007C2348 /* BaseTextField.m */ = {isa = PBXFileReference; fileEncoding = 4; lastKnownFileType = sourcecode.c.objc; path = BaseTextField.m; sourceTree = "<group>"; };
		1DA672FD1EF0F5F3007C2348 /* BaseTextView.h */ = {isa = PBXFileReference; fileEncoding = 4; lastKnownFileType = sourcecode.c.h; path = BaseTextView.h; sourceTree = "<group>"; };
		1DA672FE1EF0F5F3007C2348 /* BaseTextView.m */ = {isa = PBXFileReference; fileEncoding = 4; lastKnownFileType = sourcecode.c.objc; path = BaseTextView.m; sourceTree = "<group>"; };
		1DA673011EF11AAF007C2348 /* IconFontImageView.h */ = {isa = PBXFileReference; fileEncoding = 4; lastKnownFileType = sourcecode.c.h; path = IconFontImageView.h; sourceTree = "<group>"; };
		1DA673021EF11AAF007C2348 /* IconFontImageView.m */ = {isa = PBXFileReference; fileEncoding = 4; lastKnownFileType = sourcecode.c.objc; path = IconFontImageView.m; sourceTree = "<group>"; };
		1DB93AAD1EEFDD9600A6BAD7 /* SizeConst.h */ = {isa = PBXFileReference; fileEncoding = 4; lastKnownFileType = sourcecode.c.h; path = SizeConst.h; sourceTree = "<group>"; };
		1DB93AAE1EEFDDA600A6BAD7 /* CustomConst.h */ = {isa = PBXFileReference; lastKnownFileType = sourcecode.c.h; path = CustomConst.h; sourceTree = "<group>"; };
		1DB93AAF1EEFDDD900A6BAD7 /* FontConst.h */ = {isa = PBXFileReference; lastKnownFileType = sourcecode.c.h; path = FontConst.h; sourceTree = "<group>"; };
		1DB93AB01EEFDE3600A6BAD7 /* AppKeyConst.h */ = {isa = PBXFileReference; lastKnownFileType = sourcecode.c.h; path = AppKeyConst.h; sourceTree = "<group>"; };
		1DB93AB11EEFDE5B00A6BAD7 /* ColorConst.h */ = {isa = PBXFileReference; lastKnownFileType = sourcecode.c.h; path = ColorConst.h; sourceTree = "<group>"; };
		1DB93AB61EEFE08800A6BAD7 /* UIView+Extension.h */ = {isa = PBXFileReference; fileEncoding = 4; lastKnownFileType = sourcecode.c.h; path = "UIView+Extension.h"; sourceTree = "<group>"; };
		1DB93AB71EEFE09300A6BAD7 /* UIView+Extension.m */ = {isa = PBXFileReference; fileEncoding = 4; lastKnownFileType = sourcecode.c.objc; path = "UIView+Extension.m"; sourceTree = "<group>"; };
		1DB93AB91EEFE09D00A6BAD7 /* HUDView.h */ = {isa = PBXFileReference; fileEncoding = 4; lastKnownFileType = sourcecode.c.h; path = HUDView.h; sourceTree = "<group>"; };
		1DB93ABA1EEFE09D00A6BAD7 /* HUDView.m */ = {isa = PBXFileReference; fileEncoding = 4; lastKnownFileType = sourcecode.c.objc; path = HUDView.m; sourceTree = "<group>"; };
		1DB93ABC1EEFE0D700A6BAD7 /* UIImage+Extension.h */ = {isa = PBXFileReference; fileEncoding = 4; lastKnownFileType = sourcecode.c.h; path = "UIImage+Extension.h"; sourceTree = "<group>"; };
		1DB93ABD1EEFE0D700A6BAD7 /* UIImage+Extension.m */ = {isa = PBXFileReference; fileEncoding = 4; lastKnownFileType = sourcecode.c.objc; path = "UIImage+Extension.m"; sourceTree = "<group>"; };
		1DB93ABF1EEFE10B00A6BAD7 /* UIColor+HexColor.h */ = {isa = PBXFileReference; fileEncoding = 4; lastKnownFileType = sourcecode.c.h; path = "UIColor+HexColor.h"; sourceTree = "<group>"; };
		1DB93AC01EEFE10B00A6BAD7 /* UIColor+HexColor.m */ = {isa = PBXFileReference; fileEncoding = 4; lastKnownFileType = sourcecode.c.objc; path = "UIColor+HexColor.m"; sourceTree = "<group>"; };
		1DB93AC21EEFE11900A6BAD7 /* NSString+Extension.h */ = {isa = PBXFileReference; fileEncoding = 4; lastKnownFileType = sourcecode.c.h; path = "NSString+Extension.h"; sourceTree = "<group>"; };
		1DB93AC31EEFE11900A6BAD7 /* NSString+Extension.m */ = {isa = PBXFileReference; fileEncoding = 4; lastKnownFileType = sourcecode.c.objc; path = "NSString+Extension.m"; sourceTree = "<group>"; };
		1DB93AC51EEFE12F00A6BAD7 /* NetworkManage.h */ = {isa = PBXFileReference; fileEncoding = 4; lastKnownFileType = sourcecode.c.h; path = NetworkManage.h; sourceTree = "<group>"; };
		1DB93AC61EEFE12F00A6BAD7 /* NetworkManage.m */ = {isa = PBXFileReference; fileEncoding = 4; lastKnownFileType = sourcecode.c.objc; path = NetworkManage.m; sourceTree = "<group>"; };
		1DB93AC81EEFE14700A6BAD7 /* TimeStampToString.h */ = {isa = PBXFileReference; fileEncoding = 4; lastKnownFileType = sourcecode.c.h; path = TimeStampToString.h; sourceTree = "<group>"; };
		1DB93AC91EEFE14700A6BAD7 /* TimeStampToString.m */ = {isa = PBXFileReference; fileEncoding = 4; lastKnownFileType = sourcecode.c.objc; path = TimeStampToString.m; sourceTree = "<group>"; };
		1DB93ACB1EEFE45100A6BAD7 /* ConfigHead.h */ = {isa = PBXFileReference; lastKnownFileType = sourcecode.c.h; path = ConfigHead.h; sourceTree = "<group>"; };
		1DB93ACC1EEFE5E400A6BAD7 /* BaseButton.h */ = {isa = PBXFileReference; fileEncoding = 4; lastKnownFileType = sourcecode.c.h; path = BaseButton.h; sourceTree = "<group>"; };
		1DB93ACD1EEFE5E400A6BAD7 /* BaseButton.m */ = {isa = PBXFileReference; fileEncoding = 4; lastKnownFileType = sourcecode.c.objc; path = BaseButton.m; sourceTree = "<group>"; };
		1DB93ACF1EEFE5F600A6BAD7 /* BaseLabel.h */ = {isa = PBXFileReference; fileEncoding = 4; lastKnownFileType = sourcecode.c.h; path = BaseLabel.h; sourceTree = "<group>"; };
		1DB93AD01EEFE5F600A6BAD7 /* BaseLabel.m */ = {isa = PBXFileReference; fileEncoding = 4; lastKnownFileType = sourcecode.c.objc; path = BaseLabel.m; sourceTree = "<group>"; };
		1DB93AD21EEFE60800A6BAD7 /* BaseImageView.h */ = {isa = PBXFileReference; fileEncoding = 4; lastKnownFileType = sourcecode.c.h; path = BaseImageView.h; sourceTree = "<group>"; };
		1DB93AD31EEFE60800A6BAD7 /* BaseImageView.m */ = {isa = PBXFileReference; fileEncoding = 4; lastKnownFileType = sourcecode.c.objc; path = BaseImageView.m; sourceTree = "<group>"; };
		1DB93AD51EEFE61D00A6BAD7 /* BaseViewController.h */ = {isa = PBXFileReference; fileEncoding = 4; lastKnownFileType = sourcecode.c.h; path = BaseViewController.h; sourceTree = "<group>"; };
		1DB93AD61EEFE61D00A6BAD7 /* BaseViewController.m */ = {isa = PBXFileReference; fileEncoding = 4; lastKnownFileType = sourcecode.c.objc; path = BaseViewController.m; sourceTree = "<group>"; };
		1DB93AD81EEFE64600A6BAD7 /* BaseNavigateController.h */ = {isa = PBXFileReference; fileEncoding = 4; lastKnownFileType = sourcecode.c.h; path = BaseNavigateController.h; sourceTree = "<group>"; };
		1DB93AD91EEFE64600A6BAD7 /* BaseNavigateController.m */ = {isa = PBXFileReference; fileEncoding = 4; lastKnownFileType = sourcecode.c.objc; path = BaseNavigateController.m; sourceTree = "<group>"; };
		1DB93ADB1EEFE74400A6BAD7 /* BaseTabBarController.h */ = {isa = PBXFileReference; fileEncoding = 4; lastKnownFileType = sourcecode.c.h; path = BaseTabBarController.h; sourceTree = "<group>"; };
		1DB93ADC1EEFE74400A6BAD7 /* BaseTabBarController.m */ = {isa = PBXFileReference; fileEncoding = 4; lastKnownFileType = sourcecode.c.objc; path = BaseTabBarController.m; sourceTree = "<group>"; };
		1DF3C1801F163AB900EC8155 /* demo.css */ = {isa = PBXFileReference; fileEncoding = 4; lastKnownFileType = text.css; path = demo.css; sourceTree = "<group>"; };
		1DF3C1811F163AB900EC8155 /* demo_fontclass.html */ = {isa = PBXFileReference; fileEncoding = 4; lastKnownFileType = text.html; path = demo_fontclass.html; sourceTree = "<group>"; };
		1DF3C1821F163AB900EC8155 /* demo_symbol.html */ = {isa = PBXFileReference; fileEncoding = 4; lastKnownFileType = text.html; path = demo_symbol.html; sourceTree = "<group>"; };
		1DF3C1831F163AB900EC8155 /* demo_unicode.html */ = {isa = PBXFileReference; fileEncoding = 4; lastKnownFileType = text.html; path = demo_unicode.html; sourceTree = "<group>"; };
		1DF3C1841F163AB900EC8155 /* iconfont.css */ = {isa = PBXFileReference; fileEncoding = 4; lastKnownFileType = text.css; path = iconfont.css; sourceTree = "<group>"; };
		1DF3C1851F163AB900EC8155 /* iconfont.eot */ = {isa = PBXFileReference; lastKnownFileType = file; path = iconfont.eot; sourceTree = "<group>"; };
		1DF3C1861F163AB900EC8155 /* iconfont.js */ = {isa = PBXFileReference; fileEncoding = 4; lastKnownFileType = sourcecode.javascript; path = iconfont.js; sourceTree = "<group>"; };
		1DF3C1871F163AB900EC8155 /* iconfont.svg */ = {isa = PBXFileReference; fileEncoding = 4; lastKnownFileType = text.xml; path = iconfont.svg; sourceTree = "<group>"; };
		1DF3C1881F163AB900EC8155 /* iconfont.ttf */ = {isa = PBXFileReference; lastKnownFileType = file; path = iconfont.ttf; sourceTree = "<group>"; };
		1DF3C1891F163AB900EC8155 /* iconfont.woff */ = {isa = PBXFileReference; lastKnownFileType = file; path = iconfont.woff; sourceTree = "<group>"; };
		26C6B9F64F74D38DB6598374 /* Pods-PodProduct.debug.xcconfig */ = {isa = PBXFileReference; includeInIndex = 1; lastKnownFileType = text.xcconfig; name = "Pods-PodProduct.debug.xcconfig"; path = "Pods/Target Support Files/Pods-PodProduct/Pods-PodProduct.debug.xcconfig"; sourceTree = "<group>"; };
		53661698CC4DFE175F61A405 /* Pods-PodProduct.release.xcconfig */ = {isa = PBXFileReference; includeInIndex = 1; lastKnownFileType = text.xcconfig; name = "Pods-PodProduct.release.xcconfig"; path = "Pods/Target Support Files/Pods-PodProduct/Pods-PodProduct.release.xcconfig"; sourceTree = "<group>"; };
		82890BD67DF50D42652E4BCD /* libPods-PodProduct.a */ = {isa = PBXFileReference; explicitFileType = archive.ar; includeInIndex = 0; path = "libPods-PodProduct.a"; sourceTree = BUILT_PRODUCTS_DIR; };
/* End PBXFileReference section */

/* Begin PBXFrameworksBuildPhase section */
		1D353C341F3AFA220021FE15 /* Frameworks */ = {
			isa = PBXFrameworksBuildPhase;
			buildActionMask = 2147483647;
			files = (
				1D353C391F3AFA220021FE15 /* NotificationCenter.framework in Frameworks */,
			);
			runOnlyForDeploymentPostprocessing = 0;
		};
		1D353C4A1F3AFA3C0021FE15 /* Frameworks */ = {
			isa = PBXFrameworksBuildPhase;
			buildActionMask = 2147483647;
			files = (
			);
			runOnlyForDeploymentPostprocessing = 0;
		};
		1D353C5D1F3AFC870021FE15 /* Frameworks */ = {
			isa = PBXFrameworksBuildPhase;
			buildActionMask = 2147483647;
			files = (
			);
			runOnlyForDeploymentPostprocessing = 0;
		};
		1D7E9B141EEE8D34008F18BF /* Frameworks */ = {
			isa = PBXFrameworksBuildPhase;
			buildActionMask = 2147483647;
			files = (
				A95660C888921491DF5CA4C8 /* libPods-PodProduct.a in Frameworks */,
			);
			runOnlyForDeploymentPostprocessing = 0;
		};
		1D7E9B2D1EEE8D34008F18BF /* Frameworks */ = {
			isa = PBXFrameworksBuildPhase;
			buildActionMask = 2147483647;
			files = (
			);
			runOnlyForDeploymentPostprocessing = 0;
		};
		1D7E9B381EEE8D34008F18BF /* Frameworks */ = {
			isa = PBXFrameworksBuildPhase;
			buildActionMask = 2147483647;
			files = (
			);
			runOnlyForDeploymentPostprocessing = 0;
		};
/* End PBXFrameworksBuildPhase section */

/* Begin PBXGroup section */
		1D353C3A1F3AFA220021FE15 /* ProductToday */ = {
			isa = PBXGroup;
			children = (
				1D353C3B1F3AFA220021FE15 /* TodayViewController.h */,
				1D353C3C1F3AFA220021FE15 /* TodayViewController.m */,
				1D353C3E1F3AFA220021FE15 /* MainInterface.storyboard */,
				1D353C411F3AFA220021FE15 /* Info.plist */,
			);
			path = ProductToday;
			sourceTree = "<group>";
		};
		1D353C4E1F3AFA3C0021FE15 /* ProductShare */ = {
			isa = PBXGroup;
			children = (
				1D353C4F1F3AFA3C0021FE15 /* ShareViewController.h */,
				1D353C501F3AFA3C0021FE15 /* ShareViewController.m */,
				1D353C521F3AFA3C0021FE15 /* MainInterface.storyboard */,
				1D353C551F3AFA3C0021FE15 /* Info.plist */,
			);
			path = ProductShare;
			sourceTree = "<group>";
		};
		1D353C611F3AFC870021FE15 /* ProductAudio */ = {
			isa = PBXGroup;
			children = (
				1D353C621F3AFC870021FE15 /* ProductAudioAudioUnit.h */,
				1D353C631F3AFC870021FE15 /* ProductAudioAudioUnit.m */,
				1D353C651F3AFC870021FE15 /* AudioUnitViewController.h */,
				1D353C661F3AFC870021FE15 /* AudioUnitViewController.m */,
				1D353C681F3AFC870021FE15 /* MainInterface.storyboard */,
				1D353C6B1F3AFC870021FE15 /* Info.plist */,
			);
			path = ProductAudio;
			sourceTree = "<group>";
		};
		1D5545251EEF8DD500180BA7 /* BaseUI */ = {
			isa = PBXGroup;
			children = (
				1D1AA62F1F59274A00A591E8 /* BaseUIKit.h */,
				1DB93ACC1EEFE5E400A6BAD7 /* BaseButton.h */,
				1DB93ACD1EEFE5E400A6BAD7 /* BaseButton.m */,
				1DB93ACF1EEFE5F600A6BAD7 /* BaseLabel.h */,
				1DB93AD01EEFE5F600A6BAD7 /* BaseLabel.m */,
				1DB93AD21EEFE60800A6BAD7 /* BaseImageView.h */,
				1DB93AD31EEFE60800A6BAD7 /* BaseImageView.m */,
				1DB93AD51EEFE61D00A6BAD7 /* BaseViewController.h */,
				1DB93AD61EEFE61D00A6BAD7 /* BaseViewController.m */,
				1DB93AD81EEFE64600A6BAD7 /* BaseNavigateController.h */,
				1DB93AD91EEFE64600A6BAD7 /* BaseNavigateController.m */,
				1DB93ADB1EEFE74400A6BAD7 /* BaseTabBarController.h */,
				1DB93ADC1EEFE74400A6BAD7 /* BaseTabBarController.m */,
				1DA672FA1EF0F5E0007C2348 /* BaseTextField.h */,
				1DA672FB1EF0F5E0007C2348 /* BaseTextField.m */,
				1DA672FD1EF0F5F3007C2348 /* BaseTextView.h */,
				1DA672FE1EF0F5F3007C2348 /* BaseTextView.m */,
				1D1AA6291F5924F300A591E8 /* BaseTableView.h */,
				1D1AA62A1F5924F300A591E8 /* BaseTableView.m */,
				1D1AA62C1F59250300A591E8 /* BaseTableViewCell.h */,
				1D1AA62D1F59250400A591E8 /* BaseTableViewCell.m */,
			);
			path = BaseUI;
			sourceTree = "<group>";
		};
		1D5545291EEFC7E200180BA7 /* Modules */ = {
			isa = PBXGroup;
			children = (
				1D55452A1EEFC7E200180BA7 /* Login */,
			);
			path = Modules;
			sourceTree = "<group>";
		};
		1D55452A1EEFC7E200180BA7 /* Login */ = {
			isa = PBXGroup;
			children = (
				1D55452B1EEFC7E200180BA7 /* Model */,
				1D55452C1EEFC7E200180BA7 /* ViewController */,
				1D55452D1EEFC7E200180BA7 /* ViewModel */,
			);
			path = Login;
			sourceTree = "<group>";
		};
		1D55452B1EEFC7E200180BA7 /* Model */ = {
			isa = PBXGroup;
			children = (
			);
			path = Model;
			sourceTree = "<group>";
		};
		1D55452C1EEFC7E200180BA7 /* ViewController */ = {
			isa = PBXGroup;
			children = (
				1D748E751F62787800F6E41E /* ExcelViewController.h */,
				1D748E761F62787800F6E41E /* ExcelViewController.m */,
			);
			path = ViewController;
			sourceTree = "<group>";
		};
		1D55452D1EEFC7E200180BA7 /* ViewModel */ = {
			isa = PBXGroup;
			children = (
			);
			path = ViewModel;
			sourceTree = "<group>";
		};
		1D748E6E1F62452200F6E41E /* ErCodeVC */ = {
			isa = PBXGroup;
			children = (
				1D748E6F1F62484500F6E41E /* ScanQRCode */,
			);
			path = ErCodeVC;
			sourceTree = "<group>";
		};
		1D748E6F1F62484500F6E41E /* ScanQRCode */ = {
			isa = PBXGroup;
			children = (
				1D748E701F62484500F6E41E /* ScanQRCodeViewController.h */,
				1D748E711F62484500F6E41E /* ScanQRCodeViewController.m */,
				1D748E721F62484500F6E41E /* ScanQRCodeViewController.xib */,
			);
			path = ScanQRCode;
			sourceTree = "<group>";
		};
		1D748E781F62788600F6E41E /* ExcelView */ = {
			isa = PBXGroup;
			children = (
				1D748E791F62788600F6E41E /* Constant.h */,
				1D748E7A1F62788600F6E41E /* ExcelCell.h */,
				1D748E7B1F62788600F6E41E /* ExcelCell.m */,
				1D748E7C1F62788600F6E41E /* ExcelLeftView.h */,
				1D748E7D1F62788600F6E41E /* ExcelLeftView.m */,
				1D748E7E1F62788600F6E41E /* ExcelView.h */,
				1D748E7F1F62788600F6E41E /* ExcelView.m */,
				1D748E801F62788600F6E41E /* SubtypeView.h */,
				1D748E811F62788600F6E41E /* SubtypeView.m */,
			);
			path = ExcelView;
			sourceTree = "<group>";
		};
		1D7E9B0E1EEE8D34008F18BF = {
			isa = PBXGroup;
			children = (
				1D7E9B191EEE8D34008F18BF /* PodProduct */,
				1D7E9B331EEE8D34008F18BF /* PodProductTests */,
				1D7E9B3E1EEE8D34008F18BF /* PodProductUITests */,
				1D353C3A1F3AFA220021FE15 /* ProductToday */,
				1D353C4E1F3AFA3C0021FE15 /* ProductShare */,
				1D353C611F3AFC870021FE15 /* ProductAudio */,
				1D7E9B181EEE8D34008F18BF /* Products */,
				6DC707D5A025ECE1EA8FD010 /* Pods */,
				F41C781773D326753B251DE4 /* Frameworks */,
			);
			sourceTree = "<group>";
		};
		1D7E9B181EEE8D34008F18BF /* Products */ = {
			isa = PBXGroup;
			children = (
				1D7E9B171EEE8D34008F18BF /* PodProduct.app */,
				1D7E9B301EEE8D34008F18BF /* PodProductTests.xctest */,
				1D7E9B3B1EEE8D34008F18BF /* PodProductUITests.xctest */,
				1D353C371F3AFA220021FE15 /* ProductToday.appex */,
				1D353C4D1F3AFA3C0021FE15 /* ProductShare.appex */,
				1D353C601F3AFC870021FE15 /* ProductAudio.appex */,
			);
			name = Products;
			sourceTree = "<group>";
		};
		1D7E9B191EEE8D34008F18BF /* PodProduct */ = {
			isa = PBXGroup;
			children = (
				1D5545251EEF8DD500180BA7 /* BaseUI */,
				1D7E9B5F1EEE9309008F18BF /* Config */,
				1D7E9B601EEE9309008F18BF /* Extension */,
				1D7E9B611EEE9309008F18BF /* Library */,
				1D7E9B631EEE9309008F18BF /* NetWorkRequest */,
				1D7E9B641EEE9309008F18BF /* Resource */,
				1D7E9B651EEE9309008F18BF /* Tools */,
				1D5545291EEFC7E200180BA7 /* Modules */,
				1D7E9B1D1EEE8D34008F18BF /* AppDelegate.h */,
				1D7E9B1E1EEE8D34008F18BF /* AppDelegate.m */,
				1D7E9B201EEE8D34008F18BF /* ViewController.h */,
				1D7E9B211EEE8D34008F18BF /* ViewController.m */,
				1D7E9B231EEE8D34008F18BF /* Main.storyboard */,
				1D7E9B261EEE8D34008F18BF /* Assets.xcassets */,
				1D7E9B281EEE8D34008F18BF /* LaunchScreen.storyboard */,
				1D7E9B2B1EEE8D34008F18BF /* Info.plist */,
				1D7E9B1A1EEE8D34008F18BF /* Supporting Files */,
			);
			path = PodProduct;
			sourceTree = "<group>";
		};
		1D7E9B1A1EEE8D34008F18BF /* Supporting Files */ = {
			isa = PBXGroup;
			children = (
				1D7E9B1B1EEE8D34008F18BF /* main.m */,
			);
			name = "Supporting Files";
			sourceTree = "<group>";
		};
		1D7E9B331EEE8D34008F18BF /* PodProductTests */ = {
			isa = PBXGroup;
			children = (
				1D7E9B341EEE8D34008F18BF /* PodProductTests.m */,
				1D7E9B361EEE8D34008F18BF /* Info.plist */,
			);
			path = PodProductTests;
			sourceTree = "<group>";
		};
		1D7E9B3E1EEE8D34008F18BF /* PodProductUITests */ = {
			isa = PBXGroup;
			children = (
				1D7E9B3F1EEE8D34008F18BF /* PodProductUITests.m */,
				1D7E9B411EEE8D34008F18BF /* Info.plist */,
			);
			path = PodProductUITests;
			sourceTree = "<group>";
		};
		1D7E9B5F1EEE9309008F18BF /* Config */ = {
			isa = PBXGroup;
			children = (
				1DB93ACB1EEFE45100A6BAD7 /* ConfigHead.h */,
				1D55452E1EEFC90600180BA7 /* RequestHead.h */,
				1DB93AAD1EEFDD9600A6BAD7 /* SizeConst.h */,
				1DB93AAE1EEFDDA600A6BAD7 /* CustomConst.h */,
				1DB93AAF1EEFDDD900A6BAD7 /* FontConst.h */,
				1DB93AB01EEFDE3600A6BAD7 /* AppKeyConst.h */,
				1DB93AB11EEFDE5B00A6BAD7 /* ColorConst.h */,
				1D1AA6301F5927BB00A591E8 /* PodLibraryHeader.h */,
			);
			path = Config;
			sourceTree = "<group>";
		};
		1D7E9B601EEE9309008F18BF /* Extension */ = {
			isa = PBXGroup;
			children = (
			);
			path = Extension;
			sourceTree = "<group>";
		};
		1D7E9B611EEE9309008F18BF /* Library */ = {
			isa = PBXGroup;
			children = (
			);
			path = Library;
			sourceTree = "<group>";
		};
		1D7E9B631EEE9309008F18BF /* NetWorkRequest */ = {
			isa = PBXGroup;
			children = (
				1DB93AC51EEFE12F00A6BAD7 /* NetworkManage.h */,
				1DB93AC61EEFE12F00A6BAD7 /* NetworkManage.m */,
			);
			path = NetWorkRequest;
			sourceTree = "<group>";
		};
		1D7E9B641EEE9309008F18BF /* Resource */ = {
			isa = PBXGroup;
			children = (
			);
			path = Resource;
			sourceTree = "<group>";
		};
		1D7E9B651EEE9309008F18BF /* Tools */ = {
			isa = PBXGroup;
			children = (
				1D748E781F62788600F6E41E /* ExcelView */,
				1D748E6E1F62452200F6E41E /* ErCodeVC */,
				1DF3C17F1F163AB900EC8155 /* font_zf8js534raf6flxr */,
				1DA673001EF11AAF007C2348 /* IconFontImageView */,
				1DB93ABF1EEFE10B00A6BAD7 /* UIColor+HexColor.h */,
				1DB93AC01EEFE10B00A6BAD7 /* UIColor+HexColor.m */,
				1DB93AB61EEFE08800A6BAD7 /* UIView+Extension.h */,
				1DB93AB71EEFE09300A6BAD7 /* UIView+Extension.m */,
				1DB93AB91EEFE09D00A6BAD7 /* HUDView.h */,
				1DB93ABA1EEFE09D00A6BAD7 /* HUDView.m */,
				1DB93ABC1EEFE0D700A6BAD7 /* UIImage+Extension.h */,
				1DB93ABD1EEFE0D700A6BAD7 /* UIImage+Extension.m */,
				1DB93AC21EEFE11900A6BAD7 /* NSString+Extension.h */,
				1DB93AC31EEFE11900A6BAD7 /* NSString+Extension.m */,
				1DB93AC81EEFE14700A6BAD7 /* TimeStampToString.h */,
				1DB93AC91EEFE14700A6BAD7 /* TimeStampToString.m */,
			);
			path = Tools;
			sourceTree = "<group>";
		};
		1DA673001EF11AAF007C2348 /* IconFontImageView */ = {
			isa = PBXGroup;
			children = (
				1DA673011EF11AAF007C2348 /* IconFontImageView.h */,
				1DA673021EF11AAF007C2348 /* IconFontImageView.m */,
			);
			path = IconFontImageView;
			sourceTree = "<group>";
		};
		1DF3C17F1F163AB900EC8155 /* font_zf8js534raf6flxr */ = {
			isa = PBXGroup;
			children = (
				1DF3C1801F163AB900EC8155 /* demo.css */,
				1DF3C1811F163AB900EC8155 /* demo_fontclass.html */,
				1DF3C1821F163AB900EC8155 /* demo_symbol.html */,
				1DF3C1831F163AB900EC8155 /* demo_unicode.html */,
				1DF3C1841F163AB900EC8155 /* iconfont.css */,
				1DF3C1851F163AB900EC8155 /* iconfont.eot */,
				1DF3C1861F163AB900EC8155 /* iconfont.js */,
				1DF3C1871F163AB900EC8155 /* iconfont.svg */,
				1DF3C1881F163AB900EC8155 /* iconfont.ttf */,
				1DF3C1891F163AB900EC8155 /* iconfont.woff */,
			);
			path = font_zf8js534raf6flxr;
			sourceTree = "<group>";
		};
		6DC707D5A025ECE1EA8FD010 /* Pods */ = {
			isa = PBXGroup;
			children = (
				26C6B9F64F74D38DB6598374 /* Pods-PodProduct.debug.xcconfig */,
				53661698CC4DFE175F61A405 /* Pods-PodProduct.release.xcconfig */,
			);
			name = Pods;
			sourceTree = "<group>";
		};
		F41C781773D326753B251DE4 /* Frameworks */ = {
			isa = PBXGroup;
			children = (
				82890BD67DF50D42652E4BCD /* libPods-PodProduct.a */,
				1D353C381F3AFA220021FE15 /* NotificationCenter.framework */,
			);
			name = Frameworks;
			sourceTree = "<group>";
		};
/* End PBXGroup section */

/* Begin PBXNativeTarget section */
		1D353C361F3AFA220021FE15 /* ProductToday */ = {
			isa = PBXNativeTarget;
			buildConfigurationList = 1D353C471F3AFA220021FE15 /* Build configuration list for PBXNativeTarget "ProductToday" */;
			buildPhases = (
				1D353C331F3AFA220021FE15 /* Sources */,
				1D353C341F3AFA220021FE15 /* Frameworks */,
				1D353C351F3AFA220021FE15 /* Resources */,
			);
			buildRules = (
			);
			dependencies = (
			);
			name = ProductToday;
			productName = ProductToday;
			productReference = 1D353C371F3AFA220021FE15 /* ProductToday.appex */;
			productType = "com.apple.product-type.app-extension";
		};
		1D353C4C1F3AFA3C0021FE15 /* ProductShare */ = {
			isa = PBXNativeTarget;
			buildConfigurationList = 1D353C591F3AFA3C0021FE15 /* Build configuration list for PBXNativeTarget "ProductShare" */;
			buildPhases = (
				1D353C491F3AFA3C0021FE15 /* Sources */,
				1D353C4A1F3AFA3C0021FE15 /* Frameworks */,
				1D353C4B1F3AFA3C0021FE15 /* Resources */,
			);
			buildRules = (
			);
			dependencies = (
			);
			name = ProductShare;
			productName = ProductShare;
			productReference = 1D353C4D1F3AFA3C0021FE15 /* ProductShare.appex */;
			productType = "com.apple.product-type.app-extension";
		};
		1D353C5F1F3AFC870021FE15 /* ProductAudio */ = {
			isa = PBXNativeTarget;
			buildConfigurationList = 1D353C6F1F3AFC870021FE15 /* Build configuration list for PBXNativeTarget "ProductAudio" */;
			buildPhases = (
				1D353C5C1F3AFC870021FE15 /* Sources */,
				1D353C5D1F3AFC870021FE15 /* Frameworks */,
				1D353C5E1F3AFC870021FE15 /* Resources */,
			);
			buildRules = (
			);
			dependencies = (
			);
			name = ProductAudio;
			productName = ProductAudio;
			productReference = 1D353C601F3AFC870021FE15 /* ProductAudio.appex */;
			productType = "com.apple.product-type.app-extension";
		};
		1D7E9B161EEE8D34008F18BF /* PodProduct */ = {
			isa = PBXNativeTarget;
			buildConfigurationList = 1D7E9B441EEE8D34008F18BF /* Build configuration list for PBXNativeTarget "PodProduct" */;
			buildPhases = (
				721A5EDB1E994AFA3B15B285 /* [CP] Check Pods Manifest.lock */,
				1D7E9B131EEE8D34008F18BF /* Sources */,
				1D7E9B141EEE8D34008F18BF /* Frameworks */,
				1D7E9B151EEE8D34008F18BF /* Resources */,
				1953A5B51ADAA3B90B2430B1 /* [CP] Embed Pods Frameworks */,
				224B8D997878111E9F5B835E /* [CP] Copy Pods Resources */,
				1D353C481F3AFA220021FE15 /* Embed App Extensions */,
			);
			buildRules = (
			);
			dependencies = (
				1D353C431F3AFA220021FE15 /* PBXTargetDependency */,
				1D353C571F3AFA3C0021FE15 /* PBXTargetDependency */,
				1D353C6D1F3AFC870021FE15 /* PBXTargetDependency */,
			);
			name = PodProduct;
			productName = PodProduct;
			productReference = 1D7E9B171EEE8D34008F18BF /* PodProduct.app */;
			productType = "com.apple.product-type.application";
		};
		1D7E9B2F1EEE8D34008F18BF /* PodProductTests */ = {
			isa = PBXNativeTarget;
			buildConfigurationList = 1D7E9B471EEE8D34008F18BF /* Build configuration list for PBXNativeTarget "PodProductTests" */;
			buildPhases = (
				1D7E9B2C1EEE8D34008F18BF /* Sources */,
				1D7E9B2D1EEE8D34008F18BF /* Frameworks */,
				1D7E9B2E1EEE8D34008F18BF /* Resources */,
			);
			buildRules = (
			);
			dependencies = (
				1D7E9B321EEE8D34008F18BF /* PBXTargetDependency */,
			);
			name = PodProductTests;
			productName = PodProductTests;
			productReference = 1D7E9B301EEE8D34008F18BF /* PodProductTests.xctest */;
			productType = "com.apple.product-type.bundle.unit-test";
		};
		1D7E9B3A1EEE8D34008F18BF /* PodProductUITests */ = {
			isa = PBXNativeTarget;
			buildConfigurationList = 1D7E9B4A1EEE8D34008F18BF /* Build configuration list for PBXNativeTarget "PodProductUITests" */;
			buildPhases = (
				1D7E9B371EEE8D34008F18BF /* Sources */,
				1D7E9B381EEE8D34008F18BF /* Frameworks */,
				1D7E9B391EEE8D34008F18BF /* Resources */,
			);
			buildRules = (
			);
			dependencies = (
				1D7E9B3D1EEE8D34008F18BF /* PBXTargetDependency */,
			);
			name = PodProductUITests;
			productName = PodProductUITests;
			productReference = 1D7E9B3B1EEE8D34008F18BF /* PodProductUITests.xctest */;
			productType = "com.apple.product-type.bundle.ui-testing";
		};
/* End PBXNativeTarget section */

/* Begin PBXProject section */
		1D7E9B0F1EEE8D34008F18BF /* Project object */ = {
			isa = PBXProject;
			attributes = {
				LastUpgradeCheck = 0830;
				ORGANIZATIONNAME = wzk;
				TargetAttributes = {
					1D353C361F3AFA220021FE15 = {
						CreatedOnToolsVersion = 8.3.3;
						DevelopmentTeam = HVZHKR96MQ;
						ProvisioningStyle = Automatic;
					};
					1D353C4C1F3AFA3C0021FE15 = {
						CreatedOnToolsVersion = 8.3.3;
						DevelopmentTeam = HVZHKR96MQ;
						ProvisioningStyle = Automatic;
					};
					1D353C5F1F3AFC870021FE15 = {
						CreatedOnToolsVersion = 8.3.3;
						DevelopmentTeam = HVZHKR96MQ;
						ProvisioningStyle = Automatic;
					};
					1D7E9B161EEE8D34008F18BF = {
						CreatedOnToolsVersion = 8.3.3;
						DevelopmentTeam = HVZHKR96MQ;
						ProvisioningStyle = Automatic;
					};
					1D7E9B2F1EEE8D34008F18BF = {
						CreatedOnToolsVersion = 8.3.3;
						ProvisioningStyle = Automatic;
						TestTargetID = 1D7E9B161EEE8D34008F18BF;
					};
					1D7E9B3A1EEE8D34008F18BF = {
						CreatedOnToolsVersion = 8.3.3;
						ProvisioningStyle = Automatic;
						TestTargetID = 1D7E9B161EEE8D34008F18BF;
					};
				};
			};
			buildConfigurationList = 1D7E9B121EEE8D34008F18BF /* Build configuration list for PBXProject "PodProduct" */;
			compatibilityVersion = "Xcode 3.2";
			developmentRegion = English;
			hasScannedForEncodings = 0;
			knownRegions = (
				en,
				Base,
			);
			mainGroup = 1D7E9B0E1EEE8D34008F18BF;
			productRefGroup = 1D7E9B181EEE8D34008F18BF /* Products */;
			projectDirPath = "";
			projectRoot = "";
			targets = (
				1D7E9B161EEE8D34008F18BF /* PodProduct */,
				1D7E9B2F1EEE8D34008F18BF /* PodProductTests */,
				1D7E9B3A1EEE8D34008F18BF /* PodProductUITests */,
				1D353C361F3AFA220021FE15 /* ProductToday */,
				1D353C4C1F3AFA3C0021FE15 /* ProductShare */,
				1D353C5F1F3AFC870021FE15 /* ProductAudio */,
			);
		};
/* End PBXProject section */

/* Begin PBXResourcesBuildPhase section */
		1D353C351F3AFA220021FE15 /* Resources */ = {
			isa = PBXResourcesBuildPhase;
			buildActionMask = 2147483647;
			files = (
				1D353C401F3AFA220021FE15 /* MainInterface.storyboard in Resources */,
			);
			runOnlyForDeploymentPostprocessing = 0;
		};
		1D353C4B1F3AFA3C0021FE15 /* Resources */ = {
			isa = PBXResourcesBuildPhase;
			buildActionMask = 2147483647;
			files = (
				1D353C541F3AFA3C0021FE15 /* MainInterface.storyboard in Resources */,
			);
			runOnlyForDeploymentPostprocessing = 0;
		};
		1D353C5E1F3AFC870021FE15 /* Resources */ = {
			isa = PBXResourcesBuildPhase;
			buildActionMask = 2147483647;
			files = (
				1D353C6A1F3AFC870021FE15 /* MainInterface.storyboard in Resources */,
			);
			runOnlyForDeploymentPostprocessing = 0;
		};
		1D7E9B151EEE8D34008F18BF /* Resources */ = {
			isa = PBXResourcesBuildPhase;
			buildActionMask = 2147483647;
			files = (
				1DF3C18A1F163AB900EC8155 /* demo.css in Resources */,
				1D7E9B2A1EEE8D34008F18BF /* LaunchScreen.storyboard in Resources */,
				1D7E9B271EEE8D34008F18BF /* Assets.xcassets in Resources */,
				1DF3C1931F163AB900EC8155 /* iconfont.woff in Resources */,
				1DF3C18E1F163AB900EC8155 /* iconfont.css in Resources */,
				1DF3C18F1F163AB900EC8155 /* iconfont.eot in Resources */,
				1DF3C1911F163AB900EC8155 /* iconfont.svg in Resources */,
				1D748E741F62484500F6E41E /* ScanQRCodeViewController.xib in Resources */,
				1DF3C18D1F163AB900EC8155 /* demo_unicode.html in Resources */,
				1DF3C18C1F163AB900EC8155 /* demo_symbol.html in Resources */,
				1DF3C1921F163AB900EC8155 /* iconfont.ttf in Resources */,
				1DF3C18B1F163AB900EC8155 /* demo_fontclass.html in Resources */,
				1DF3C1901F163AB900EC8155 /* iconfont.js in Resources */,
				1D7E9B251EEE8D34008F18BF /* Main.storyboard in Resources */,
			);
			runOnlyForDeploymentPostprocessing = 0;
		};
		1D7E9B2E1EEE8D34008F18BF /* Resources */ = {
			isa = PBXResourcesBuildPhase;
			buildActionMask = 2147483647;
			files = (
			);
			runOnlyForDeploymentPostprocessing = 0;
		};
		1D7E9B391EEE8D34008F18BF /* Resources */ = {
			isa = PBXResourcesBuildPhase;
			buildActionMask = 2147483647;
			files = (
			);
			runOnlyForDeploymentPostprocessing = 0;
		};
/* End PBXResourcesBuildPhase section */

/* Begin PBXShellScriptBuildPhase section */
		1953A5B51ADAA3B90B2430B1 /* [CP] Embed Pods Frameworks */ = {
			isa = PBXShellScriptBuildPhase;
			buildActionMask = 2147483647;
			files = (
			);
			inputPaths = (
			);
			name = "[CP] Embed Pods Frameworks";
			outputPaths = (
			);
			runOnlyForDeploymentPostprocessing = 0;
			shellPath = /bin/sh;
			shellScript = "\"${SRCROOT}/Pods/Target Support Files/Pods-PodProduct/Pods-PodProduct-frameworks.sh\"\n";
			showEnvVarsInLog = 0;
		};
		224B8D997878111E9F5B835E /* [CP] Copy Pods Resources */ = {
			isa = PBXShellScriptBuildPhase;
			buildActionMask = 2147483647;
			files = (
			);
			inputPaths = (
			);
			name = "[CP] Copy Pods Resources";
			outputPaths = (
			);
			runOnlyForDeploymentPostprocessing = 0;
			shellPath = /bin/sh;
			shellScript = "\"${SRCROOT}/Pods/Target Support Files/Pods-PodProduct/Pods-PodProduct-resources.sh\"\n";
			showEnvVarsInLog = 0;
		};
		721A5EDB1E994AFA3B15B285 /* [CP] Check Pods Manifest.lock */ = {
			isa = PBXShellScriptBuildPhase;
			buildActionMask = 2147483647;
			files = (
			);
			inputPaths = (
			);
			name = "[CP] Check Pods Manifest.lock";
			outputPaths = (
			);
			runOnlyForDeploymentPostprocessing = 0;
			shellPath = /bin/sh;
			shellScript = "diff \"${PODS_PODFILE_DIR_PATH}/Podfile.lock\" \"${PODS_ROOT}/Manifest.lock\" > /dev/null\nif [ $? != 0 ] ; then\n    # print error to STDERR\n    echo \"error: The sandbox is not in sync with the Podfile.lock. Run 'pod install' or update your CocoaPods installation.\" >&2\n    exit 1\nfi\n";
			showEnvVarsInLog = 0;
		};
/* End PBXShellScriptBuildPhase section */

/* Begin PBXSourcesBuildPhase section */
		1D353C331F3AFA220021FE15 /* Sources */ = {
			isa = PBXSourcesBuildPhase;
			buildActionMask = 2147483647;
			files = (
				1D353C3D1F3AFA220021FE15 /* TodayViewController.m in Sources */,
			);
			runOnlyForDeploymentPostprocessing = 0;
		};
		1D353C491F3AFA3C0021FE15 /* Sources */ = {
			isa = PBXSourcesBuildPhase;
			buildActionMask = 2147483647;
			files = (
				1D353C511F3AFA3C0021FE15 /* ShareViewController.m in Sources */,
			);
			runOnlyForDeploymentPostprocessing = 0;
		};
		1D353C5C1F3AFC870021FE15 /* Sources */ = {
			isa = PBXSourcesBuildPhase;
			buildActionMask = 2147483647;
			files = (
				1D353C641F3AFC870021FE15 /* ProductAudioAudioUnit.m in Sources */,
				1D353C671F3AFC870021FE15 /* AudioUnitViewController.m in Sources */,
			);
			runOnlyForDeploymentPostprocessing = 0;
		};
		1D7E9B131EEE8D34008F18BF /* Sources */ = {
			isa = PBXSourcesBuildPhase;
			buildActionMask = 2147483647;
			files = (
				1DA672FF1EF0F5F3007C2348 /* BaseTextView.m in Sources */,
				1D748E851F62788600F6E41E /* SubtypeView.m in Sources */,
				1DB93AC11EEFE10B00A6BAD7 /* UIColor+HexColor.m in Sources */,
				1DB93ABB1EEFE09D00A6BAD7 /* HUDView.m in Sources */,
				1DA672FC1EF0F5E0007C2348 /* BaseTextField.m in Sources */,
				1DB93ABE1EEFE0D700A6BAD7 /* UIImage+Extension.m in Sources */,
				1D1AA62E1F59250400A591E8 /* BaseTableViewCell.m in Sources */,
				1D748E731F62484500F6E41E /* ScanQRCodeViewController.m in Sources */,
				1D748E821F62788600F6E41E /* ExcelCell.m in Sources */,
				1D748E841F62788600F6E41E /* ExcelView.m in Sources */,
				1D1AA62B1F5924F300A591E8 /* BaseTableView.m in Sources */,
				1DB93AB81EEFE09300A6BAD7 /* UIView+Extension.m in Sources */,
				1DA673031EF11AAF007C2348 /* IconFontImageView.m in Sources */,
				1D7E9B221EEE8D34008F18BF /* ViewController.m in Sources */,
				1DB93AD71EEFE61D00A6BAD7 /* BaseViewController.m in Sources */,
				1DB93ACE1EEFE5E400A6BAD7 /* BaseButton.m in Sources */,
				1DB93AD41EEFE60800A6BAD7 /* BaseImageView.m in Sources */,
				1D7E9B1F1EEE8D34008F18BF /* AppDelegate.m in Sources */,
				1DB93ACA1EEFE14700A6BAD7 /* TimeStampToString.m in Sources */,
				1DB93AC71EEFE12F00A6BAD7 /* NetworkManage.m in Sources */,
				1DB93AD11EEFE5F600A6BAD7 /* BaseLabel.m in Sources */,
				1DB93ADD1EEFE74400A6BAD7 /* BaseTabBarController.m in Sources */,
				1DB93ADA1EEFE64600A6BAD7 /* BaseNavigateController.m in Sources */,
				1D748E771F62787800F6E41E /* ExcelViewController.m in Sources */,
				1D7E9B1C1EEE8D34008F18BF /* main.m in Sources */,
				1D748E831F62788600F6E41E /* ExcelLeftView.m in Sources */,
				1DB93AC41EEFE11900A6BAD7 /* NSString+Extension.m in Sources */,
			);
			runOnlyForDeploymentPostprocessing = 0;
		};
		1D7E9B2C1EEE8D34008F18BF /* Sources */ = {
			isa = PBXSourcesBuildPhase;
			buildActionMask = 2147483647;
			files = (
				1D7E9B351EEE8D34008F18BF /* PodProductTests.m in Sources */,
			);
			runOnlyForDeploymentPostprocessing = 0;
		};
		1D7E9B371EEE8D34008F18BF /* Sources */ = {
			isa = PBXSourcesBuildPhase;
			buildActionMask = 2147483647;
			files = (
				1D7E9B401EEE8D34008F18BF /* PodProductUITests.m in Sources */,
			);
			runOnlyForDeploymentPostprocessing = 0;
		};
/* End PBXSourcesBuildPhase section */

/* Begin PBXTargetDependency section */
		1D353C431F3AFA220021FE15 /* PBXTargetDependency */ = {
			isa = PBXTargetDependency;
			target = 1D353C361F3AFA220021FE15 /* ProductToday */;
			targetProxy = 1D353C421F3AFA220021FE15 /* PBXContainerItemProxy */;
		};
		1D353C571F3AFA3C0021FE15 /* PBXTargetDependency */ = {
			isa = PBXTargetDependency;
			target = 1D353C4C1F3AFA3C0021FE15 /* ProductShare */;
			targetProxy = 1D353C561F3AFA3C0021FE15 /* PBXContainerItemProxy */;
		};
		1D353C6D1F3AFC870021FE15 /* PBXTargetDependency */ = {
			isa = PBXTargetDependency;
			target = 1D353C5F1F3AFC870021FE15 /* ProductAudio */;
			targetProxy = 1D353C6C1F3AFC870021FE15 /* PBXContainerItemProxy */;
		};
		1D7E9B321EEE8D34008F18BF /* PBXTargetDependency */ = {
			isa = PBXTargetDependency;
			target = 1D7E9B161EEE8D34008F18BF /* PodProduct */;
			targetProxy = 1D7E9B311EEE8D34008F18BF /* PBXContainerItemProxy */;
		};
		1D7E9B3D1EEE8D34008F18BF /* PBXTargetDependency */ = {
			isa = PBXTargetDependency;
			target = 1D7E9B161EEE8D34008F18BF /* PodProduct */;
			targetProxy = 1D7E9B3C1EEE8D34008F18BF /* PBXContainerItemProxy */;
		};
/* End PBXTargetDependency section */

/* Begin PBXVariantGroup section */
		1D353C3E1F3AFA220021FE15 /* MainInterface.storyboard */ = {
			isa = PBXVariantGroup;
			children = (
				1D353C3F1F3AFA220021FE15 /* Base */,
			);
			name = MainInterface.storyboard;
			sourceTree = "<group>";
		};
		1D353C521F3AFA3C0021FE15 /* MainInterface.storyboard */ = {
			isa = PBXVariantGroup;
			children = (
				1D353C531F3AFA3C0021FE15 /* Base */,
			);
			name = MainInterface.storyboard;
			sourceTree = "<group>";
		};
		1D353C681F3AFC870021FE15 /* MainInterface.storyboard */ = {
			isa = PBXVariantGroup;
			children = (
				1D353C691F3AFC870021FE15 /* Base */,
			);
			name = MainInterface.storyboard;
			sourceTree = "<group>";
		};
		1D7E9B231EEE8D34008F18BF /* Main.storyboard */ = {
			isa = PBXVariantGroup;
			children = (
				1D7E9B241EEE8D34008F18BF /* Base */,
			);
			name = Main.storyboard;
			sourceTree = "<group>";
		};
		1D7E9B281EEE8D34008F18BF /* LaunchScreen.storyboard */ = {
			isa = PBXVariantGroup;
			children = (
				1D7E9B291EEE8D34008F18BF /* Base */,
			);
			name = LaunchScreen.storyboard;
			sourceTree = "<group>";
		};
/* End PBXVariantGroup section */

/* Begin XCBuildConfiguration section */
		1D353C451F3AFA220021FE15 /* Debug */ = {
			isa = XCBuildConfiguration;
			buildSettings = {
				DEVELOPMENT_TEAM = HVZHKR96MQ;
				INFOPLIST_FILE = ProductToday/Info.plist;
				LD_RUNPATH_SEARCH_PATHS = "$(inherited) @executable_path/Frameworks @executable_path/../../Frameworks";
				PRODUCT_BUNDLE_IDENTIFIER = PodProduct.PodProduct.ProductToday;
				PRODUCT_NAME = "$(TARGET_NAME)";
				SKIP_INSTALL = YES;
			};
			name = Debug;
		};
		1D353C461F3AFA220021FE15 /* Release */ = {
			isa = XCBuildConfiguration;
			buildSettings = {
				DEVELOPMENT_TEAM = HVZHKR96MQ;
				INFOPLIST_FILE = ProductToday/Info.plist;
				LD_RUNPATH_SEARCH_PATHS = "$(inherited) @executable_path/Frameworks @executable_path/../../Frameworks";
				PRODUCT_BUNDLE_IDENTIFIER = PodProduct.PodProduct.ProductToday;
				PRODUCT_NAME = "$(TARGET_NAME)";
				SKIP_INSTALL = YES;
			};
			name = Release;
		};
		1D353C5A1F3AFA3C0021FE15 /* Debug */ = {
			isa = XCBuildConfiguration;
			buildSettings = {
				DEVELOPMENT_TEAM = HVZHKR96MQ;
				INFOPLIST_FILE = ProductShare/Info.plist;
				LD_RUNPATH_SEARCH_PATHS = "$(inherited) @executable_path/Frameworks @executable_path/../../Frameworks";
				PRODUCT_BUNDLE_IDENTIFIER = PodProduct.PodProduct.ProductShare;
				PRODUCT_NAME = "$(TARGET_NAME)";
				SKIP_INSTALL = YES;
			};
			name = Debug;
		};
		1D353C5B1F3AFA3C0021FE15 /* Release */ = {
			isa = XCBuildConfiguration;
			buildSettings = {
				DEVELOPMENT_TEAM = HVZHKR96MQ;
				INFOPLIST_FILE = ProductShare/Info.plist;
				LD_RUNPATH_SEARCH_PATHS = "$(inherited) @executable_path/Frameworks @executable_path/../../Frameworks";
				PRODUCT_BUNDLE_IDENTIFIER = PodProduct.PodProduct.ProductShare;
				PRODUCT_NAME = "$(TARGET_NAME)";
				SKIP_INSTALL = YES;
			};
			name = Release;
		};
		1D353C701F3AFC870021FE15 /* Debug */ = {
			isa = XCBuildConfiguration;
			buildSettings = {
				DEVELOPMENT_TEAM = HVZHKR96MQ;
				INFOPLIST_FILE = ProductAudio/Info.plist;
				LD_RUNPATH_SEARCH_PATHS = "$(inherited) @executable_path/Frameworks @executable_path/../../Frameworks";
				PRODUCT_BUNDLE_IDENTIFIER = PodProduct.PodProduct.ProductAudio;
				PRODUCT_NAME = "$(TARGET_NAME)";
				SKIP_INSTALL = YES;
			};
			name = Debug;
		};
		1D353C711F3AFC870021FE15 /* Release */ = {
			isa = XCBuildConfiguration;
			buildSettings = {
				DEVELOPMENT_TEAM = HVZHKR96MQ;
				INFOPLIST_FILE = ProductAudio/Info.plist;
				LD_RUNPATH_SEARCH_PATHS = "$(inherited) @executable_path/Frameworks @executable_path/../../Frameworks";
				PRODUCT_BUNDLE_IDENTIFIER = PodProduct.PodProduct.ProductAudio;
				PRODUCT_NAME = "$(TARGET_NAME)";
				SKIP_INSTALL = YES;
			};
			name = Release;
		};
		1D7E9B421EEE8D34008F18BF /* Debug */ = {
			isa = XCBuildConfiguration;
			buildSettings = {
				ALWAYS_SEARCH_USER_PATHS = NO;
				CLANG_ANALYZER_NONNULL = YES;
				CLANG_ANALYZER_NUMBER_OBJECT_CONVERSION = YES_AGGRESSIVE;
				CLANG_CXX_LANGUAGE_STANDARD = "gnu++0x";
				CLANG_CXX_LIBRARY = "libc++";
				CLANG_ENABLE_MODULES = YES;
				CLANG_ENABLE_OBJC_ARC = YES;
				CLANG_WARN_BOOL_CONVERSION = YES;
				CLANG_WARN_CONSTANT_CONVERSION = YES;
				CLANG_WARN_DIRECT_OBJC_ISA_USAGE = YES_ERROR;
				CLANG_WARN_DOCUMENTATION_COMMENTS = YES;
				CLANG_WARN_EMPTY_BODY = YES;
				CLANG_WARN_ENUM_CONVERSION = YES;
				CLANG_WARN_INFINITE_RECURSION = YES;
				CLANG_WARN_INT_CONVERSION = YES;
				CLANG_WARN_OBJC_ROOT_CLASS = YES_ERROR;
				CLANG_WARN_SUSPICIOUS_MOVE = YES;
				CLANG_WARN_UNREACHABLE_CODE = YES;
				CLANG_WARN__DUPLICATE_METHOD_MATCH = YES;
				"CODE_SIGN_IDENTITY[sdk=iphoneos*]" = "iPhone Developer";
				COPY_PHASE_STRIP = NO;
				DEBUG_INFORMATION_FORMAT = dwarf;
				ENABLE_STRICT_OBJC_MSGSEND = YES;
				ENABLE_TESTABILITY = YES;
				GCC_C_LANGUAGE_STANDARD = gnu99;
				GCC_DYNAMIC_NO_PIC = NO;
				GCC_NO_COMMON_BLOCKS = YES;
				GCC_OPTIMIZATION_LEVEL = 0;
				GCC_PREPROCESSOR_DEFINITIONS = (
					"DEBUG=1",
					"$(inherited)",
				);
				GCC_WARN_64_TO_32_BIT_CONVERSION = YES;
				GCC_WARN_ABOUT_RETURN_TYPE = YES_ERROR;
				GCC_WARN_UNDECLARED_SELECTOR = YES;
				GCC_WARN_UNINITIALIZED_AUTOS = YES_AGGRESSIVE;
				GCC_WARN_UNUSED_FUNCTION = YES;
				GCC_WARN_UNUSED_VARIABLE = YES;
				IPHONEOS_DEPLOYMENT_TARGET = 10.3;
				MTL_ENABLE_DEBUG_INFO = YES;
				ONLY_ACTIVE_ARCH = YES;
				SDKROOT = iphoneos;
				TARGETED_DEVICE_FAMILY = "1,2";
			};
			name = Debug;
		};
		1D7E9B431EEE8D34008F18BF /* Release */ = {
			isa = XCBuildConfiguration;
			buildSettings = {
				ALWAYS_SEARCH_USER_PATHS = NO;
				CLANG_ANALYZER_NONNULL = YES;
				CLANG_ANALYZER_NUMBER_OBJECT_CONVERSION = YES_AGGRESSIVE;
				CLANG_CXX_LANGUAGE_STANDARD = "gnu++0x";
				CLANG_CXX_LIBRARY = "libc++";
				CLANG_ENABLE_MODULES = YES;
				CLANG_ENABLE_OBJC_ARC = YES;
				CLANG_WARN_BOOL_CONVERSION = YES;
				CLANG_WARN_CONSTANT_CONVERSION = YES;
				CLANG_WARN_DIRECT_OBJC_ISA_USAGE = YES_ERROR;
				CLANG_WARN_DOCUMENTATION_COMMENTS = YES;
				CLANG_WARN_EMPTY_BODY = YES;
				CLANG_WARN_ENUM_CONVERSION = YES;
				CLANG_WARN_INFINITE_RECURSION = YES;
				CLANG_WARN_INT_CONVERSION = YES;
				CLANG_WARN_OBJC_ROOT_CLASS = YES_ERROR;
				CLANG_WARN_SUSPICIOUS_MOVE = YES;
				CLANG_WARN_UNREACHABLE_CODE = YES;
				CLANG_WARN__DUPLICATE_METHOD_MATCH = YES;
				"CODE_SIGN_IDENTITY[sdk=iphoneos*]" = "iPhone Developer";
				COPY_PHASE_STRIP = NO;
				DEBUG_INFORMATION_FORMAT = "dwarf-with-dsym";
				ENABLE_NS_ASSERTIONS = NO;
				ENABLE_STRICT_OBJC_MSGSEND = YES;
				GCC_C_LANGUAGE_STANDARD = gnu99;
				GCC_NO_COMMON_BLOCKS = YES;
				GCC_WARN_64_TO_32_BIT_CONVERSION = YES;
				GCC_WARN_ABOUT_RETURN_TYPE = YES_ERROR;
				GCC_WARN_UNDECLARED_SELECTOR = YES;
				GCC_WARN_UNINITIALIZED_AUTOS = YES_AGGRESSIVE;
				GCC_WARN_UNUSED_FUNCTION = YES;
				GCC_WARN_UNUSED_VARIABLE = YES;
				IPHONEOS_DEPLOYMENT_TARGET = 10.3;
				MTL_ENABLE_DEBUG_INFO = NO;
				SDKROOT = iphoneos;
				TARGETED_DEVICE_FAMILY = "1,2";
				VALIDATE_PRODUCT = YES;
			};
			name = Release;
		};
		1D7E9B451EEE8D34008F18BF /* Debug */ = {
			isa = XCBuildConfiguration;
			baseConfigurationReference = 26C6B9F64F74D38DB6598374 /* Pods-PodProduct.debug.xcconfig */;
			buildSettings = {
				ASSETCATALOG_COMPILER_APPICON_NAME = AppIcon;
				DEVELOPMENT_TEAM = HVZHKR96MQ;
				INFOPLIST_FILE = PodProduct/Info.plist;
				LD_RUNPATH_SEARCH_PATHS = "$(inherited) @executable_path/Frameworks";
				PRODUCT_BUNDLE_IDENTIFIER = PodProduct.PodProduct;
				PRODUCT_NAME = "$(TARGET_NAME)";
			};
			name = Debug;
		};
		1D7E9B461EEE8D34008F18BF /* Release */ = {
			isa = XCBuildConfiguration;
			baseConfigurationReference = 53661698CC4DFE175F61A405 /* Pods-PodProduct.release.xcconfig */;
			buildSettings = {
				ASSETCATALOG_COMPILER_APPICON_NAME = AppIcon;
				DEVELOPMENT_TEAM = HVZHKR96MQ;
				INFOPLIST_FILE = PodProduct/Info.plist;
				LD_RUNPATH_SEARCH_PATHS = "$(inherited) @executable_path/Frameworks";
				PRODUCT_BUNDLE_IDENTIFIER = PodProduct.PodProduct;
				PRODUCT_NAME = "$(TARGET_NAME)";
			};
			name = Release;
		};
		1D7E9B481EEE8D34008F18BF /* Debug */ = {
			isa = XCBuildConfiguration;
			buildSettings = {
				BUNDLE_LOADER = "$(TEST_HOST)";
				INFOPLIST_FILE = PodProductTests/Info.plist;
				LD_RUNPATH_SEARCH_PATHS = "$(inherited) @executable_path/Frameworks @loader_path/Frameworks";
				PRODUCT_BUNDLE_IDENTIFIER = PodProduct.PodProductTests;
				PRODUCT_NAME = "$(TARGET_NAME)";
				TEST_HOST = "$(BUILT_PRODUCTS_DIR)/PodProduct.app/PodProduct";
			};
			name = Debug;
		};
		1D7E9B491EEE8D34008F18BF /* Release */ = {
			isa = XCBuildConfiguration;
			buildSettings = {
				BUNDLE_LOADER = "$(TEST_HOST)";
				INFOPLIST_FILE = PodProductTests/Info.plist;
				LD_RUNPATH_SEARCH_PATHS = "$(inherited) @executable_path/Frameworks @loader_path/Frameworks";
				PRODUCT_BUNDLE_IDENTIFIER = PodProduct.PodProductTests;
				PRODUCT_NAME = "$(TARGET_NAME)";
				TEST_HOST = "$(BUILT_PRODUCTS_DIR)/PodProduct.app/PodProduct";
			};
			name = Release;
		};
		1D7E9B4B1EEE8D34008F18BF /* Debug */ = {
			isa = XCBuildConfiguration;
			buildSettings = {
				INFOPLIST_FILE = PodProductUITests/Info.plist;
				LD_RUNPATH_SEARCH_PATHS = "$(inherited) @executable_path/Frameworks @loader_path/Frameworks";
				PRODUCT_BUNDLE_IDENTIFIER = PodProduct.PodProductUITests;
				PRODUCT_NAME = "$(TARGET_NAME)";
				TEST_TARGET_NAME = PodProduct;
			};
			name = Debug;
		};
		1D7E9B4C1EEE8D34008F18BF /* Release */ = {
			isa = XCBuildConfiguration;
			buildSettings = {
				INFOPLIST_FILE = PodProductUITests/Info.plist;
				LD_RUNPATH_SEARCH_PATHS = "$(inherited) @executable_path/Frameworks @loader_path/Frameworks";
				PRODUCT_BUNDLE_IDENTIFIER = PodProduct.PodProductUITests;
				PRODUCT_NAME = "$(TARGET_NAME)";
				TEST_TARGET_NAME = PodProduct;
			};
			name = Release;
		};
/* End XCBuildConfiguration section */

/* Begin XCConfigurationList section */
		1D353C471F3AFA220021FE15 /* Build configuration list for PBXNativeTarget "ProductToday" */ = {
			isa = XCConfigurationList;
			buildConfigurations = (
				1D353C451F3AFA220021FE15 /* Debug */,
				1D353C461F3AFA220021FE15 /* Release */,
			);
			defaultConfigurationIsVisible = 0;
			defaultConfigurationName = Release;
		};
		1D353C591F3AFA3C0021FE15 /* Build configuration list for PBXNativeTarget "ProductShare" */ = {
			isa = XCConfigurationList;
			buildConfigurations = (
				1D353C5A1F3AFA3C0021FE15 /* Debug */,
				1D353C5B1F3AFA3C0021FE15 /* Release */,
			);
			defaultConfigurationIsVisible = 0;
			defaultConfigurationName = Release;
		};
		1D353C6F1F3AFC870021FE15 /* Build configuration list for PBXNativeTarget "ProductAudio" */ = {
			isa = XCConfigurationList;
			buildConfigurations = (
				1D353C701F3AFC870021FE15 /* Debug */,
				1D353C711F3AFC870021FE15 /* Release */,
			);
			defaultConfigurationIsVisible = 0;
			defaultConfigurationName = Release;
		};
		1D7E9B121EEE8D34008F18BF /* Build configuration list for PBXProject "PodProduct" */ = {
			isa = XCConfigurationList;
			buildConfigurations = (
				1D7E9B421EEE8D34008F18BF /* Debug */,
				1D7E9B431EEE8D34008F18BF /* Release */,
			);
			defaultConfigurationIsVisible = 0;
			defaultConfigurationName = Release;
		};
		1D7E9B441EEE8D34008F18BF /* Build configuration list for PBXNativeTarget "PodProduct" */ = {
			isa = XCConfigurationList;
			buildConfigurations = (
				1D7E9B451EEE8D34008F18BF /* Debug */,
				1D7E9B461EEE8D34008F18BF /* Release */,
			);
			defaultConfigurationIsVisible = 0;
			defaultConfigurationName = Release;
		};
		1D7E9B471EEE8D34008F18BF /* Build configuration list for PBXNativeTarget "PodProductTests" */ = {
			isa = XCConfigurationList;
			buildConfigurations = (
				1D7E9B481EEE8D34008F18BF /* Debug */,
				1D7E9B491EEE8D34008F18BF /* Release */,
			);
			defaultConfigurationIsVisible = 0;
			defaultConfigurationName = Release;
		};
		1D7E9B4A1EEE8D34008F18BF /* Build configuration list for PBXNativeTarget "PodProductUITests" */ = {
			isa = XCConfigurationList;
			buildConfigurations = (
				1D7E9B4B1EEE8D34008F18BF /* Debug */,
				1D7E9B4C1EEE8D34008F18BF /* Release */,
			);
			defaultConfigurationIsVisible = 0;
			defaultConfigurationName = Release;
		};
/* End XCConfigurationList section */
	};
	rootObject = 1D7E9B0F1EEE8D34008F18BF /* Project object */;
}
